hash: 11665188dd657f4b479ce3c7698b6bb3e2636f0b25570883d67a85bc7520b8d1
updated: 2017-01-09T11:24:29.408700952-05:00
imports:
- name: cloud.google.com/go
  version: c96c4486674a140772b9788370fa29898577bc0c
  subpackages:
  - compute/metadata
  - internal
  - internal/optional
  - storage
- name: github.com/abourget/teamcity
  version: 6dde447fa54bc5b08b1a7bb1b85e39089cf27fb1
- name: github.com/agtorre/gocolorize
  version: f42b554bf7f006936130c9bb4f971afd2d87f671
- name: github.com/Azure/go-ansiterm
  version: fa152c58bc15761d0200cb75fe958b89a9d4888e
  subpackages:
  - winterm
- name: github.com/backtrace-labs/go-bcd
  version: 389d108b62915963d915a02837f0ffc00b759d50
- name: github.com/biogo/store
  version: 913427a1d5e89604e50ea1db0f28f34966d61602
  subpackages:
  - interval
  - llrb
- name: github.com/cenk/backoff
  version: b02f2bbce11d7ea6b97f282ef1771b0fe2f65ef3
- name: github.com/chzyer/readline
  version: c914be64f07d9998f52bf0d598ec26d457168c0f
- name: github.com/client9/misspell
  version: 9a1fc2456ac9e8c9b4cbe9d005b6e7adac0d357f
  subpackages:
  - cmd/misspell
- name: github.com/cockroachdb/c-jemalloc
  version: 5135b33df2bc67c42a91f6183072bba8a6c30d51
- name: github.com/cockroachdb/c-protobuf
  version: 070b64667a22925d971878b61e4f0c1df31e8599
  subpackages:
  - cmd/protoc
- name: github.com/cockroachdb/c-rocksdb
  version: 894d369c4ea259b65f75563feeb06bea322a8450
- name: github.com/cockroachdb/c-snappy
  version: c0cd3c9ce92f195001595e1fbbe66f045daad34f
- name: github.com/cockroachdb/cmux
  version: 30d10be492927e2dcae0089c374c455d42414fcb
- name: github.com/cockroachdb/cockroach-go
  version: ba57380fe1f490388284806affe325d081e62be6
  subpackages:
  - crdb
- name: github.com/cockroachdb/crlfmt
  version: f4be2332630e8f33c3262c0d5f0d13d733c8bedf
- name: github.com/cockroachdb/pq
  version: 44a6473ebbc26e3af09fe57bbdf761475c2c9f7c
- name: github.com/cockroachdb/stress
  version: ce09c414594390d1d6432280c7cac55e62c6b0af
- name: github.com/codahale/hdrhistogram
  version: 3a0bb77429bd3a61596f5e8a3172445844342120
- name: github.com/coreos/etcd
  version: f99c76cb4791430a25aaea2e7e44e460a332f261
  subpackages:
  - raft
  - raft/raftpb
- name: github.com/cpuguy83/go-md2man
  version: a65d4d2de4d5f7c74868dfa9b202a3c8be315aaa
  subpackages:
  - md2man
- name: github.com/docker/distribution
  version: 7dba427612198a11b161a27f9d40bb2dca1ccd20
  subpackages:
  - reference
- name: github.com/docker/docker
  version: 7248742ae7127347a52ab9d215451c213b7b59da
  subpackages:
  - api/types
  - api/types/blkiodev
  - api/types/container
  - api/types/events
  - api/types/filters
  - api/types/mount
  - api/types/network
  - api/types/reference
  - api/types/registry
  - api/types/strslice
  - api/types/swarm
  - api/types/time
  - api/types/versions
  - api/types/volume
  - client
  - pkg/jsonlog
  - pkg/jsonmessage
  - pkg/namesgenerator
  - pkg/random
  - pkg/stdcopy
  - pkg/term
  - pkg/term/windows
  - pkg/tlsconfig
- name: github.com/docker/go-connections
  version: eb315e36415380e7c2fdee175262560ff42359da
  subpackages:
  - nat
  - sockets
  - tlsconfig
- name: github.com/docker/go-units
  version: e30f1e79f3cd72542f2026ceec18d3bd67ab859c
- name: github.com/dustin/go-humanize
  version: 904a49491cd5fb5cba832fac98e7e87d56b690a4
- name: github.com/elastic/gosigar
  version: 171a3c9e31dde9688c154ba94be6cd5d8a78bf64
  subpackages:
  - sys/windows
- name: github.com/elazarl/go-bindata-assetfs
  version: 9a6736ed45b44bf3835afeebb3034b57ed329f3e
- name: github.com/facebookgo/clock
  version: 600d898af40aa09a7a93ecb9265d87b0504b6f03
- name: github.com/go-ole/go-ole
  version: 5e9c030faf78847db7aa77e3661b9cc449de29b7
  subpackages:
  - oleutil
- name: github.com/gogo/protobuf
  version: f9114dace7bd920b32f943b3c73fafbcbab2bf31
  subpackages:
  - gogoproto
  - jsonpb
  - plugin/compare
  - plugin/defaultcheck
  - plugin/description
  - plugin/embedcheck
  - plugin/enumstringer
  - plugin/equal
  - plugin/face
  - plugin/gostring
  - plugin/marshalto
  - plugin/oneofcheck
  - plugin/populate
  - plugin/size
  - plugin/stringer
  - plugin/testgen
  - plugin/union
  - plugin/unmarshal
  - proto
  - protoc-gen-gogo/descriptor
  - protoc-gen-gogo/generator
  - protoc-gen-gogo/grpc
  - protoc-gen-gogo/plugin
  - sortkeys
  - types
  - vanity
  - vanity/command
- name: github.com/golang/glog
  version: 23def4e6c14b4da8ac2ed8007337bc5eb5007998
- name: github.com/golang/lint
  version: 206c0f020eba0f7fbcfbc467a5eb808037df2ed6
  subpackages:
  - golint
- name: github.com/golang/protobuf
  version: 8ee79997227bf9b34611aee7946ae64735e6fd93
  subpackages:
  - jsonpb
  - proto
  - protoc-gen-go/descriptor
  - protoc-gen-go/generator
  - protoc-gen-go/plugin
  - ptypes/timestamp
- name: github.com/google/btree
  version: 316fb6d3f031ae8f4d457c6c5186b9e3ded70435
- name: github.com/google/go-github
  version: dcda0b96bd591fbeb40dcaddec3fb40a7fcaca34
  subpackages:
  - github
- name: github.com/google/go-querystring
  version: 9235644dd9e52eeae6fa48efd539fdc351a0af53
  subpackages:
  - query
- name: github.com/googleapis/gax-go
  version: da06d194a00e19ce00d9011a13931c3f6f6887c7
- name: github.com/grpc-ecosystem/grpc-gateway
  version: 6193f51e51b0bfea774a33f535bc10e983832710
  subpackages:
  - protoc-gen-grpc-gateway
  - protoc-gen-grpc-gateway/descriptor
  - protoc-gen-grpc-gateway/generator
  - protoc-gen-grpc-gateway/gengateway
  - protoc-gen-grpc-gateway/httprule
  - runtime
  - runtime/internal
  - third_party/googleapis/google/api
  - utilities
- name: github.com/inconshreveable/mousetrap
  version: 76626ae9c91c4f2a10f34cad8ce83ea42c93bb75
- name: github.com/jeffjen/datefmt
  version: 6688647cfa0439b86e09b097cac96ed328d5fa34
- name: github.com/jteeuwen/go-bindata
  version: a0ff2567cfb70903282db057e799fd826784d41d
  subpackages:
  - go-bindata
- name: github.com/kisielk/errcheck
  version: db0ca22445717d1b2c51ac1034440e0a2a2de645
  subpackages:
  - internal/errcheck
- name: github.com/kisielk/gotool
  version: 0de1eaf82fa3f583ce21fde859f1e7e0c5e9b220
- name: github.com/kkaneda/returncheck
  version: bf081fa7155e3a27df1f056a49d50685edfa5b1b
  subpackages:
  - internal
- name: github.com/kr/pretty
  version: cfb55aafdaf3ec08f0db22699ab822c50091b1c4
- name: github.com/kr/text
  version: 7cafcd837844e784b526369c9bce262804aebc60
- name: github.com/leekchan/timeutil
  version: 28917288c48df3d2c1cfe468c273e0b2adda0aa5
- name: github.com/lib/pq
  version: 8df6253d1317616f36b0c3740eb30c239a7372cb
  subpackages:
  - oid
- name: github.com/lightstep/lightstep-tracer-go
  version: 70a2e8ae52bb7cc978ffd05d64d50b82b06bdfe9
  subpackages:
  - collectorpb
  - lightstep_thrift
  - thrift_0_9_2/lib/go/thrift
  - thrift_rpc
- name: github.com/mattn/go-isatty
  version: 30a891c33c7cde7b02a981314b4228ec99380cca
- name: github.com/mattn/go-runewidth
  version: 737072b4e32b7a5018b4a7125da8d12de90e8045
- name: github.com/mattn/goveralls
  version: 61ac1a6b48f7f76ff3d14e00d3192e7dd0b9db91
- name: github.com/matttproud/golang_protobuf_extensions
  version: c12348ce28de40eed0136aa2b644d0ee0650e56c
  subpackages:
  - pbutil
- name: github.com/mdempsky/unconvert
  version: beb68d938016d2dec1d1b078054f4d3db25f97be
- name: github.com/mibk/dupl
  version: f008fcf5e62793d38bda510ee37aab8b0c68e76c
  subpackages:
  - job
  - output
  - suffixtree
  - syntax
  - syntax/golang
- name: github.com/Microsoft/go-winio
  version: 24a3e3d3fc7451805e09d11e11e95d9a0a4f205e
- name: github.com/montanaflynn/stats
  version: f8cd06f93c6c1b06028caafb88b540fc820f77c1
- name: github.com/olekukonko/tablewriter
  version: 44e365d423f4f06769182abfeeae2b91be9d529b
- name: github.com/opencontainers/go-digest
  version: a6d0ee40d4207ea02364bd3b9e8e77b9159ba1eb
- name: github.com/opentracing/basictracer-go
  version: 1b32af207119a14b1b231d451df3ed04a72efebf
  subpackages:
  - wire
- name: github.com/opentracing/opentracing-go
  version: 5e5abf838007b08f96ae057bc182636a178da0b9
  subpackages:
  - ext
  - log
- name: github.com/pborman/uuid
  version: 5007efa264d92316c43112bc573e754bc889b7b1
- name: github.com/petermattis/goid
  version: caab6446a35a918488a0f52d4b0bd088a60f3511
- name: github.com/pkg/errors
  version: 248dadf4e9068a0b3e79f02ed0a610d935de5302
- name: github.com/prometheus/client_model
  version: fa8ad6fec33561be4280a8f0514318c79d7f6cb6
  subpackages:
  - go
- name: github.com/prometheus/common
  version: dd2f054febf4a6c00f2343686efb775948a8bff4
  subpackages:
  - expfmt
  - internal/bitbucket.org/ww/goautoneg
  - model
- name: github.com/rcrowley/go-metrics
  version: 1f30fe9094a513ce4c700b9a54458bbb0c96996c
  subpackages:
  - exp
- name: github.com/rlmcpherson/s3gof3r
  version: bc1aca74326ad100d0aa82bfa9ce6e9278620750
- name: github.com/robfig/glock
  version: 4222fa46a09f9ac1e2fc20bd1053e1e866d0a01f
- name: github.com/rubyist/circuitbreaker
  version: af9583088c3453556f6e4f580693ba8606ca459a
- name: github.com/russross/blackfriday
  version: 5f33e7b7878355cd2b7e6b8eefc48a5472c69f70
- name: github.com/sasha-s/go-deadlock
  version: 341000892f3dd25f440e6231e8533eb3688ed7ec
- name: github.com/satori/go.uuid
  version: b061729afc07e77a8aa4fad0a2fd840958f1942a
- name: github.com/shurcooL/sanitized_anchor_name
  version: 1dba4b3954bc059efc3991ec364f9f9a35f597d2
- name: github.com/Sirupsen/logrus
  version: 9b48ece7fc373043054858f8c0d362665e866004
- name: github.com/spf13/cobra
  version: 1dd5ff2e11b6dca62fdcb275eb804b94607d8b06
  subpackages:
  - doc
- name: github.com/spf13/pflag
  version: 25f8b5b07aece3207895bf19f7ab517eb3b22a40
- name: github.com/StackExchange/wmi
  version: e54cbda6595d7293a7a468ccf9525f6bc8887f99
- name: github.com/tebeka/go2xunit
  version: 5856a592616c62734bf27dac02b6b5f076f96ba6
  subpackages:
  - lib
- name: github.com/VividCortex/ewma
  version: c595cd886c223c6c28fc9ae2727a61b5e4693d85
- name: github.com/wadey/gocovmerge
  version: b5bfa59ec0adc420475f97f89b58045c721d761c
- name: golang.org/x/crypto
  version: c3b1d0d6d8690eaebe3064711b026770cc37efa3
  subpackages:
  - bcrypt
  - blowfish
  - ssh/terminal
- name: golang.org/x/net
  version: da2b4fa28524a3baf148c1b94df4440267063c88
  subpackages:
  - context
  - context/ctxhttp
  - http2
  - http2/hpack
  - idna
  - internal/timeseries
  - lex/httplex
  - proxy
  - trace
- name: golang.org/x/oauth2
  version: 314dd2c0bf3ebd592ec0d20847d27e79d0dbe8dd
  subpackages:
  - google
  - internal
  - jws
  - jwt
- name: golang.org/x/sys
  version: d75a52659825e75fff6158388dddc6a5b04f9ba5
  subpackages:
  - unix
  - windows
- name: golang.org/x/text
  version: 44f4f658a783b0cee41fe0a23b8fc91d9c120558
  subpackages:
  - collate
  - internal/colltab
  - internal/tag
  - language
  - secure/bidirule
  - transform
  - unicode/bidi
  - unicode/norm
  - width
- name: golang.org/x/tools
  version: 354f9f8b43608012e8192f2e8d9e13c615df5c34
  subpackages:
  - cmd/goimports
  - cmd/goyacc
  - cmd/stringer
  - cover
  - go/ast/astutil
  - go/buildutil
  - go/gcimporter15
  - go/loader
  - go/types/typeutil
  - imports
- name: google.golang.org/api
  version: 025e50fdada431a9bc9ef7f06b4d504cd26bfa11
  subpackages:
  - gensupport
  - googleapi
  - googleapi/internal/uritemplates
  - googleapi/transport
  - internal
  - iterator
  - option
  - storage/v1
  - transport
- name: google.golang.org/appengine
  version: 8758a385849434ba5eac8aeedcf5192c5a0f5f10
  subpackages:
  - internal
  - internal/app_identity
  - internal/base
  - internal/datastore
  - internal/log
  - internal/modules
  - internal/remote_api
  - internal/socket
  - internal/urlfetch
  - socket
  - urlfetch
- name: google.golang.org/grpc
  version: 85497e2c516cd289bce5551b840ee27c2a0d6878
  subpackages:
  - codes
  - credentials
  - credentials/oauth
  - grpclog
  - internal
  - metadata
  - naming
  - peer
  - stats
  - tap
  - transport
- name: gopkg.in/inf.v0
  version: 3887ee99ecf07df5b447e9b00d9c0b2adaa9f3e4
- name: gopkg.in/yaml.v2
  version: a5b47d31c556af34a302ce5d659e6fea44d90de0
- name: honnef.co/go/lint
  version: 3cb61f0284a50a4f716a0ecd7274e7bc02b40428
  subpackages:
  - lintutil
- name: honnef.co/go/simple
  version: 785f2adbeecfb675c110966bb69792863aa0aa49
- name: honnef.co/go/ssa
  version: 1cf7f34afde4f3f9cb9f7b15f8f2727ebcaa179a
- name: honnef.co/go/staticcheck
  version: 34cb9e1c04508c1fc4d12a65943aa17531909373
  subpackages:
  - pure
  - vrp
- name: honnef.co/go/unused
  version: 33bc4cfe5599e665ab0117ca65e59f254aa6810d
testImports:
- name: github.com/ghemawat/stream
  version: 78e682abcae4f96ac7ddbe39912967a5f7cbbaa6
- name: github.com/go-sql-driver/mysql
  version: 2e00b5cd70399450106cec6431c2e2ce3cae5034
- name: github.com/termie/go-shutil
  version: bcacb06fecaeec8dc42af03c87c6949f4a05c74c
