hash: ed9efa1aeca5f09ddb183db3d56487d3d2ddd08b697ff8b6acfa0ae74830dbde
updated: 2017-05-17T22:17:36.659304758-04:00
imports:
- name: cloud.google.com/go
  version: ed63fb27efcf32e25fe7837e4662457d3da4c4f2
  subpackages:
  - compute/metadata
  - iam
  - internal
  - internal/optional
  - internal/version
  - storage
- name: github.com/abourget/teamcity
  version: e241104394f91bf4e65048f9ea5d0c0f3c25b35e
- name: github.com/aws/aws-sdk-go
  version: 0032dd29f2a063a66a9f4b44bf6664da3a5b71cc
  subpackages:
  - aws
  - aws/awserr
  - aws/awsutil
  - aws/client
  - aws/client/metadata
  - aws/corehandlers
  - aws/credentials
  - aws/credentials/ec2rolecreds
  - aws/credentials/endpointcreds
  - aws/credentials/stscreds
  - aws/defaults
  - aws/ec2metadata
  - aws/endpoints
  - aws/request
  - aws/session
  - aws/signer/v4
  - private/protocol
  - private/protocol/query
  - private/protocol/query/queryutil
  - private/protocol/rest
  - private/protocol/restxml
  - private/protocol/xml/xmlutil
  - service/s3
  - service/sts
- name: github.com/Azure/azure-sdk-for-go
  version: 8dd1f3ff407c300cff0a4bfedd969111ca5a7903
  subpackages:
  - storage
- name: github.com/Azure/go-ansiterm
  version: fa152c58bc15761d0200cb75fe958b89a9d4888e
  subpackages:
  - winterm
- name: github.com/Azure/go-autorest
  version: a2fdd780c9a50455cecd249b00bdc3eb73a78e31
  subpackages:
  - autorest
  - autorest/azure
  - autorest/date
  - autorest/to
- name: github.com/backtrace-labs/go-bcd
  version: 4ad9137a248599da4b00da0be6e71a75c9e1b8d9
- name: github.com/biogo/store
  version: 913427a1d5e89604e50ea1db0f28f34966d61602
  subpackages:
  - llrb
- name: github.com/cenk/backoff
  version: 5d150e7eec023ce7a124856b37c68e54b4050ac7
- name: github.com/certifi/gocertifi
  version: a9c833d2837d3b16888d55d5aafa9ffe9afb22b0
- name: github.com/chzyer/readline
  version: 41eea22f717c616615e1e59aa06cf831f9901f35
- name: github.com/client9/misspell
  version: b5fc83876cd1bf9fbb4e39afa9e503c83edce3b5
  subpackages:
  - cmd/misspell
- name: github.com/cockroachdb/apd
  version: 0ccdf9dd91d85d9f95d131fd2420c78c56f76c1f
- name: github.com/cockroachdb/cmux
  version: 30d10be492927e2dcae0089c374c455d42414fcb
- name: github.com/cockroachdb/cockroach-go
  version: 6fd53f6d2eea06acb0c7f7aa88e0547acb32441b
  subpackages:
  - crdb
- name: github.com/cockroachdb/crlfmt
  version: ec6cff36e0bd2fa9e2ecd36b9fd6ea70568ad3ce
- name: github.com/cockroachdb/returncheck
  version: e91bb28baf9de4a530d3ae7f041953b23dcce9be
- name: github.com/cockroachdb/stress
  version: ce09c414594390d1d6432280c7cac55e62c6b0af
- name: github.com/codahale/hdrhistogram
  version: 3a0bb77429bd3a61596f5e8a3172445844342120
- name: github.com/codegangsta/cli
  version: 0bdeddeeb0f650497d603c4ad7b20cfe685682f6
- name: github.com/coreos/etcd
  version: 6dd807481cebac062e82c5ecaecdb2c3d0f605ad
  subpackages:
  - raft
  - raft/raftpb
- name: github.com/cpuguy83/go-md2man
  version: bcc0a711c5e6bbe72c7cb13d81c7109b45267fd2
  subpackages:
  - md2man
- name: github.com/dgrijalva/jwt-go
  version: d2709f9f1f31ebcda9651b03077758c1f3a0018c
- name: github.com/docker/distribution
  version: a528cc1fc338bd00036dbf1315a74c2ee458b094
  subpackages:
  - digestset
  - reference
- name: github.com/docker/docker
  version: 7248742ae7127347a52ab9d215451c213b7b59da
  subpackages:
  - api/types
  - api/types/blkiodev
  - api/types/container
  - api/types/events
  - api/types/filters
  - api/types/mount
  - api/types/network
  - api/types/reference
  - api/types/registry
  - api/types/strslice
  - api/types/swarm
  - api/types/time
  - api/types/versions
  - api/types/volume
  - client
  - pkg/jsonlog
  - pkg/jsonmessage
  - pkg/namesgenerator
  - pkg/random
  - pkg/stdcopy
  - pkg/term
  - pkg/term/windows
  - pkg/tlsconfig
- name: github.com/docker/go-connections
  version: e15c02316c12de00874640cd76311849de2aeed5
  subpackages:
  - nat
  - sockets
  - tlsconfig
- name: github.com/docker/go-units
  version: 0dadbb0345b35ec7ef35e228dabb8de89a65bf52
- name: github.com/dustin/go-humanize
  version: 259d2a102b871d17f30e3cd9881a642961a1e486
- name: github.com/elastic/gosigar
  version: 6c665a6256a84b6a2d1e207216e0e0d315e84135
  subpackages:
  - sys/windows
- name: github.com/elazarl/go-bindata-assetfs
  version: 30f82fa23fd844bd5bb1e5f216db87fd77b5eb43
- name: github.com/facebookgo/clock
  version: 600d898af40aa09a7a93ecb9265d87b0504b6f03
- name: github.com/getsentry/raven-go
  version: 221b2b44fb33f84ed3ea13f3aed62ff48c85636b
  repo: https://github.com/cockroachdb/raven-go
- name: github.com/ghemawat/stream
  version: 78e682abcae4f96ac7ddbe39912967a5f7cbbaa6
- name: github.com/go-ini/ini
  version: e7fea39b01aea8d5671f6858f0532f56e8bff3a5
- name: github.com/go-ole/go-ole
  version: de8695c8edbf8236f30d6e1376e20b198a028d42
  subpackages:
  - oleutil
- name: github.com/gogo/protobuf
  version: 100ba4e885062801d56799d78530b73b178a78f3
  subpackages:
  - gogoproto
  - jsonpb
  - plugin/compare
  - plugin/defaultcheck
  - plugin/description
  - plugin/embedcheck
  - plugin/enumstringer
  - plugin/equal
  - plugin/face
  - plugin/gostring
  - plugin/marshalto
  - plugin/oneofcheck
  - plugin/populate
  - plugin/size
  - plugin/stringer
  - plugin/testgen
  - plugin/union
  - plugin/unmarshal
  - proto
  - protoc-gen-gogo/descriptor
  - protoc-gen-gogo/generator
  - protoc-gen-gogo/grpc
  - protoc-gen-gogo/plugin
  - sortkeys
  - types
  - vanity
  - vanity/command
- name: github.com/golang/glog
  version: 23def4e6c14b4da8ac2ed8007337bc5eb5007998
- name: github.com/golang/lint
  version: cb00e5669539f047b2f4c53a421a01b0c8e172c6
  subpackages:
  - golint
- name: github.com/golang/protobuf
  version: c9c7427a2a70d2eb3bafa0ab2dc163e45f143317
  subpackages:
  - jsonpb
  - proto
  - protoc-gen-go/descriptor
  - protoc-gen-go/generator
  - protoc-gen-go/plugin
  - ptypes/any
  - ptypes/timestamp
- name: github.com/golang/snappy
  version: 553a641470496b2327abcac10b36396bd98e45c9
- name: github.com/google/btree
  version: 316fb6d3f031ae8f4d457c6c5186b9e3ded70435
- name: github.com/google/go-github
  version: 4b7b445665c8ce4f3c10c753b1884e2c4f09e323
  subpackages:
  - github
- name: github.com/google/go-querystring
  version: 53e6ce116135b80d037921a7fdd5138cf32d7a8a
  subpackages:
  - query
- name: github.com/google/pprof
  version: c0fb62ec88c411cc91194465e54db2632845b650
  subpackages:
  - driver
  - internal/binutils
  - internal/driver
  - internal/elfexec
  - internal/graph
  - internal/measurement
  - internal/plugin
  - internal/report
  - internal/symbolizer
  - internal/symbolz
  - profile
  - third_party/svg
- name: github.com/googleapis/gax-go
  version: 9af46dd5a1713e8b5cd71106287eba3cefdde50b
- name: github.com/grpc-ecosystem/grpc-gateway
  version: fdcb7eab2d6ed4919e83ddcef4f199c161611e1f
  subpackages:
  - protoc-gen-grpc-gateway
  - protoc-gen-grpc-gateway/descriptor
  - protoc-gen-grpc-gateway/generator
  - protoc-gen-grpc-gateway/gengateway
  - protoc-gen-grpc-gateway/httprule
  - runtime
  - runtime/internal
  - third_party/googleapis/google/api
  - utilities
- name: github.com/grpc-ecosystem/grpc-opentracing
  version: 6c130eed1e297e1aa4d415a50c90d0c81c52677e
  subpackages:
  - go/otgrpc
- name: github.com/hashicorp/go-version
  version: 03c5bf6be031b6dd45afec16b1cf94fc8938bc77
- name: github.com/ianlancetaylor/cgosymbolizer
  version: 7c5585d44729f382a061b64ec9e7123724abe529
- name: github.com/ianlancetaylor/demangle
  version: 4883227f66371e02c4948937d3e2be1664d9be38
- name: github.com/inconshreveable/mousetrap
  version: 76626ae9c91c4f2a10f34cad8ce83ea42c93bb75
- name: github.com/jmespath/go-jmespath
  version: bd40a432e4c76585ef6b72d3fd96fb9b6dc7b68d
- name: github.com/jteeuwen/go-bindata
  version: a0ff2567cfb70903282db057e799fd826784d41d
  subpackages:
  - go-bindata
- name: github.com/kisielk/errcheck
  version: 23699b7e2cbfdb89481023524954ba2aeff6be90
  subpackages:
  - internal/errcheck
- name: github.com/kisielk/gotool
  version: 0de1eaf82fa3f583ce21fde859f1e7e0c5e9b220
- name: github.com/knz/strtime
  version: 813725a7c183ac304d1ed8fb7e37a567733e9c05
- name: github.com/kr/pretty
  version: cfb55aafdaf3ec08f0db22699ab822c50091b1c4
- name: github.com/kr/text
  version: 7cafcd837844e784b526369c9bce262804aebc60
- name: github.com/lib/pq
  version: 472a0745531a17dbac346e828b4c60e73ddff30c
  subpackages:
  - oid
- name: github.com/lightstep/lightstep-tracer-go
  version: d9d2a958da1b2b4dd282e7685261942e20abd49c
  subpackages:
  - basictracer
  - collectorpb
  - lightstep_thrift
  - lightsteppb
  - thrift_0_9_2/lib/go/thrift
  - thrift_rpc
- name: github.com/Masterminds/glide
  version: 869001d1571ce5f03fd0078bff188b9d3f272807
  subpackages:
  - action
  - cache
  - cfg
  - dependency
  - gb
  - godep
  - godep/strip
  - gom
  - gpm
  - importer
  - mirrors
  - msg
  - path
  - repo
  - tree
  - util
- name: github.com/Masterminds/semver
  version: abff1900528dbdaf6f3f5aa92c398be1eaf2a9f7
- name: github.com/Masterminds/vcs
  version: 3084677c2c188840777bff30054f2b553729d329
- name: github.com/mattn/go-isatty
  version: fc9e8d8ef48496124e79ae0df75490096eccf6fe
- name: github.com/mattn/go-runewidth
  version: 9e777a8366cce605130a531d2cd6363d07ad7317
  subpackages:
  - runewidth.go
- name: github.com/mattn/goveralls
  version: a2cbbd7cdce4f5e051016fedf639c64bb05ef031
- name: github.com/matttproud/golang_protobuf_extensions
  version: c12348ce28de40eed0136aa2b644d0ee0650e56c
  subpackages:
  - pbutil
- name: github.com/mdempsky/unconvert
  version: beb68d938016d2dec1d1b078054f4d3db25f97be
- name: github.com/mibk/dupl
  version: 3447d9b0cb5a3e7dccb1a9f1c975f35683f304e6
  subpackages:
  - job
  - output
  - suffixtree
  - syntax
  - syntax/golang
- name: github.com/Microsoft/go-winio
  version: d311c76e775b5092c023569caacdbb4e569c3243
- name: github.com/mitchellh/go-homedir
  version: b8bc1bf767474819792c23f32d8286a45736f1c6
- name: github.com/mitchellh/reflectwalk
  version: 8d802ff4ae93611b807597f639c19f76074df5c6
- name: github.com/montanaflynn/stats
  version: 41c34e4914ec3c05d485e564d9028d8861d5d9ad
- name: github.com/olekukonko/tablewriter
  version: a0225b3f23b5ce0cbec6d7a66a968f8a59eca9c4
- name: github.com/opencontainers/go-digest
  version: eaa60544f31ccf3b0653b1a118b76d33418ff41b
- name: github.com/opentracing/opentracing-go
  version: eaaf4e1eeb7a5373b38e70901270c83577dc6fb9
  subpackages:
  - ext
  - log
- name: github.com/petermattis/goid
  version: 0ded85884ba5c4c9267fcd5a149061f7c3455eee
- name: github.com/pkg/errors
  version: c605e284fe17294bda444b34710735b29d1a9d90
- name: github.com/prometheus/client_model
  version: 6f3806018612930941127f2a7c6c453ba2c527d2
  subpackages:
  - go
- name: github.com/prometheus/common
  version: 49fee292b27bfff7f354ee0f64e1bc4850462edf
  subpackages:
  - expfmt
  - internal/bitbucket.org/ww/goautoneg
  - model
- name: github.com/rcrowley/go-metrics
  version: 1f30fe9094a513ce4c700b9a54458bbb0c96996c
  subpackages:
  - exp
- name: github.com/rlmcpherson/s3gof3r
  version: 864ae0bf7cf2e20c0002b7ea17f4d84fec1abc14
- name: github.com/rubyist/circuitbreaker
  version: 2074adba5ddc7d5f7559448a9c3066573521c5bf
- name: github.com/russross/blackfriday
  version: 0ba0f2b6ed7c475a92e4df8641825cb7a11d1fa3
- name: github.com/sasha-s/go-deadlock
  version: 341000892f3dd25f440e6231e8533eb3688ed7ec
- name: github.com/satori/go.uuid
  version: 5bf94b69c6b68ee1b541973bb8e1144db23a194b
- name: github.com/Sirupsen/logrus
  version: 5e5dc898656f695e2a086b8e12559febbfc01562
- name: github.com/spf13/cobra
  version: 7aeaa2cce6ae7e18d2a6ee597b60ee137e999bd9
  subpackages:
  - doc
- name: github.com/spf13/pflag
  version: e57e3eeb33f795204c1ca35f56c44f83227c6e66
- name: github.com/StackExchange/wmi
  version: ea383cf3ba6ec950874b8486cd72356d007c768f
- name: github.com/tebeka/go2xunit
  version: 3d745e6f4de3e1e94034d7cfb3cc0c543b080b49
  subpackages:
  - lib
- name: github.com/VividCortex/ewma
  version: c595cd886c223c6c28fc9ae2727a61b5e4693d85
- name: github.com/wadey/gocovmerge
  version: b5bfa59ec0adc420475f97f89b58045c721d761c
- name: golang.org/x/crypto
  version: 728b753d0135da6801d45a38e6f43ff55779c5c2
  subpackages:
  - bcrypt
  - blowfish
  - ssh/terminal
- name: golang.org/x/net
  version: a6577fac2d73be281a500b310739095313165611
  subpackages:
  - context
  - context/ctxhttp
  - http2
  - http2/hpack
  - idna
  - internal/timeseries
  - lex/httplex
  - proxy
  - trace
- name: golang.org/x/oauth2
  version: f047394b6d14284165300fd82dad67edb3a4d7f6
  subpackages:
  - google
  - internal
  - jws
  - jwt
- name: golang.org/x/perf
  version: 844f0140c89c0be84e3d3143f075ccff10819462
  subpackages:
  - benchstat
  - cmd/benchstat
  - internal/stats
  - storage/benchfmt
- name: golang.org/x/sync
  version: f52d1811a62927559de87708c8913c1650ce4f26
  subpackages:
  - errgroup
  - singleflight
- name: golang.org/x/sys
  version: 1e4778a9a153163315e71a39674fbe87fe8f30a5
  subpackages:
  - unix
  - windows
- name: golang.org/x/text
  version: 470f45bf29f4147d6fbd7dfd0a02a848e49f5bf4
  subpackages:
  - collate
  - internal/colltab
  - internal/tag
  - language
  - transform
  - unicode/norm
  - width
- name: golang.org/x/time
  version: 8be79e1e0910c292df4e79c241bb7e8f7e725959
  subpackages:
  - rate
- name: golang.org/x/tools
  version: bf4b54dc687c73b6ef63de8b8abf0ad3951e3edc
  subpackages:
  - cmd/goimports
  - cmd/gorename
  - cmd/goyacc
  - cmd/guru
  - cmd/guru/serial
  - cmd/stringer
  - container/intsets
  - cover
  - go/ast/astutil
  - go/buildutil
  - go/callgraph
  - go/callgraph/static
  - go/gcexportdata
  - go/gcimporter15
  - go/loader
  - go/pointer
  - go/ssa
  - go/ssa/ssautil
  - go/types/typeutil
  - imports
  - refactor/importgraph
  - refactor/rename
  - refactor/satisfy
- name: google.golang.org/api
  version: 1377dd16e29553e6d668e68fd207a75a66574646
  subpackages:
  - gensupport
  - googleapi
  - googleapi/internal/uritemplates
  - googleapi/transport
  - internal
  - iterator
  - option
  - storage/v1
  - transport
- name: google.golang.org/appengine
  version: 170382fa85b10b94728989dfcf6cc818b335c952
  subpackages:
  - internal
  - internal/app_identity
  - internal/base
  - internal/datastore
  - internal/log
  - internal/modules
  - internal/remote_api
  - internal/socket
  - internal/urlfetch
  - socket
  - urlfetch
- name: google.golang.org/genproto
  version: bb3573be0c484136831138976d444b8754777aff
  subpackages:
  - googleapis/api/annotations
  - googleapis/iam/v1
  - googleapis/rpc/status
- name: google.golang.org/grpc
  version: 3419b42955675df23457629c75f58eb8dcd56954
  subpackages:
  - codes
  - credentials
  - credentials/oauth
  - grpclb/grpc_lb_v1
  - grpclog
  - internal
  - keepalive
  - metadata
  - naming
  - peer
  - stats
  - status
  - tap
  - transport
- name: gopkg.in/yaml.v2
  version: a3f3340b5840cee44f372bddb5880fcbc419b46a
- name: honnef.co/go/tools
  version: aeda00f7ca49ce710df354fc703b08d94d3a23c0
  subpackages:
  - callgraph
  - callgraph/static
  - functions
  - gcsizes
  - internal/sharedcheck
  - lint
  - lint/lintutil
  - simple
  - ssa
  - ssa/ssautil
  - staticcheck
  - staticcheck/vrp
  - unused
testImports:
- name: github.com/go-sql-driver/mysql
  version: 382e13d099fcf5f5994290892ab258fbebbdc5e3
- name: github.com/opentracing/basictracer-go
  version: 1b32af207119a14b1b231d451df3ed04a72efebf
  subpackages:
  - wire
