hash: 80f7320370f47a99f184fc83f9bca5ff77c90a86578b9b9324ce83fe88a8e018
updated: 2017-03-29T20:15:41.23469927-04:00
imports:
- name: cloud.google.com/go
  version: 5fd028f47f3170cfe2a87666eae9ff5595027282
  subpackages:
  - compute/metadata
  - internal
  - internal/optional
  - storage
- name: github.com/abourget/teamcity
  version: 6dde447fa54bc5b08b1a7bb1b85e39089cf27fb1
- name: github.com/Azure/azure-sdk-for-go
  version: 4897648e310020dae650a89c31ff633284c13a24
  subpackages:
  - storage
- name: github.com/Azure/go-ansiterm
  version: fa152c58bc15761d0200cb75fe958b89a9d4888e
  subpackages:
  - winterm
- name: github.com/backtrace-labs/go-bcd
  version: 4ad9137a248599da4b00da0be6e71a75c9e1b8d9
- name: github.com/biogo/store
  version: 913427a1d5e89604e50ea1db0f28f34966d61602
  subpackages:
  - interval
  - llrb
- name: github.com/cenk/backoff
  version: 5d150e7eec023ce7a124856b37c68e54b4050ac7
- name: github.com/chzyer/readline
  version: 41eea22f717c616615e1e59aa06cf831f9901f35
- name: github.com/client9/misspell
  version: 9a1fc2456ac9e8c9b4cbe9d005b6e7adac0d357f
  subpackages:
  - cmd/misspell
- name: github.com/cockroachdb/apd
  version: 4c0c15263a45c631e8f0310f0acbc1e89c722ac2
- name: github.com/cockroachdb/c-jemalloc
  version: 5fc986390622939c1f0e6df236040deca8c821b0
- name: github.com/cockroachdb/c-protobuf
  version: 323984796a7b4794ee62a00e12456743a5b66765
  subpackages:
  - cmd/protoc
- name: github.com/cockroachdb/c-rocksdb
  version: 7def73c53db126b0e62552e97629784d5317e932
- name: github.com/cockroachdb/c-snappy
  version: c0cd3c9ce92f195001595e1fbbe66f045daad34f
- name: github.com/cockroachdb/cmux
  version: 30d10be492927e2dcae0089c374c455d42414fcb
- name: github.com/cockroachdb/cockroach-go
  version: 6fd53f6d2eea06acb0c7f7aa88e0547acb32441b
  subpackages:
  - crdb
- name: github.com/cockroachdb/crlfmt
  version: 64263ede71a7661a334216da51471d0f21ce80d1
- name: github.com/cockroachdb/returncheck
  version: e91bb28baf9de4a530d3ae7f041953b23dcce9be
- name: github.com/cockroachdb/stress
  version: ce09c414594390d1d6432280c7cac55e62c6b0af
- name: github.com/codahale/hdrhistogram
  version: 3a0bb77429bd3a61596f5e8a3172445844342120
- name: github.com/codegangsta/cli
  version: 0bdeddeeb0f650497d603c4ad7b20cfe685682f6
- name: github.com/coreos/etcd
  version: 7b541f90039c625d8242f90816066ecd5cf78744
  subpackages:
  - raft
  - raft/raftpb
- name: github.com/cpuguy83/go-md2man
  version: a65d4d2de4d5f7c74868dfa9b202a3c8be315aaa
  subpackages:
  - md2man
- name: github.com/docker/distribution
  version: 0700fa570d7bcc1b3e46ee127c4489fd25f4daa3
  subpackages:
  - digestset
  - reference
- name: github.com/docker/docker
  version: 7248742ae7127347a52ab9d215451c213b7b59da
  subpackages:
  - api/types
  - api/types/blkiodev
  - api/types/container
  - api/types/events
  - api/types/filters
  - api/types/mount
  - api/types/network
  - api/types/reference
  - api/types/registry
  - api/types/strslice
  - api/types/swarm
  - api/types/time
  - api/types/versions
  - api/types/volume
  - client
  - pkg/jsonlog
  - pkg/jsonmessage
  - pkg/namesgenerator
  - pkg/random
  - pkg/stdcopy
  - pkg/term
  - pkg/term/windows
  - pkg/tlsconfig
- name: github.com/docker/go-connections
  version: a2afab9802043837035592f1c24827fb70766de9
  subpackages:
  - nat
  - sockets
  - tlsconfig
- name: github.com/docker/go-units
  version: 0dadbb0345b35ec7ef35e228dabb8de89a65bf52
- name: github.com/dustin/go-humanize
  version: 259d2a102b871d17f30e3cd9881a642961a1e486
- name: github.com/elastic/gosigar
  version: 4c790f73760ca6dccd61882b263e03a5f23fbb77
  subpackages:
  - sys/windows
- name: github.com/elazarl/go-bindata-assetfs
  version: 30f82fa23fd844bd5bb1e5f216db87fd77b5eb43
- name: github.com/facebookgo/clock
  version: 600d898af40aa09a7a93ecb9265d87b0504b6f03
- name: github.com/go-ole/go-ole
  version: de8695c8edbf8236f30d6e1376e20b198a028d42
  subpackages:
  - oleutil
- name: github.com/gogo/protobuf
  version: 100ba4e885062801d56799d78530b73b178a78f3
  subpackages:
  - gogoproto
  - jsonpb
  - plugin/compare
  - plugin/defaultcheck
  - plugin/description
  - plugin/embedcheck
  - plugin/enumstringer
  - plugin/equal
  - plugin/face
  - plugin/gostring
  - plugin/marshalto
  - plugin/oneofcheck
  - plugin/populate
  - plugin/size
  - plugin/stringer
  - plugin/testgen
  - plugin/union
  - plugin/unmarshal
  - proto
  - protoc-gen-gogo/descriptor
  - protoc-gen-gogo/generator
  - protoc-gen-gogo/grpc
  - protoc-gen-gogo/plugin
  - sortkeys
  - types
  - vanity
  - vanity/command
- name: github.com/golang/glog
  version: 23def4e6c14b4da8ac2ed8007337bc5eb5007998
- name: github.com/golang/lint
  version: cb00e5669539f047b2f4c53a421a01b0c8e172c6
  subpackages:
  - golint
- name: github.com/golang/protobuf
  version: c9c7427a2a70d2eb3bafa0ab2dc163e45f143317
  subpackages:
  - jsonpb
  - proto
  - protoc-gen-go/descriptor
  - protoc-gen-go/generator
  - protoc-gen-go/plugin
  - ptypes/timestamp
- name: github.com/golang/snappy
  version: 553a641470496b2327abcac10b36396bd98e45c9
- name: github.com/google/btree
  version: 316fb6d3f031ae8f4d457c6c5186b9e3ded70435
- name: github.com/google/go-github
  version: 3c8f26c1ae8c61ba5d06731b36435a4f46ea9da5
  subpackages:
  - github
- name: github.com/google/go-querystring
  version: 53e6ce116135b80d037921a7fdd5138cf32d7a8a
  subpackages:
  - query
- name: github.com/google/pprof
  version: 5c63cc70220dd56546d4d417f30d5460138b93b5
  subpackages:
  - driver
  - internal/binutils
  - internal/driver
  - internal/elfexec
  - internal/graph
  - internal/measurement
  - internal/plugin
  - internal/report
  - internal/symbolizer
  - internal/symbolz
  - profile
  - third_party/svg
- name: github.com/googleapis/gax-go
  version: 9af46dd5a1713e8b5cd71106287eba3cefdde50b
- name: github.com/grpc-ecosystem/grpc-gateway
  version: fdcb7eab2d6ed4919e83ddcef4f199c161611e1f
  subpackages:
  - protoc-gen-grpc-gateway
  - protoc-gen-grpc-gateway/descriptor
  - protoc-gen-grpc-gateway/generator
  - protoc-gen-grpc-gateway/gengateway
  - protoc-gen-grpc-gateway/httprule
  - runtime
  - runtime/internal
  - third_party/googleapis/google/api
  - utilities
- name: github.com/ianlancetaylor/cgosymbolizer
  version: b4ad58b5f686244b454e2e305f14cb598a5910a5
- name: github.com/ianlancetaylor/demangle
  version: 4883227f66371e02c4948937d3e2be1664d9be38
- name: github.com/inconshreveable/mousetrap
  version: 76626ae9c91c4f2a10f34cad8ce83ea42c93bb75
- name: github.com/jteeuwen/go-bindata
  version: a0ff2567cfb70903282db057e799fd826784d41d
  subpackages:
  - go-bindata
- name: github.com/kisielk/errcheck
  version: 23699b7e2cbfdb89481023524954ba2aeff6be90
  subpackages:
  - internal/errcheck
- name: github.com/kisielk/gotool
  version: 0de1eaf82fa3f583ce21fde859f1e7e0c5e9b220
- name: github.com/kr/pretty
  version: cfb55aafdaf3ec08f0db22699ab822c50091b1c4
- name: github.com/kr/text
  version: 7cafcd837844e784b526369c9bce262804aebc60
- name: github.com/leekchan/timeutil
  version: 28917288c48df3d2c1cfe468c273e0b2adda0aa5
- name: github.com/lib/pq
  version: 472a0745531a17dbac346e828b4c60e73ddff30c
  subpackages:
  - oid
- name: github.com/lightstep/lightstep-tracer-go
  version: 0a22c00b113343382aaf6d35c84574fc7357a100
  subpackages:
  - collectorpb
  - lightstep_thrift
  - thrift_0_9_2/lib/go/thrift
  - thrift_rpc
- name: github.com/Masterminds/glide
  version: 869001d1571ce5f03fd0078bff188b9d3f272807
  subpackages:
  - action
  - cache
  - cfg
  - dependency
  - gb
  - godep
  - godep/strip
  - gom
  - gpm
  - importer
  - mirrors
  - msg
  - path
  - repo
  - tree
  - util
- name: github.com/Masterminds/semver
  version: 59c29afe1a994eacb71c833025ca7acf874bb1da
- name: github.com/Masterminds/vcs
  version: 795e20f901c3d561de52811fb3488a2cb2c8588b
- name: github.com/mattn/go-isatty
  version: fc9e8d8ef48496124e79ae0df75490096eccf6fe
- name: github.com/mattn/go-runewidth
  version: 9e777a8366cce605130a531d2cd6363d07ad7317
  subpackages:
  - runewidth.go
- name: github.com/mattn/goveralls
  version: a99c5ee06aeeca2a2befc7e90b99061b1180850c
- name: github.com/matttproud/golang_protobuf_extensions
  version: c12348ce28de40eed0136aa2b644d0ee0650e56c
  subpackages:
  - pbutil
- name: github.com/mdempsky/unconvert
  version: beb68d938016d2dec1d1b078054f4d3db25f97be
- name: github.com/mibk/dupl
  version: 3447d9b0cb5a3e7dccb1a9f1c975f35683f304e6
  subpackages:
  - job
  - output
  - suffixtree
  - syntax
  - syntax/golang
- name: github.com/Microsoft/go-winio
  version: fff283ad5116362ca252298cfc9b95828956d85d
- name: github.com/mitchellh/go-homedir
  version: b8bc1bf767474819792c23f32d8286a45736f1c6
- name: github.com/montanaflynn/stats
  version: f8cd06f93c6c1b06028caafb88b540fc820f77c1
- name: github.com/olekukonko/tablewriter
  version: a0225b3f23b5ce0cbec6d7a66a968f8a59eca9c4
- name: github.com/opencontainers/go-digest
  version: aa2ec055abd10d26d539eb630a92241b781ce4bc
- name: github.com/opentracing/basictracer-go
  version: 1b32af207119a14b1b231d451df3ed04a72efebf
  subpackages:
  - wire
- name: github.com/opentracing/opentracing-go
  version: 6edb48674bd9467b8e91fda004f2bd7202d60ce4
  subpackages:
  - ext
  - log
- name: github.com/petermattis/goid
  version: caab6446a35a918488a0f52d4b0bd088a60f3511
- name: github.com/pkg/errors
  version: ff09b135c25aae272398c51a07235b90a75aa4f0
- name: github.com/prometheus/client_model
  version: 6f3806018612930941127f2a7c6c453ba2c527d2
  subpackages:
  - go
- name: github.com/prometheus/common
  version: 49fee292b27bfff7f354ee0f64e1bc4850462edf
  subpackages:
  - expfmt
  - internal/bitbucket.org/ww/goautoneg
  - model
- name: github.com/rcrowley/go-metrics
  version: 1f30fe9094a513ce4c700b9a54458bbb0c96996c
  subpackages:
  - exp
- name: github.com/rlmcpherson/s3gof3r
  version: 864ae0bf7cf2e20c0002b7ea17f4d84fec1abc14
- name: github.com/rubyist/circuitbreaker
  version: 9d2405c9a39876d9c85a8d6cc8ce16b63eb83610
- name: github.com/russross/blackfriday
  version: 5f33e7b7878355cd2b7e6b8eefc48a5472c69f70
- name: github.com/sasha-s/go-deadlock
  version: 341000892f3dd25f440e6231e8533eb3688ed7ec
- name: github.com/satori/go.uuid
  version: 5bf94b69c6b68ee1b541973bb8e1144db23a194b
- name: github.com/shurcooL/sanitized_anchor_name
  version: 1dba4b3954bc059efc3991ec364f9f9a35f597d2
- name: github.com/Sirupsen/logrus
  version: 10f801ebc38b33738c9d17d50860f484a0988ff5
- name: github.com/spf13/cobra
  version: 7be4beda01ec05d0b93d80b3facd2b6f44080d94
  subpackages:
  - doc
- name: github.com/spf13/pflag
  version: d16db1e50e33dff1b6cdf37596cef36742128670
- name: github.com/StackExchange/wmi
  version: 9f32b5905fd6ce7384093f9d048437e79f7b4d85
- name: github.com/tebeka/go2xunit
  version: 13c29c7515e660c2d5ccc1a2122b9ca38826a949
  subpackages:
  - lib
- name: github.com/VividCortex/ewma
  version: c595cd886c223c6c28fc9ae2727a61b5e4693d85
- name: github.com/wadey/gocovmerge
  version: b5bfa59ec0adc420475f97f89b58045c721d761c
- name: golang.org/x/crypto
  version: 728b753d0135da6801d45a38e6f43ff55779c5c2
  subpackages:
  - bcrypt
  - blowfish
  - ssh/terminal
- name: golang.org/x/net
  version: a6577fac2d73be281a500b310739095313165611
  subpackages:
  - context
  - context/ctxhttp
  - http2
  - http2/hpack
  - idna
  - internal/timeseries
  - lex/httplex
  - proxy
  - trace
- name: golang.org/x/oauth2
  version: 7fdf09982454086d5570c7db3e11f360194830ca
  subpackages:
  - google
  - internal
  - jws
  - jwt
- name: golang.org/x/sync
  version: 5a06fca2c336a4b2b2fcb45702e8c47621b2aa2c
  subpackages:
  - errgroup
  - singleflight
- name: golang.org/x/sys
  version: e48874b42435b4347fc52bdee0424a52abc974d7
  subpackages:
  - unix
  - windows
- name: golang.org/x/text
  version: fc7fa097411d30e6708badff276c4c164425590c
  subpackages:
  - collate
  - internal/colltab
  - internal/tag
  - language
  - transform
  - unicode/norm
  - width
- name: golang.org/x/tools
  version: d63e2b22b05a9682de336cd4802bba367ed429e7
  subpackages:
  - cmd/goimports
  - cmd/goyacc
  - cmd/stringer
  - cover
  - go/ast/astutil
  - go/buildutil
  - go/gcexportdata
  - go/gcimporter15
  - go/loader
  - go/types/typeutil
  - imports
- name: google.golang.org/api
  version: 48e49d1645e228d1c50c3d54fb476b2224477303
  subpackages:
  - gensupport
  - googleapi
  - googleapi/internal/uritemplates
  - googleapi/transport
  - internal
  - iterator
  - option
  - storage/v1
  - transport
- name: google.golang.org/appengine
  version: 56d253d1dd14aa01937e12c73a0971bcfd797ff2
  subpackages:
  - internal
  - internal/app_identity
  - internal/base
  - internal/datastore
  - internal/log
  - internal/modules
  - internal/remote_api
  - internal/socket
  - internal/urlfetch
  - socket
  - urlfetch
- name: google.golang.org/grpc
  version: 9d55a95b90eb10d08a07e0213d23797dbd7b7552
  repo: https://github.com/andreimatei/grpc-go
  subpackages:
  - codes
  - credentials
  - credentials/oauth
  - grpclog
  - internal
  - keepalive
  - metadata
  - naming
  - peer
  - stats
  - tap
  - transport
- name: gopkg.in/yaml.v2
  version: a3f3340b5840cee44f372bddb5880fcbc419b46a
- name: honnef.co/go/tools
  version: 6c3814a19596cc3f3de23f0442023a5adbb28eb6
  subpackages:
  - callgraph
  - callgraph/static
  - functions
  - gcsizes
  - lint
  - lint/lintutil
  - simple
  - ssa
  - ssa/ssautil
  - staticcheck
  - staticcheck/vrp
  - unused
testImports:
- name: github.com/ghemawat/stream
  version: 78e682abcae4f96ac7ddbe39912967a5f7cbbaa6
- name: github.com/go-sql-driver/mysql
  version: 9dee4ca50b83acdf57a35fb9e6fb4be640afa2f3
- name: github.com/termie/go-shutil
  version: bcacb06fecaeec8dc42af03c87c6949f4a05c74c
