# This file is autogenerated, do not edit; changes may be undone by the next 'dep ensure'.


[[projects]]
  name = "cloud.google.com/go"
  packages = ["compute/metadata","iam","internal","internal/optional","internal/version","storage"]
  revision = "ed63fb27efcf32e25fe7837e4662457d3da4c4f2"

[[projects]]
  name = "github.com/Azure/azure-sdk-for-go"
  packages = ["storage"]
  revision = "8dd1f3ff407c300cff0a4bfedd969111ca5a7903"

[[projects]]
  name = "github.com/Azure/go-ansiterm"
  packages = [".","winterm"]
  revision = "fa152c58bc15761d0200cb75fe958b89a9d4888e"

[[projects]]
  name = "github.com/Azure/go-autorest"
  packages = ["autorest","autorest/azure","autorest/date"]
  revision = "a2fdd780c9a50455cecd249b00bdc3eb73a78e31"

[[projects]]
  branch = "2.x"
  name = "github.com/Masterminds/semver"
  packages = ["."]
  revision = "139cc0982c53f1367af5636b12b7643cd03757fc"

[[projects]]
  name = "github.com/Masterminds/vcs"
  packages = ["."]
  revision = "3084677c2c188840777bff30054f2b553729d329"
  version = "v1.11.1"

[[projects]]
  name = "github.com/Microsoft/go-winio"
  packages = ["."]
  revision = "d311c76e775b5092c023569caacdbb4e569c3243"

[[projects]]
  name = "github.com/Shopify/sarama"
  packages = ["."]
  revision = "c01858abb625b73a3af51d0798e4ad42c8147093"
  version = "v1.12.0"

[[projects]]
  name = "github.com/Sirupsen/logrus"
  packages = ["."]
  revision = "5e5dc898656f695e2a086b8e12559febbfc01562"

[[projects]]
  name = "github.com/StackExchange/wmi"
  packages = ["."]
  revision = "ea383cf3ba6ec950874b8486cd72356d007c768f"

[[projects]]
  name = "github.com/VividCortex/ewma"
  packages = ["."]
  revision = "c595cd886c223c6c28fc9ae2727a61b5e4693d85"

[[projects]]
  name = "github.com/abourget/teamcity"
  packages = ["."]
  revision = "e241104394f91bf4e65048f9ea5d0c0f3c25b35e"

[[projects]]
  name = "github.com/apache/thrift"
  packages = ["lib/go/thrift"]
  revision = "b2a4d4ae21c789b689dd162deb819665567f481c"
  version = "0.10.0"

[[projects]]
  name = "github.com/armon/go-radix"
  packages = ["."]
  revision = "4239b77079c7b5d1243b7b4736304ce8ddb6f0f2"

[[projects]]
  name = "github.com/aws/aws-sdk-go"
  packages = ["aws","aws/awserr","aws/awsutil","aws/client","aws/client/metadata","aws/corehandlers","aws/credentials","aws/credentials/ec2rolecreds","aws/credentials/endpointcreds","aws/credentials/stscreds","aws/defaults","aws/ec2metadata","aws/endpoints","aws/request","aws/session","aws/signer/v4","private/protocol","private/protocol/query","private/protocol/query/queryutil","private/protocol/rest","private/protocol/restxml","private/protocol/xml/xmlutil","service/s3","service/sts"]
  revision = "0032dd29f2a063a66a9f4b44bf6664da3a5b71cc"

[[projects]]
  name = "github.com/backtrace-labs/go-bcd"
  packages = ["."]
  revision = "4ad9137a248599da4b00da0be6e71a75c9e1b8d9"

[[projects]]
  name = "github.com/biogo/store"
  packages = ["llrb"]
  revision = "913427a1d5e89604e50ea1db0f28f34966d61602"

[[projects]]
  name = "github.com/cenk/backoff"
  packages = ["."]
  revision = "5d150e7eec023ce7a124856b37c68e54b4050ac7"

[[projects]]
  name = "github.com/certifi/gocertifi"
  packages = ["."]
  revision = "a9c833d2837d3b16888d55d5aafa9ffe9afb22b0"
  version = "2017.04.17"

[[projects]]
  branch = "master"
  name = "github.com/chzyer/readline"
  packages = ["."]
  revision = "8ca065f6f7703ba76dfd61a8af7c3426b54e650e"
  source = "https://github.com/cockroachdb/readline"

[[projects]]
  name = "github.com/client9/misspell"
  packages = [".","cmd/misspell"]
  revision = "b5fc83876cd1bf9fbb4e39afa9e503c83edce3b5"

[[projects]]
  branch = "master"
  name = "github.com/cockroachdb/apd"
  packages = ["."]
  revision = "f03b0011b0efc3437be20fa3979ae89082de8861"

[[projects]]
  name = "github.com/cockroachdb/cmux"
  packages = ["."]
  revision = "30d10be492927e2dcae0089c374c455d42414fcb"

[[projects]]
  name = "github.com/cockroachdb/cockroach-go"
  packages = ["crdb"]
  revision = "6fd53f6d2eea06acb0c7f7aa88e0547acb32441b"

[[projects]]
  name = "github.com/cockroachdb/crlfmt"
  packages = ["."]
  revision = "ec6cff36e0bd2fa9e2ecd36b9fd6ea70568ad3ce"

[[projects]]
  name = "github.com/cockroachdb/returncheck"
  packages = ["."]
  revision = "e91bb28baf9de4a530d3ae7f041953b23dcce9be"

[[projects]]
  branch = "master"
  name = "github.com/cockroachdb/stress"
  packages = ["."]
  revision = "60f5b5fa410fdfd786059ccb56d468691f2305aa"

[[projects]]
  name = "github.com/codahale/hdrhistogram"
  packages = ["."]
  revision = "3a0bb77429bd3a61596f5e8a3172445844342120"

[[projects]]
  branch = "master"
  name = "github.com/coreos/etcd"
  packages = ["raft","raft/raftpb"]
  revision = "a9b9ef5640a2d0df0e3b9a23360ecd85eac22604"

[[projects]]
  name = "github.com/cpuguy83/go-md2man"
  packages = ["md2man"]
  revision = "bcc0a711c5e6bbe72c7cb13d81c7109b45267fd2"

[[projects]]
  name = "github.com/davecgh/go-spew"
  packages = ["spew"]
  revision = "346938d642f2ec3594ed81d874461961cd0faa76"
  version = "v1.1.0"

[[projects]]
  name = "github.com/dgrijalva/jwt-go"
  packages = ["."]
  revision = "d2709f9f1f31ebcda9651b03077758c1f3a0018c"
  version = "v3.0.0"

[[projects]]
  name = "github.com/docker/distribution"
  packages = ["digestset","reference"]
  revision = "a528cc1fc338bd00036dbf1315a74c2ee458b094"

[[projects]]
  name = "github.com/docker/docker"
  packages = ["api/types","api/types/blkiodev","api/types/container","api/types/events","api/types/filters","api/types/mount","api/types/network","api/types/reference","api/types/registry","api/types/strslice","api/types/swarm","api/types/time","api/types/versions","api/types/volume","client","pkg/jsonlog","pkg/jsonmessage","pkg/namesgenerator","pkg/random","pkg/stdcopy","pkg/term","pkg/term/windows","pkg/tlsconfig"]
  revision = "7248742ae7127347a52ab9d215451c213b7b59da"

[[projects]]
  name = "github.com/docker/go-connections"
  packages = ["nat","sockets","tlsconfig"]
  revision = "e15c02316c12de00874640cd76311849de2aeed5"

[[projects]]
  name = "github.com/docker/go-units"
  packages = ["."]
  revision = "0dadbb0345b35ec7ef35e228dabb8de89a65bf52"

[[projects]]
  name = "github.com/dustin/go-humanize"
  packages = ["."]
  revision = "259d2a102b871d17f30e3cd9881a642961a1e486"

[[projects]]
  name = "github.com/eapache/go-resiliency"
  packages = ["breaker"]
  revision = "6800482f2c813e689c88b7ed3282262385011890"
  version = "v1.0.0"

[[projects]]
  branch = "master"
  name = "github.com/eapache/go-xerial-snappy"
  packages = ["."]
  revision = "bb955e01b9346ac19dc29eb16586c90ded99a98c"

[[projects]]
  name = "github.com/eapache/queue"
  packages = ["."]
  revision = "ded5959c0d4e360646dc9e9908cff48666781367"
  version = "v1.0.2"

[[projects]]
  name = "github.com/elastic/gosigar"
  packages = [".","sys/windows"]
  revision = "6c665a6256a84b6a2d1e207216e0e0d315e84135"

[[projects]]
  name = "github.com/elazarl/go-bindata-assetfs"
  packages = ["."]
  revision = "30f82fa23fd844bd5bb1e5f216db87fd77b5eb43"

[[projects]]
  name = "github.com/facebookgo/clock"
  packages = ["."]
  revision = "600d898af40aa09a7a93ecb9265d87b0504b6f03"

[[projects]]
  name = "github.com/getsentry/raven-go"
  packages = ["."]
  revision = "221b2b44fb33f84ed3ea13f3aed62ff48c85636b"
  source = "https://github.com/cockroachdb/raven-go"

[[projects]]
  name = "github.com/ghemawat/stream"
  packages = ["."]
  revision = "78e682abcae4f96ac7ddbe39912967a5f7cbbaa6"

[[projects]]
  name = "github.com/go-ini/ini"
  packages = ["."]
  revision = "e7fea39b01aea8d5671f6858f0532f56e8bff3a5"

[[projects]]
  name = "github.com/go-logfmt/logfmt"
  packages = ["."]
  revision = "390ab7935ee28ec6b286364bba9b4dd6410cb3d5"
  version = "v0.3.0"

[[projects]]
  name = "github.com/go-ole/go-ole"
  packages = [".","oleutil"]
  revision = "de8695c8edbf8236f30d6e1376e20b198a028d42"

[[projects]]
  name = "github.com/go-sql-driver/mysql"
  packages = ["."]
  revision = "382e13d099fcf5f5994290892ab258fbebbdc5e3"

[[projects]]
  branch = "v2"
  name = "github.com/go-yaml/yaml"
  packages = ["."]
  revision = "cd8b52f8269e0feb286dfeef29f8fe4d5b397e0b"

[[projects]]
  name = "github.com/gogo/protobuf"
  packages = ["gogoproto","jsonpb","plugin/compare","plugin/defaultcheck","plugin/description","plugin/embedcheck","plugin/enumstringer","plugin/equal","plugin/face","plugin/gostring","plugin/marshalto","plugin/oneofcheck","plugin/populate","plugin/size","plugin/stringer","plugin/testgen","plugin/union","plugin/unmarshal","proto","protoc-gen-gogo/descriptor","protoc-gen-gogo/generator","protoc-gen-gogo/grpc","protoc-gen-gogo/plugin","sortkeys","types","vanity","vanity/command"]
  revision = "100ba4e885062801d56799d78530b73b178a78f3"

[[projects]]
  name = "github.com/golang/dep"
  packages = [".","cmd/dep","internal/feedback","internal/fs","internal/gps","internal/gps/paths","internal/gps/pkgtree"]
  revision = "f4027efdd10ab0e7561e53f92953d71f3d8c52a9"

[[projects]]
  name = "github.com/golang/glog"
  packages = ["."]
  revision = "23def4e6c14b4da8ac2ed8007337bc5eb5007998"

[[projects]]
  branch = "master"
  name = "github.com/golang/leveldb"
  packages = ["crc","db","memfs","table"]
  revision = "259d9253d71996b7778a3efb4144fe4892342b18"

[[projects]]
  name = "github.com/golang/lint"
  packages = [".","golint"]
  revision = "cb00e5669539f047b2f4c53a421a01b0c8e172c6"

[[projects]]
  name = "github.com/golang/protobuf"
  packages = ["jsonpb","proto","protoc-gen-go/descriptor","protoc-gen-go/generator","protoc-gen-go/plugin","ptypes/any","ptypes/timestamp"]
  revision = "c9c7427a2a70d2eb3bafa0ab2dc163e45f143317"

[[projects]]
  name = "github.com/golang/snappy"
  packages = ["."]
  revision = "553a641470496b2327abcac10b36396bd98e45c9"

[[projects]]
  name = "github.com/google/btree"
  packages = ["."]
  revision = "316fb6d3f031ae8f4d457c6c5186b9e3ded70435"

[[projects]]
  name = "github.com/google/go-github"
  packages = ["github"]
  revision = "4b7b445665c8ce4f3c10c753b1884e2c4f09e323"

[[projects]]
  name = "github.com/google/go-querystring"
  packages = ["query"]
  revision = "53e6ce116135b80d037921a7fdd5138cf32d7a8a"

[[projects]]
  name = "github.com/google/pprof"
  packages = [".","driver","internal/binutils","internal/driver","internal/elfexec","internal/graph","internal/measurement","internal/plugin","internal/report","internal/symbolizer","internal/symbolz","profile","third_party/svg"]
  revision = "c0fb62ec88c411cc91194465e54db2632845b650"

[[projects]]
  name = "github.com/googleapis/gax-go"
  packages = ["."]
  revision = "9af46dd5a1713e8b5cd71106287eba3cefdde50b"

[[projects]]
  branch = "master"
  name = "github.com/grpc-ecosystem/grpc-gateway"
  packages = ["protoc-gen-grpc-gateway","protoc-gen-grpc-gateway/descriptor","protoc-gen-grpc-gateway/generator","protoc-gen-grpc-gateway/gengateway","protoc-gen-grpc-gateway/httprule","runtime","runtime/internal","utilities"]
  revision = "f2862b476edcef83412c7af8687c9cd8e4097c0f"

[[projects]]
  name = "github.com/grpc-ecosystem/grpc-opentracing"
  packages = ["go/otgrpc"]
  revision = "6c130eed1e297e1aa4d415a50c90d0c81c52677e"

[[projects]]
  name = "github.com/hashicorp/go-version"
  packages = ["."]
  revision = "03c5bf6be031b6dd45afec16b1cf94fc8938bc77"

[[projects]]
  name = "github.com/ianlancetaylor/cgosymbolizer"
  packages = ["."]
  revision = "7c5585d44729f382a061b64ec9e7123724abe529"

[[projects]]
  name = "github.com/ianlancetaylor/demangle"
  packages = ["."]
  revision = "4883227f66371e02c4948937d3e2be1664d9be38"

[[projects]]
  name = "github.com/inconshreveable/mousetrap"
  packages = ["."]
  revision = "76626ae9c91c4f2a10f34cad8ce83ea42c93bb75"

[[projects]]
  name = "github.com/jmespath/go-jmespath"
  packages = ["."]
  revision = "bd40a432e4c76585ef6b72d3fd96fb9b6dc7b68d"

[[projects]]
  name = "github.com/jteeuwen/go-bindata"
  packages = [".","go-bindata"]
  revision = "a0ff2567cfb70903282db057e799fd826784d41d"

[[projects]]
  name = "github.com/kisielk/errcheck"
  packages = [".","internal/errcheck"]
  revision = "23699b7e2cbfdb89481023524954ba2aeff6be90"

[[projects]]
  name = "github.com/kisielk/gotool"
  packages = ["."]
  revision = "0de1eaf82fa3f583ce21fde859f1e7e0c5e9b220"

[[projects]]
  name = "github.com/knz/strtime"
  packages = ["."]
  revision = "813725a7c183ac304d1ed8fb7e37a567733e9c05"

[[projects]]
  branch = "master"
  name = "github.com/kr/fs"
  packages = ["."]
  revision = "2788f0dbd16903de03cb8186e5c7d97b69ad387b"

[[projects]]
  branch = "master"
  name = "github.com/kr/logfmt"
  packages = ["."]
  revision = "b84e30acd515aadc4b783ad4ff83aff3299bdfe0"

[[projects]]
  name = "github.com/kr/pretty"
  packages = ["."]
  revision = "cfb55aafdaf3ec08f0db22699ab822c50091b1c4"

[[projects]]
  name = "github.com/kr/text"
  packages = ["."]
  revision = "7cafcd837844e784b526369c9bce262804aebc60"

[[projects]]
  name = "github.com/lib/pq"
  packages = [".","oid"]
  revision = "472a0745531a17dbac346e828b4c60e73ddff30c"

[[projects]]
  branch = "master"
  name = "github.com/lightstep/lightstep-tracer-go"
  packages = [".","basictracer","collectorpb","lightstep_thrift","lightsteppb","thrift_0_9_2/lib/go/thrift","thrift_rpc"]
  revision = "7a9b172199f2df79def78707aaba049a191e74f2"

[[projects]]
  name = "github.com/mattn/go-isatty"
  packages = ["."]
  revision = "fc9e8d8ef48496124e79ae0df75490096eccf6fe"

[[projects]]
  name = "github.com/mattn/go-runewidth"
  packages = ["."]
  revision = "9e777a8366cce605130a531d2cd6363d07ad7317"
  version = "v0.0.2"

[[projects]]
  name = "github.com/mattn/goveralls"
  packages = ["."]
  revision = "a2cbbd7cdce4f5e051016fedf639c64bb05ef031"

[[projects]]
  name = "github.com/matttproud/golang_protobuf_extensions"
  packages = ["pbutil"]
  revision = "c12348ce28de40eed0136aa2b644d0ee0650e56c"

[[projects]]
  name = "github.com/mdempsky/unconvert"
  packages = ["."]
  revision = "beb68d938016d2dec1d1b078054f4d3db25f97be"

[[projects]]
  name = "github.com/mibk/dupl"
  packages = [".","job","output","suffixtree","syntax","syntax/golang"]
  revision = "3447d9b0cb5a3e7dccb1a9f1c975f35683f304e6"

[[projects]]
  name = "github.com/mitchellh/reflectwalk"
  packages = ["."]
  revision = "8d802ff4ae93611b807597f639c19f76074df5c6"

[[projects]]
  name = "github.com/montanaflynn/stats"
  packages = ["."]
  revision = "41c34e4914ec3c05d485e564d9028d8861d5d9ad"

[[projects]]
  name = "github.com/olekukonko/tablewriter"
  packages = ["."]
  revision = "a0225b3f23b5ce0cbec6d7a66a968f8a59eca9c4"

[[projects]]
  name = "github.com/opencontainers/go-digest"
  packages = ["."]
  revision = "eaa60544f31ccf3b0653b1a118b76d33418ff41b"
  version = "v1.0.0-rc0"

[[projects]]
  name = "github.com/opentracing/opentracing-go"
  packages = [".","ext","log"]
  revision = "eaaf4e1eeb7a5373b38e70901270c83577dc6fb9"

[[projects]]
  name = "github.com/openzipkin/zipkin-go-opentracing"
  packages = [".","_thrift/gen-go/scribe","_thrift/gen-go/zipkincore","flag","types","wire"]
  revision = "d88c90182f3fb514be54a1c7adc11a04d41c7da9"
  version = "v0.2.4"

[[projects]]
  name = "github.com/pelletier/go-buffruneio"
  packages = ["."]
  revision = "c37440a7cf42ac63b919c752ca73a85067e05992"
  version = "v0.2.0"

[[projects]]
  branch = "master"
  name = "github.com/pelletier/go-toml"
  packages = ["."]
  revision = "fe7536c3dee2596cdd23ee9976a17c22bdaae286"

[[projects]]
  name = "github.com/petar/GoLLRB"
  packages = ["llrb"]
  revision = "53be0d36a84c2a886ca057d34b6aa4468df9ccb4"

[[projects]]
  name = "github.com/petermattis/goid"
  packages = ["."]
  revision = "0ded85884ba5c4c9267fcd5a149061f7c3455eee"

[[projects]]
  name = "github.com/pierrec/lz4"
  packages = ["."]
  revision = "5c9560bfa9ace2bf86080bf40d46b34ae44604df"
  version = "v1.0"

[[projects]]
  name = "github.com/pierrec/xxHash"
  packages = ["xxHash32"]
  revision = "f051bb7f1d1aaf1b5a665d74fb6b0217712c69f7"
  version = "v0.1.1"

[[projects]]
  name = "github.com/pkg/errors"
  packages = ["."]
  revision = "c605e284fe17294bda444b34710735b29d1a9d90"
  version = "v0.8.0"

[[projects]]
  branch = "master"
  name = "github.com/pkg/sftp"
  packages = ["."]
  revision = "22f089b9c4056cf774ebd695b687d469f2ad4650"

[[projects]]
  name = "github.com/prometheus/client_model"
  packages = ["go"]
  revision = "6f3806018612930941127f2a7c6c453ba2c527d2"

[[projects]]
  name = "github.com/prometheus/common"
  packages = ["expfmt","internal/bitbucket.org/ww/goautoneg","model"]
  revision = "49fee292b27bfff7f354ee0f64e1bc4850462edf"

[[projects]]
  name = "github.com/rcrowley/go-metrics"
  packages = [".","exp"]
  revision = "1f30fe9094a513ce4c700b9a54458bbb0c96996c"

[[projects]]
  name = "github.com/rlmcpherson/s3gof3r"
  packages = ["."]
  revision = "864ae0bf7cf2e20c0002b7ea17f4d84fec1abc14"

[[projects]]
  name = "github.com/rubyist/circuitbreaker"
  packages = ["."]
  revision = "2074adba5ddc7d5f7559448a9c3066573521c5bf"

[[projects]]
  name = "github.com/russross/blackfriday"
  packages = ["."]
  revision = "0ba0f2b6ed7c475a92e4df8641825cb7a11d1fa3"

[[projects]]
  name = "github.com/sasha-s/go-deadlock"
  packages = ["."]
  revision = "341000892f3dd25f440e6231e8533eb3688ed7ec"

[[projects]]
  name = "github.com/satori/go.uuid"
  packages = ["."]
  revision = "5bf94b69c6b68ee1b541973bb8e1144db23a194b"

[[projects]]
  name = "github.com/sdboyer/constext"
  packages = ["."]
  revision = "836a144573533ea4da4e6929c235fd348aed1c80"

[[projects]]
  name = "github.com/spf13/cobra"
  packages = [".","doc"]
  revision = "7aeaa2cce6ae7e18d2a6ee597b60ee137e999bd9"

[[projects]]
  name = "github.com/spf13/pflag"
  packages = ["."]
  revision = "e57e3eeb33f795204c1ca35f56c44f83227c6e66"

[[projects]]
  name = "github.com/tebeka/go2xunit"
  packages = ["lib"]
  revision = "3d745e6f4de3e1e94034d7cfb3cc0c543b080b49"

[[projects]]
  name = "github.com/wadey/gocovmerge"
  packages = ["."]
  revision = "b5bfa59ec0adc420475f97f89b58045c721d761c"

[[projects]]
  name = "golang.org/x/crypto"
  packages = ["bcrypt","blowfish","curve25519","ed25519","ed25519/internal/edwards25519","ssh","ssh/terminal"]
  revision = "728b753d0135da6801d45a38e6f43ff55779c5c2"

[[projects]]
  branch = "master"
  name = "golang.org/x/net"
  packages = ["context","context/ctxhttp","http2","http2/hpack","idna","internal/timeseries","lex/httplex","proxy","trace"]
  revision = "b3756b4b77d7b13260a0a2ec658753cf48922eac"

[[projects]]
  name = "golang.org/x/oauth2"
  packages = [".","google","internal","jws","jwt"]
  revision = "f047394b6d14284165300fd82dad67edb3a4d7f6"

[[projects]]
  name = "golang.org/x/perf"
  packages = ["benchstat","cmd/benchstat","internal/stats","storage","storage/benchfmt"]
  revision = "844f0140c89c0be84e3d3143f075ccff10819462"

[[projects]]
  name = "golang.org/x/sync"
  packages = ["errgroup","singleflight","syncmap"]
  revision = "f52d1811a62927559de87708c8913c1650ce4f26"

[[projects]]
  name = "golang.org/x/sys"
  packages = ["unix","windows"]
  revision = "1e4778a9a153163315e71a39674fbe87fe8f30a5"

[[projects]]
  name = "golang.org/x/text"
  packages = ["collate","collate/build","internal/colltab","internal/gen","internal/tag","internal/triegen","internal/ucd","language","secure/bidirule","transform","unicode/bidi","unicode/cldr","unicode/norm","unicode/rangetable","width"]
  revision = "470f45bf29f4147d6fbd7dfd0a02a848e49f5bf4"

[[projects]]
  name = "golang.org/x/time"
  packages = ["rate"]
  revision = "8be79e1e0910c292df4e79c241bb7e8f7e725959"

[[projects]]
  name = "golang.org/x/tools"
  packages = ["cmd/goimports","cmd/goyacc","cmd/stringer","cover","go/ast/astutil","go/buildutil","go/gcexportdata","go/gcimporter15","go/loader","go/types/typeutil","imports"]
  revision = "bf4b54dc687c73b6ef63de8b8abf0ad3951e3edc"

[[projects]]
  name = "google.golang.org/api"
  packages = ["gensupport","googleapi","googleapi/internal/uritemplates","googleapi/transport","internal","iterator","option","storage/v1","transport"]
  revision = "1377dd16e29553e6d668e68fd207a75a66574646"

[[projects]]
  name = "google.golang.org/appengine"
  packages = [".","internal","internal/app_identity","internal/base","internal/datastore","internal/log","internal/modules","internal/remote_api","internal/socket","internal/urlfetch","socket","urlfetch"]
  revision = "170382fa85b10b94728989dfcf6cc818b335c952"

[[projects]]
  name = "google.golang.org/genproto"
  packages = ["googleapis/api/annotations","googleapis/iam/v1","googleapis/rpc/status"]
  revision = "bb3573be0c484136831138976d444b8754777aff"

[[projects]]
  name = "google.golang.org/grpc"
  packages = [".","codes","credentials","credentials/oauth","grpclb/grpc_lb_v1","grpclog","internal","keepalive","metadata","naming","peer","stats","status","tap","transport"]
  revision = "172ccacff3cfbddedcf1ba5ea06cda943bc976c1"
  version = "v1.5.0"

[[projects]]
  name = "gopkg.in/yaml.v2"
  packages = ["."]
  revision = "a3f3340b5840cee44f372bddb5880fcbc419b46a"

[[projects]]
  name = "honnef.co/go/tools"
  packages = ["callgraph","callgraph/static","functions","gcsizes","internal/sharedcheck","lint","lint/lintutil","simple","ssa","ssa/ssautil","staticcheck","staticcheck/vrp","unused"]
  revision = "aeda00f7ca49ce710df354fc703b08d94d3a23c0"

[solve-meta]
  analyzer-name = "dep"
  analyzer-version = 1
  inputs-digest = "f7ab65f3b9d17385a080aadceac05318a94426aac13787c92c6c681480a67411"
  solver-name = "gps-cdcl"
  solver-version = 1
