lockfileVersion: '6.0'

devDependencies:
  chalk:
    specifier: ^1.1.3
    version: 1.1.3
  escodegen:
    specifier: ^1.8.1
    version: 1.14.3
  espree:
    specifier: ^3.1.3
    version: 3.5.4
  estraverse:
    specifier: ^4.2.0
    version: 4.3.0
  glob:
    specifier: ^7.1.1
    version: 7.1.7
  jsdoc:
    specifier: ^3.4.2
    version: 3.6.7
  minimist:
    specifier: ^1.2.0
    version: 1.2.5
  protobufjs:
    specifier: 6.8.6
    version: 6.8.6
  semver:
    specifier: ^5.3.0
    version: 5.7.1
  tmp:
    specifier: 0.0.33
    version: 0.0.33
  uglify-js:
    specifier: ^2.8.15
    version: 2.8.29

packages:

  /@babel/helper-string-parser@7.22.5:
    resolution: {integrity: sha512-mM4COjgZox8U+JcXQwPijIZLElkgEpO5rsERVDJTc2qfCDfERyob6k5WegS14SX18IIjv+XD+GrqNumY5JRCDw==}
    engines: {node: '>=6.9.0'}
    dev: true

  /@babel/helper-validator-identifier@7.22.5:
    resolution: {integrity: sha512-aJXu+6lErq8ltp+JhkJUfk1MTGyuA4v7f3pA+BJ5HLfNC6nAQ0Cpi9uOquUj8Hehg0aUiHzWQbOVJGao6ztBAQ==}
    engines: {node: '>=6.9.0'}
    dev: true

  /@babel/parser@7.14.7:
    resolution: {integrity: sha512-X67Z5y+VBJuHB/RjwECp8kSl5uYi0BvRbNeWqkaJCVh+LiTPl19WBUfG627psSgp9rSf6ojuXghQM3ha6qHHdA==}
    engines: {node: '>=6.0.0'}
    hasBin: true
    dependencies:
      '@babel/types': 7.22.5
    dev: true

  /@babel/types@7.22.5:
    resolution: {integrity: sha512-zo3MIHGOkPOfoRXitsgHLjEXmlDaD/5KU1Uzuc9GNiZPhSqVxVRtxuPaSBZDsYZ9qV88AjtMtWW7ww98loJ9KA==}
    engines: {node: '>=6.9.0'}
    dependencies:
      '@babel/helper-string-parser': 7.22.5
      '@babel/helper-validator-identifier': 7.22.5
      to-fast-properties: 2.0.0
    dev: true

  /@protobufjs/aspromise@1.1.2:
    resolution: {integrity: sha512-j+gKExEuLmKwvz3OgROXtrJ2UG2x8Ch2YZUxahh+s1F2HZ+wAceUNLkvy6zKCPVRkU++ZWQrdxsUeQXmcg4uoQ==}
    dev: true

  /@protobufjs/base64@1.1.2:
    resolution: {integrity: sha512-AZkcAA5vnN/v4PDqKyMR5lx7hZttPDgClv83E//FMNhR2TMcLUhfRUBHCmSl0oi9zMgDDqRUJkSxO3wm85+XLg==}
    dev: true

  /@protobufjs/codegen@2.0.4:
    resolution: {integrity: sha512-YyFaikqM5sH0ziFZCN3xDC7zeGaB/d0IUb9CATugHWbd1FRFwWwt4ld4OYMPWu5a3Xe01mGAULCdqhMlPl29Jg==}
    dev: true

  /@protobufjs/eventemitter@1.1.0:
    resolution: {integrity: sha512-j9ednRT81vYJ9OfVuXG6ERSTdEL1xVsNgqpkxMsbIabzSo3goCjDIveeGv5d03om39ML71RdmrGNjG5SReBP/Q==}
    dev: true

  /@protobufjs/fetch@1.1.0:
    resolution: {integrity: sha512-lljVXpqXebpsijW71PZaCYeIcE5on1w5DlQy5WH6GLbFryLUrBD4932W/E2BSpfRJWseIL4v/KPgBFxDOIdKpQ==}
    dependencies:
      '@protobufjs/aspromise': 1.1.2
      '@protobufjs/inquire': 1.1.0
    dev: true

  /@protobufjs/float@1.0.2:
    resolution: {integrity: sha512-Ddb+kVXlXst9d+R9PfTIxh1EdNkgoRe5tOX6t01f1lYWOvJnSPDBlG241QLzcyPdoNTsblLUdujGSE4RzrTZGQ==}
    dev: true

  /@protobufjs/inquire@1.1.0:
    resolution: {integrity: sha512-kdSefcPdruJiFMVSbn801t4vFK7KB/5gd2fYvrxhuJYg8ILrmn9SKSX2tZdV6V+ksulWqS7aXjBcRXl3wHoD9Q==}
    dev: true

  /@protobufjs/path@1.1.2:
    resolution: {integrity: sha512-6JOcJ5Tm08dOHAbdR3GrvP+yUUfkjG5ePsHYczMFLq3ZmMkAD98cDgcT2iA1lJ9NVwFd4tH/iSSoe44YWkltEA==}
    dev: true

  /@protobufjs/pool@1.1.0:
    resolution: {integrity: sha512-0kELaGSIDBKvcgS4zkjz1PeddatrjYcmMWOlAuAPwAeccUrPHdUqo/J6LiymHHEiJT5NrF1UVwxY14f+fy4WQw==}
    dev: true

  /@protobufjs/utf8@1.1.0:
    resolution: {integrity: sha512-Vvn3zZrhQZkkBE8LSuW3em98c0FwgO4nxzv6OdSxPKJIEKY2bGbHn+mhGIPerzI4twdxaP8/0+06HBpwf345Lw==}
    dev: true

  /@types/long@3.0.32:
    resolution: {integrity: sha512-ZXyOOm83p7X8p3s0IYM3VeueNmHpkk/yMlP8CLeOnEcu6hIwPH7YjZBvhQkR0ZFS2DqZAxKtJ/M5fcuv3OU5BA==}
    dev: true

  /@types/node@8.10.66:
    resolution: {integrity: sha512-tktOkFUA4kXx2hhhrB8bIFb5TbwzS4uOhKEmwiD+NoiL0qtP2OQ9mFldbgD4dV1djrlBYP6eBuQZiWjuHUpqFw==}
    dev: true

  /acorn-jsx@3.0.1:
    resolution: {integrity: sha512-AU7pnZkguthwBjKgCg6998ByQNIMjbuDQZ8bb78QAFZwPfmKia8AIzgY/gWgqCjnht8JLdXmB4YxA0KaV60ncQ==}
    dependencies:
      acorn: 3.3.0
    dev: true

  /acorn@3.3.0:
    resolution: {integrity: sha512-OLUyIIZ7mF5oaAUT1w0TFqQS81q3saT46x8t7ukpPjMNk+nbs4ZHhs7ToV8EWnLYLepjETXd4XaCE4uxkMeqUw==}
    engines: {node: '>=0.4.0'}
    hasBin: true
    dev: true

  /acorn@5.7.4:
    resolution: {integrity: sha512-1D++VG7BhrtvQpNbBzovKNc1FLGGEE/oGe7b9xJm/RFHMBeUaUGpluV9RLjZa47YFdPcDAenEYuq9pQPcMdLJg==}
    engines: {node: '>=0.4.0'}
    hasBin: true
    dev: true

  /align-text@0.1.4:
    resolution: {integrity: sha512-GrTZLRpmp6wIC2ztrWW9MjjTgSKccffgFagbNDOX95/dcjEcYZibYTeaOntySQLcdw1ztBoFkviiUvTMbb9MYg==}
    engines: {node: '>=0.10.0'}
    dependencies:
      kind-of: 3.2.2
      longest: 1.0.1
      repeat-string: 1.6.1
    dev: true

  /ansi-regex@2.1.1:
    resolution: {integrity: sha512-TIGnTpdo+E3+pCyAluZvtED5p5wCqLdezCyhPZzKPcxvFplEt4i+W7OONCKgeZFT3+y5NZZfOOS/Bdcanm1MYA==}
    engines: {node: '>=0.10.0'}
    dev: true

  /ansi-styles@2.2.1:
    resolution: {integrity: sha512-kmCevFghRiWM7HB5zTPULl4r9bVFSWjz62MhqizDGUrq2NWuNMQyuv4tHHoKJHs69M/MF64lEcHdYIocrdWQYA==}
    engines: {node: '>=0.10.0'}
    dev: true

  /argparse@1.0.10:
    resolution: {integrity: sha512-o5Roy6tNG4SL/FOkCAN6RzjiakZS25RLYFrcMttJqbdd8BWrnA+fGz57iN5Pb06pvBGvl5gQ0B48dJlslXvoTg==}
    dependencies:
      sprintf-js: 1.0.3
    dev: true

  /balanced-match@1.0.2:
    resolution: {integrity: sha512-3oSeUO0TMV67hN1AmbXsK4yaqU7tjiHlbxRDZOpH0KW9+CeX4bRAaX0Anxt0tx2MrpRpWwQaPwIlISEJhYU5Pw==}
    dev: true

  /bluebird@3.7.2:
    resolution: {integrity: sha512-XpNj6GDQzdfW+r2Wnn7xiSAd7TM3jzkxGXBGTtWKuSXv1xUV+azxAm8jdWZN06QTQk+2N2XB9jRDkvbmQmcRtg==}
    dev: true

  /brace-expansion@1.1.11:
    resolution: {integrity: sha512-iCuPHDFgrHX7H2vEI/5xpz07zSHB00TpugqhmYtVmMO6518mCuRMoOYFldEBl0g187ufozdaHgWKcYFb61qGiA==}
    dependencies:
      balanced-match: 1.0.2
      concat-map: 0.0.1
    dev: true

  /camelcase@1.2.1:
    resolution: {integrity: sha512-wzLkDa4K/mzI1OSITC+DUyjgIl/ETNHE9QvYgy6J6Jvqyyz4C0Xfd+lQhb19sX2jMpZV4IssUn0VDVmglV+s4g==}
    engines: {node: '>=0.10.0'}
    dev: true

  /catharsis@0.9.0:
    resolution: {integrity: sha512-prMTQVpcns/tzFgFVkVp6ak6RykZyWb3gu8ckUpd6YkTlacOd3DXGJjIpD4Q6zJirizvaiAjSSHlOsA+6sNh2A==}
    engines: {node: '>= 10'}
    dependencies:
      lodash: 4.17.21
    dev: true

  /center-align@0.1.3:
    resolution: {integrity: sha512-Baz3aNe2gd2LP2qk5U+sDk/m4oSuwSDcBfayTCTBoWpfIGO5XFxPmjILQII4NGiZjD6DoDI6kf7gKaxkf7s3VQ==}
    engines: {node: '>=0.10.0'}
    dependencies:
      align-text: 0.1.4
      lazy-cache: 1.0.4
    dev: true

  /chalk@1.1.3:
    resolution: {integrity: sha512-U3lRVLMSlsCfjqYPbLyVv11M9CPW4I728d6TCKMAOJueEeB9/8o+eSsMnxPJD+Q+K909sdESg7C+tIkoH6on1A==}
    engines: {node: '>=0.10.0'}
    dependencies:
      ansi-styles: 2.2.1
      escape-string-regexp: 1.0.5
      has-ansi: 2.0.0
      strip-ansi: 3.0.1
      supports-color: 2.0.0
    dev: true

  /cliui@2.1.0:
    resolution: {integrity: sha512-GIOYRizG+TGoc7Wgc1LiOTLare95R3mzKgoln+Q/lE4ceiYH19gUpl0l0Ffq4lJDEf3FxujMe6IBfOCs7pfqNA==}
    dependencies:
      center-align: 0.1.3
      right-align: 0.1.3
      wordwrap: 0.0.2
    dev: true

  /concat-map@0.0.1:
    resolution: {integrity: sha512-/Srv4dswyQNBfohGpz9o6Yb3Gz3SrUDqBH5rTuhGR7ahtlbYKnVxw2bCFMRljaA7EXHaXZ8wsHdodFvbkhKmqg==}
    dev: true

  /decamelize@1.2.0:
    resolution: {integrity: sha512-z2S+W9X73hAUUki+N+9Za2lBlun89zigOyGrsax+KUQ6wKW4ZoWpEYBkGhQjwAjjDCkWxhY0VKEhk8wzY7F5cA==}
    engines: {node: '>=0.10.0'}
    dev: true

  /deep-is@0.1.3:
    resolution: {integrity: sha512-GtxAN4HvBachZzm4OnWqc45ESpUCMwkYcsjnsPs23FwJbsO+k4t0k9bQCgOmzIlpHO28+WPK/KRbRk0DDHuuDw==}
    dev: true

  /entities@2.0.3:
    resolution: {integrity: sha512-MyoZ0jgnLvB2X3Lg5HqpFmn1kybDiIfEQmKzTb5apr51Rb+T3KdmMiqa70T+bhGnyv7bQ6WMj2QMHpGMmlrUYQ==}
    dev: true

  /escape-string-regexp@1.0.5:
    resolution: {integrity: sha512-vbRorB5FUQWvla16U8R/qgaFIya2qGzwDrNmCZuYKrbdSUMG6I1ZCGQRefkRVhuOkIGVne7BQ35DSfo1qvJqFg==}
    engines: {node: '>=0.8.0'}
    dev: true

  /escape-string-regexp@2.0.0:
    resolution: {integrity: sha512-UpzcLCXolUWcNu5HtVMHYdXJjArjsF9C0aNnquZYY4uW/Vu0miy5YoWvbV345HauVvcAUnpRuhMMcqTcGOY2+w==}
    engines: {node: '>=8'}
    dev: true

  /escodegen@1.14.3:
    resolution: {integrity: sha512-qFcX0XJkdg+PB3xjZZG/wKSuT1PnQWx57+TVSjIMmILd2yC/6ByYElPwJnslDsuWuSAp4AwJGumarAAmJch5Kw==}
    engines: {node: '>=4.0'}
    hasBin: true
    dependencies:
      esprima: 4.0.1
      estraverse: 4.3.0
      esutils: 2.0.3
      optionator: 0.8.3
    optionalDependencies:
      source-map: 0.6.1
    dev: true

  /espree@3.5.4:
    resolution: {integrity: sha512-yAcIQxtmMiB/jL32dzEp2enBeidsB7xWPLNiw3IIkpVds1P+h7qF9YwJq1yUNzp2OKXgAprs4F61ih66UsoD1A==}
    engines: {node: '>=0.10.0'}
    dependencies:
      acorn: 5.7.4
      acorn-jsx: 3.0.1
    dev: true

  /esprima@4.0.1:
    resolution: {integrity: sha512-eGuFFw7Upda+g4p+QHvnW0RyTX/SVeJBDM/gCtMARO0cLuT2HcEKnTPvhjV6aGeqrCB/sbNop0Kszm0jsaWU4A==}
    engines: {node: '>=4'}
    hasBin: true
    dev: true

  /estraverse@4.3.0:
    resolution: {integrity: sha512-39nnKffWz8xN1BU/2c79n9nB9HDzo0niYUqx6xyqUnyoAnQyyWpOTdZEeiCch8BBu515t4wp9ZmgVfVhn9EBpw==}
    engines: {node: '>=4.0'}
    dev: true

  /esutils@2.0.3:
    resolution: {integrity: sha512-kVscqXk4OCp68SZ0dkgEKVi6/8ij300KBWTJq32P/dYeWTSwK41WyTxalN1eRmA5Z9UU/LX9D7FWSmV9SAYx6g==}
    engines: {node: '>=0.10.0'}
    dev: true

  /fast-levenshtein@2.0.6:
    resolution: {integrity: sha512-DCXu6Ifhqcks7TZKY3Hxp3y6qphY5SJZmrWMDrKcERSOXWQdMhU9Ig/PYrzyw/ul9jOIyh0N4M0tbC5hodg8dw==}
    dev: true

  /fs.realpath@1.0.0:
    resolution: {integrity: sha512-OO0pH2lK6a0hZnAdau5ItzHPI6pUlvI7jMVnxUQRtw4owF2wk8lOSabtGDCTP4Ggrg2MbGnWO9X8K1t4+fGMDw==}
    dev: true

  /glob@7.1.7:
    resolution: {integrity: sha512-OvD9ENzPLbegENnYP5UUfJIirTg4+XwMWGaQfQTY0JenxNvvIKP3U3/tAQSPIu/lHxXYSZmpXlUHeqAIdKzBLQ==}
    dependencies:
      fs.realpath: 1.0.0
      inflight: 1.0.6
      inherits: 2.0.4
      minimatch: 3.0.4
      once: 1.4.0
      path-is-absolute: 1.0.1
    dev: true

  /graceful-fs@4.2.6:
    resolution: {integrity: sha512-nTnJ528pbqxYanhpDYsi4Rd8MAeaBA67+RZ10CM1m3bTAVFEDcd5AuA4a6W5YkGZ1iNXHzZz8T6TBKLeBuNriQ==}
    dev: true

  /has-ansi@2.0.0:
    resolution: {integrity: sha512-C8vBJ8DwUCx19vhm7urhTuUsr4/IyP6l4VzNQDv+ryHQObW3TTTp9yB68WpYgRe2bbaGuZ/se74IqFeVnMnLZg==}
    engines: {node: '>=0.10.0'}
    dependencies:
      ansi-regex: 2.1.1
    dev: true

  /inflight@1.0.6:
    resolution: {integrity: sha512-k92I/b08q4wvFscXCLvqfsHCrjrF7yiXsQuIVvVE7N82W3+aqpzuUdBbfhWcy/FZR3/4IgflMgKLOsvPDrGCJA==}
    dependencies:
      once: 1.4.0
      wrappy: 1.0.2
    dev: true

  /inherits@2.0.4:
    resolution: {integrity: sha512-k/vGaX4/Yla3WzyMCvTQOXYeIHvqOKtnqBduzTHpzpQZzAskKMhZ2K+EnBiSM9zGSoIFeMpXKxa4dYeZIQqewQ==}
    dev: true

  /is-buffer@1.1.6:
    resolution: {integrity: sha512-NcdALwpXkTm5Zvvbk7owOUSvVvBKDgKP5/ewfXEznmQFfs4ZRmanOeKBTjRVjka3QFoN6XJ+9F3USqfHqTaU5w==}
    dev: true

  /js2xmlparser@4.0.1:
    resolution: {integrity: sha512-KrPTolcw6RocpYjdC7pL7v62e55q7qOMHvLX1UCLc5AAS8qeJ6nukarEJAF2KL2PZxlbGueEbINqZR2bDe/gUw==}
    dependencies:
      xmlcreate: 2.0.3
    dev: true

  /jsdoc@3.6.7:
    resolution: {integrity: sha512-sxKt7h0vzCd+3Y81Ey2qinupL6DpRSZJclS04ugHDNmRUXGzqicMJ6iwayhSA0S0DwwX30c5ozyUthr1QKF6uw==}
    engines: {node: '>=8.15.0'}
    hasBin: true
    dependencies:
      '@babel/parser': 7.14.7
      bluebird: 3.7.2
      catharsis: 0.9.0
      escape-string-regexp: 2.0.0
      js2xmlparser: 4.0.1
      klaw: 3.0.0
      markdown-it: 10.0.0
      markdown-it-anchor: 5.3.0(markdown-it@10.0.0)
      marked: 2.1.3
      mkdirp: 1.0.4
      requizzle: 0.2.3
      strip-json-comments: 3.1.1
      taffydb: 2.6.2
      underscore: 1.13.1
    dev: true

  /kind-of@3.2.2:
    resolution: {integrity: sha512-NOW9QQXMoZGg/oqnVNoNTTIFEIid1627WCffUBJEdMxYApq7mNE7CpzucIPc+ZQg25Phej7IJSmX3hO+oblOtQ==}
    engines: {node: '>=0.10.0'}
    dependencies:
      is-buffer: 1.1.6
    dev: true

  /klaw@3.0.0:
    resolution: {integrity: sha512-0Fo5oir+O9jnXu5EefYbVK+mHMBeEVEy2cmctR1O1NECcCkPRreJKrS6Qt/j3KC2C148Dfo9i3pCmCMsdqGr0g==}
    dependencies:
      graceful-fs: 4.2.6
    dev: true

  /lazy-cache@1.0.4:
    resolution: {integrity: sha512-RE2g0b5VGZsOCFOCgP7omTRYFqydmZkBwl5oNnQ1lDYC57uyO9KqNnNVxT7COSHTxrRCWVcAVOcbjk+tvh/rgQ==}
    engines: {node: '>=0.10.0'}
    dev: true

  /levn@0.3.0:
    resolution: {integrity: sha512-0OO4y2iOHix2W6ujICbKIaEQXvFQHue65vUG3pb5EUomzPI90z9hsA1VsO/dbIIpC53J8gxM9Q4Oho0jrCM/yA==}
    engines: {node: '>= 0.8.0'}
    dependencies:
      prelude-ls: 1.1.2
      type-check: 0.3.2
    dev: true

  /linkify-it@2.2.0:
    resolution: {integrity: sha512-GnAl/knGn+i1U/wjBz3akz2stz+HrHLsxMwHQGofCDfPvlf+gDKN58UtfmUquTY4/MXeE2x7k19KQmeoZi94Iw==}
    dependencies:
      uc.micro: 1.0.6
    dev: true

  /lodash@4.17.21:
    resolution: {integrity: sha512-v2kDEe57lecTulaDIuNTPy3Ry4gLGJ6Z1O3vE1krgXZNrsQ+LFTGHVxVjcXPs17LhbZVGedAJv8XZ1tvj5FvSg==}
    dev: true

  /long@4.0.0:
    resolution: {integrity: sha512-XsP+KhQif4bjX1kbuSiySJFNAehNxgLb6hPRGJ9QsUr8ajHkuXGdrHmFUTUUXhDwVX2R5bY4JNZEwbUiMhV+MA==}
    dev: true

  /longest@1.0.1:
    resolution: {integrity: sha512-k+yt5n3l48JU4k8ftnKG6V7u32wyH2NfKzeMto9F/QRE0amxy/LayxwlvjjkZEIzqR+19IrtFO8p5kB9QaYUFg==}
    engines: {node: '>=0.10.0'}
    dev: true

  /markdown-it-anchor@5.3.0(markdown-it@10.0.0):
    resolution: {integrity: sha512-/V1MnLL/rgJ3jkMWo84UR+K+jF1cxNG1a+KwqeXqTIJ+jtA8aWSHuigx8lTzauiIjBDbwF3NcWQMotd0Dm39jA==}
    peerDependencies:
      markdown-it: '*'
    dependencies:
      markdown-it: 10.0.0
    dev: true

  /markdown-it@10.0.0:
    resolution: {integrity: sha512-YWOP1j7UbDNz+TumYP1kpwnP0aEa711cJjrAQrzd0UXlbJfc5aAq0F/PZHjiioqDC1NKgvIMX+o+9Bk7yuM2dg==}
    hasBin: true
    dependencies:
      argparse: 1.0.10
      entities: 2.0.3
      linkify-it: 2.2.0
      mdurl: 1.0.1
      uc.micro: 1.0.6
    dev: true

  /marked@2.1.3:
    resolution: {integrity: sha512-/Q+7MGzaETqifOMWYEA7HVMaZb4XbcRfaOzcSsHZEith83KGlvaSG33u0SKu89Mj5h+T8V2hM+8O45Qc5XTgwA==}
    engines: {node: '>= 10'}
    hasBin: true
    dev: true

  /mdurl@1.0.1:
    resolution: {integrity: sha512-/sKlQJCBYVY9Ers9hqzKou4H6V5UWc/M59TH2dvkt+84itfnq7uFOMLpOiOS4ujvHP4etln18fmIxA5R5fll0g==}
    dev: true

  /minimatch@3.0.4:
    resolution: {integrity: sha512-yJHVQEhyqPLUTgt9B83PXu6W3rx4MvvHvSUvToogpwoGDOUQ+yDrR0HRot+yOCdCO7u4hX3pWft6kWBBcqh0UA==}
    dependencies:
      brace-expansion: 1.1.11
    dev: true

  /minimist@1.2.5:
    resolution: {integrity: sha512-FM9nNUYrRBAELZQT3xeZQ7fmMOBg6nWNmJKTcgsJeaLstP/UODVpGsr5OhXhhXg6f+qtJ8uiZ+PUxkDWcgIXLw==}
    dev: true

  /mkdirp@1.0.4:
    resolution: {integrity: sha512-vVqVZQyf3WLx2Shd0qJ9xuvqgAyKPLAiqITEtqW0oIUjzo3PePDd6fW9iFz30ef7Ysp/oiWqbhszeGWW2T6Gzw==}
    engines: {node: '>=10'}
    hasBin: true
    dev: true

  /once@1.4.0:
    resolution: {integrity: sha512-lNaJgI+2Q5URQBkccEKHTQOPaXdUxnZZElQTZY0MFUAuaEqe1E+Nyvgdz/aIyNi6Z9MzO5dv1H8n58/GELp3+w==}
    dependencies:
      wrappy: 1.0.2
    dev: true

  /optionator@0.8.3:
    resolution: {integrity: sha512-+IW9pACdk3XWmmTXG8m3upGUJst5XRGzxMRjXzAuJ1XnIFNvfhjjIuYkDvysnPQ7qzqVzLt78BCruntqRhWQbA==}
    engines: {node: '>= 0.8.0'}
    dependencies:
      deep-is: 0.1.3
      fast-levenshtein: 2.0.6
      levn: 0.3.0
      prelude-ls: 1.1.2
      type-check: 0.3.2
      word-wrap: 1.2.3
    dev: true

  /os-tmpdir@1.0.2:
    resolution: {integrity: sha512-D2FR03Vir7FIu45XBY20mTb+/ZSWB00sjU9jdQXt83gDrI4Ztz5Fs7/yy74g2N5SVQY4xY1qDr4rNddwYRVX0g==}
    engines: {node: '>=0.10.0'}
    dev: true

  /path-is-absolute@1.0.1:
    resolution: {integrity: sha512-AVbw3UJ2e9bq64vSaS9Am0fje1Pa8pbGqTTsmXfaIiMpnr5DlDhfJOuLj9Sf95ZPVDAUerDfEk88MPmPe7UCQg==}
    engines: {node: '>=0.10.0'}
    dev: true

  /prelude-ls@1.1.2:
    resolution: {integrity: sha512-ESF23V4SKG6lVSGZgYNpbsiaAkdab6ZgOxe52p7+Kid3W3u3bxR4Vfd/o21dmN7jSt0IwgZ4v5MUd26FEtXE9w==}
    engines: {node: '>= 0.8.0'}
    dev: true

  /protobufjs@6.8.6:
    resolution: {integrity: sha512-eH2OTP9s55vojr3b7NBaF9i4WhWPkv/nq55nznWNp/FomKrLViprUcqnBjHph2tFQ+7KciGPTPsVWGz0SOhL0Q==}
    hasBin: true
    requiresBuild: true
    dependencies:
      '@protobufjs/aspromise': 1.1.2
      '@protobufjs/base64': 1.1.2
      '@protobufjs/codegen': 2.0.4
      '@protobufjs/eventemitter': 1.1.0
      '@protobufjs/fetch': 1.1.0
      '@protobufjs/float': 1.0.2
      '@protobufjs/inquire': 1.1.0
      '@protobufjs/path': 1.1.2
      '@protobufjs/pool': 1.1.0
      '@protobufjs/utf8': 1.1.0
      '@types/long': 3.0.32
      '@types/node': 8.10.66
      long: 4.0.0
    dev: true

  /repeat-string@1.6.1:
    resolution: {integrity: sha512-PV0dzCYDNfRi1jCDbJzpW7jNNDRuCOG/jI5ctQcGKt/clZD+YcPS3yIlWuTJMmESC8aevCFmWJy5wjAFgNqN6w==}
    engines: {node: '>=0.10'}
    dev: true

  /requizzle@0.2.3:
    resolution: {integrity: sha512-YanoyJjykPxGHii0fZP0uUPEXpvqfBDxWV7s6GKAiiOsiqhX6vHNyW3Qzdmqp/iq/ExbhaGbVrjB4ruEVSM4GQ==}
    dependencies:
      lodash: 4.17.21
    dev: true

  /right-align@0.1.3:
    resolution: {integrity: sha512-yqINtL/G7vs2v+dFIZmFUDbnVyFUJFKd6gK22Kgo6R4jfJGFtisKyncWDDULgjfqf4ASQuIQyjJ7XZ+3aWpsAg==}
    engines: {node: '>=0.10.0'}
    dependencies:
      align-text: 0.1.4
    dev: true

  /semver@5.7.1:
    resolution: {integrity: sha512-sauaDf/PZdVgrLTNYHRtpXa1iRiKcaebiKQ1BJdpQlWH2lCvexQdX55snPFyK7QzpudqbCI0qXFfOasHdyNDGQ==}
    hasBin: true
    dev: true

  /source-map@0.5.7:
    resolution: {integrity: sha512-LbrmJOMUSdEVxIKvdcJzQC+nQhe8FUZQTXQy6+I75skNgn3OoQ0DZA8YnFa7gp8tqtL3KPf1kmo0R5DoApeSGQ==}
    engines: {node: '>=0.10.0'}
    dev: true

  /source-map@0.6.1:
    resolution: {integrity: sha512-UjgapumWlbMhkBgzT7Ykc5YXUT46F0iKu8SGXq0bcwP5dz/h0Plj6enJqjz1Zbq2l5WaqYnrVbwWOWMyF3F47g==}
    engines: {node: '>=0.10.0'}
    requiresBuild: true
    dev: true
    optional: true

  /sprintf-js@1.0.3:
    resolution: {integrity: sha512-D9cPgkvLlV3t3IzL0D0YLvGA9Ahk4PcvVwUbN0dSGr1aP0Nrt4AEnTUbuGvquEC0mA64Gqt1fzirlRs5ibXx8g==}
    dev: true

  /strip-ansi@3.0.1:
    resolution: {integrity: sha512-VhumSSbBqDTP8p2ZLKj40UjBCV4+v8bUSEpUb4KjRgWk9pbqGF4REFj6KEagidb2f/M6AzC0EmFyDNGaw9OCzg==}
    engines: {node: '>=0.10.0'}
    dependencies:
      ansi-regex: 2.1.1
    dev: true

  /strip-json-comments@3.1.1:
    resolution: {integrity: sha512-6fPc+R4ihwqP6N/aIv2f1gMH8lOVtWQHoqC4yK6oSDVVocumAsfCqjkXnqiYMhmMwS/mEHLp7Vehlt3ql6lEig==}
    engines: {node: '>=8'}
    dev: true

  /supports-color@2.0.0:
    resolution: {integrity: sha512-KKNVtd6pCYgPIKU4cp2733HWYCpplQhddZLBUryaAHou723x+FRzQ5Df824Fj+IyyuiQTRoub4SnIFfIcrp70g==}
    engines: {node: '>=0.8.0'}
    dev: true

  /taffydb@2.6.2:
    resolution: {integrity: sha512-y3JaeRSplks6NYQuCOj3ZFMO3j60rTwbuKCvZxsAraGYH2epusatvZ0baZYA01WsGqJBq/Dl6vOrMUJqyMj8kA==}
    dev: true

  /tmp@0.0.33:
    resolution: {integrity: sha512-jRCJlojKnZ3addtTOjdIqoRuPEKBvNXcGYqzO6zWZX8KfKEpnGY5jfggJQ3EjKuu8D4bJRr0y+cYJFmYbImXGw==}
    engines: {node: '>=0.6.0'}
    dependencies:
      os-tmpdir: 1.0.2
    dev: true

  /to-fast-properties@2.0.0:
    resolution: {integrity: sha512-/OaKK0xYrs3DmxRYqL/yDc+FxFUVYhDlXMhRmv3z915w2HF1tnN1omB354j8VUGO/hbRzyD6Y3sA7v7GS/ceog==}
    engines: {node: '>=4'}
    dev: true

  /type-check@0.3.2:
    resolution: {integrity: sha512-ZCmOJdvOWDBYJlzAoFkC+Q0+bUyEOS1ltgp1MGU03fqHG+dbi9tBFU2Rd9QKiDZFAYrhPh2JUf7rZRIuHRKtOg==}
    engines: {node: '>= 0.8.0'}
    dependencies:
      prelude-ls: 1.1.2
    dev: true

  /uc.micro@1.0.6:
    resolution: {integrity: sha512-8Y75pvTYkLJW2hWQHXxoqRgV7qb9B+9vFEtidML+7koHUFapnVJAZ6cKs+Qjz5Aw3aZWHMC6u0wJE3At+nSGwA==}
    dev: true

  /uglify-js@2.8.29:
    resolution: {integrity: sha512-qLq/4y2pjcU3vhlhseXGGJ7VbFO4pBANu0kwl8VCa9KEI0V8VfZIx2Fy3w01iSTA/pGwKZSmu/+I4etLNDdt5w==}
    engines: {node: '>=0.8.0'}
    hasBin: true
    dependencies:
      source-map: 0.5.7
      yargs: 3.10.0
    optionalDependencies:
      uglify-to-browserify: 1.0.2
    dev: true

  /uglify-to-browserify@1.0.2:
    resolution: {integrity: sha512-vb2s1lYx2xBtUgy+ta+b2J/GLVUR+wmpINwHePmPRhOsIVCG2wDzKJ0n14GslH1BifsqVzSOwQhRaCAsZ/nI4Q==}
    requiresBuild: true
    dev: true
    optional: true

  /underscore@1.13.1:
    resolution: {integrity: sha512-hzSoAVtJF+3ZtiFX0VgfFPHEDRm7Y/QPjGyNo4TVdnDTdft3tr8hEkD25a1jC+TjTuE7tkHGKkhwCgs9dgBB2g==}
    dev: true

  /window-size@0.1.0:
    resolution: {integrity: sha512-1pTPQDKTdd61ozlKGNCjhNRd+KPmgLSGa3mZTHoOliaGcESD8G1PXhh7c1fgiPjVbNVfgy2Faw4BI8/m0cC8Mg==}
    engines: {node: '>= 0.8.0'}
    dev: true

  /word-wrap@1.2.3:
    resolution: {integrity: sha512-Hz/mrNwitNRh/HUAtM/VT/5VH+ygD6DV7mYKZAtHOrbs8U7lvPS6xf7EJKMF0uW1KJCl0H701g3ZGus+muE5vQ==}
    engines: {node: '>=0.10.0'}
    dev: true

  /wordwrap@0.0.2:
    resolution: {integrity: sha512-xSBsCeh+g+dinoBv3GAOWM4LcVVO68wLXRanibtBSdUvkGWQRGeE9P7IwU9EmDDi4jA6L44lz15CGMwdw9N5+Q==}
    engines: {node: '>=0.4.0'}
    dev: true

  /wrappy@1.0.2:
    resolution: {integrity: sha512-l4Sp/DRseor9wL6EvV2+TuQn63dMkPjZ/sp9XkghTEbV9KlPS1xUsZ3u7/IQO4wxtcFB4bgpQPRcR3QCvezPcQ==}
    dev: true

  /xmlcreate@2.0.3:
    resolution: {integrity: sha512-HgS+X6zAztGa9zIK3Y3LXuJes33Lz9x+YyTxgrkIdabu2vqcGOWwdfCpf1hWLRrd553wd4QCDf6BBO6FfdsRiQ==}
    dev: true

  /yargs@3.10.0:
    resolution: {integrity: sha512-QFzUah88GAGy9lyDKGBqZdkYApt63rCXYBGYnEP4xDJPXNqXXnBDACnbrXnViV6jRSqAePwrATi2i8mfYm4L1A==}
    dependencies:
      camelcase: 1.2.1
      cliui: 2.1.0
      decamelize: 1.2.0
      window-size: 0.1.0
    dev: true
