# THIS IS AN AUTOGENERATED FILE. DO NOT EDIT THIS FILE DIRECTLY.
# yarn lockfile v1


"@babel/parser@^7.9.4":
  version "7.14.7"
  resolved "https://storage.googleapis.com/cockroach-npm-deps/@babel/parser/-/parser-7.14.7.tgz#6099720c8839ca865a2637e6c85852ead0bdb595"
  integrity sha512-X67Z5y+VBJuHB/RjwECp8kSl5uYi0BvRbNeWqkaJCVh+LiTPl19WBUfG627psSgp9rSf6ojuXghQM3ha6qHHdA==

"@protobufjs/aspromise@^1.1.1":
  version "1.1.2"
  resolved "https://storage.googleapis.com/cockroach-npm-deps/@protobufjs/aspromise/-/aspromise-1.1.2.tgz#9b8b0cc663d669a7d8f6f5d0893a14d348f30fbf"
  integrity sha1-m4sMxmPWaafY9vXQiToU00jzD78=

"@protobufjs/aspromise@^1.1.2":
  version "1.1.2"
  resolved "https://storage.googleapis.com/cockroach-npm-deps/@protobufjs/aspromise/-/aspromise-1.1.2.tgz#9b8b0cc663d669a7d8f6f5d0893a14d348f30fbf"
  integrity sha1-m4sMxmPWaafY9vXQiToU00jzD78=

"@protobufjs/base64@^1.1.2":
  version "1.1.2"
  resolved "https://storage.googleapis.com/cockroach-npm-deps/@protobufjs/base64/-/base64-1.1.2.tgz#4c85730e59b9a1f1f349047dbf24296034bb2735"
  integrity sha512-AZkcAA5vnN/v4PDqKyMR5lx7hZttPDgClv83E//FMNhR2TMcLUhfRUBHCmSl0oi9zMgDDqRUJkSxO3wm85+XLg==

"@protobufjs/codegen@^2.0.4":
  version "2.0.4"
  resolved "https://storage.googleapis.com/cockroach-npm-deps/@protobufjs/codegen/-/codegen-2.0.4.tgz#7ef37f0d010fb028ad1ad59722e506d9262815cb"
  integrity sha512-YyFaikqM5sH0ziFZCN3xDC7zeGaB/d0IUb9CATugHWbd1FRFwWwt4ld4OYMPWu5a3Xe01mGAULCdqhMlPl29Jg==

"@protobufjs/eventemitter@^1.1.0":
  version "1.1.0"
  resolved "https://storage.googleapis.com/cockroach-npm-deps/@protobufjs/eventemitter/-/eventemitter-1.1.0.tgz#355cbc98bafad5978f9ed095f397621f1d066b70"
  integrity sha1-NVy8mLr61ZePntCV85diHx0Ga3A=

"@protobufjs/fetch@^1.1.0":
  version "1.1.0"
  resolved "https://storage.googleapis.com/cockroach-npm-deps/@protobufjs/fetch/-/fetch-1.1.0.tgz#ba99fb598614af65700c1619ff06d454b0d84c45"
  integrity sha1-upn7WYYUr2VwDBYZ/wbUVLDYTEU=
  dependencies:
    "@protobufjs/aspromise" "^1.1.1"
    "@protobufjs/inquire" "^1.1.0"

"@protobufjs/float@^1.0.2":
  version "1.0.2"
  resolved "https://storage.googleapis.com/cockroach-npm-deps/@protobufjs/float/-/float-1.0.2.tgz#5e9e1abdcb73fc0a7cb8b291df78c8cbd97b87d1"
  integrity sha1-Xp4avctz/Ap8uLKR33jIy9l7h9E=

"@protobufjs/inquire@^1.1.0":
  version "1.1.0"
  resolved "https://storage.googleapis.com/cockroach-npm-deps/@protobufjs/inquire/-/inquire-1.1.0.tgz#ff200e3e7cf2429e2dcafc1140828e8cc638f089"
  integrity sha1-/yAOPnzyQp4tyvwRQIKOjMY48Ik=

"@protobufjs/path@^1.1.2":
  version "1.1.2"
  resolved "https://storage.googleapis.com/cockroach-npm-deps/@protobufjs/path/-/path-1.1.2.tgz#6cc2b20c5c9ad6ad0dccfd21ca7673d8d7fbf68d"
  integrity sha1-bMKyDFya1q0NzP0hynZz2Nf79o0=

"@protobufjs/pool@^1.1.0":
  version "1.1.0"
  resolved "https://storage.googleapis.com/cockroach-npm-deps/@protobufjs/pool/-/pool-1.1.0.tgz#09fd15f2d6d3abfa9b65bc366506d6ad7846ff54"
  integrity sha1-Cf0V8tbTq/qbZbw2ZQbWrXhG/1Q=

"@protobufjs/utf8@^1.1.0":
  version "1.1.0"
  resolved "https://storage.googleapis.com/cockroach-npm-deps/@protobufjs/utf8/-/utf8-1.1.0.tgz#a777360b5b39a1a2e5106f8e858f2fd2d060c570"
  integrity sha1-p3c2C1s5oaLlEG+OhY8v0tBgxXA=

"@types/long@^3.0.32":
  version "3.0.32"
  resolved "https://storage.googleapis.com/cockroach-npm-deps/@types/long/-/long-3.0.32.tgz#f4e5af31e9e9b196d8e5fca8a5e2e20aa3d60b69"
  integrity sha512-ZXyOOm83p7X8p3s0IYM3VeueNmHpkk/yMlP8CLeOnEcu6hIwPH7YjZBvhQkR0ZFS2DqZAxKtJ/M5fcuv3OU5BA==

"@types/node@^8.9.4":
  version "8.10.66"
  resolved "https://storage.googleapis.com/cockroach-npm-deps/@types/node/-/node-8.10.66.tgz#dd035d409df322acc83dff62a602f12a5783bbb3"
  integrity sha512-tktOkFUA4kXx2hhhrB8bIFb5TbwzS4uOhKEmwiD+NoiL0qtP2OQ9mFldbgD4dV1djrlBYP6eBuQZiWjuHUpqFw==

acorn-jsx@^3.0.0:
  version "3.0.1"
  resolved "https://storage.googleapis.com/cockroach-npm-deps/acorn-jsx/-/acorn-jsx-3.0.1.tgz#afdf9488fb1ecefc8348f6fb22f464e32a58b36b"
  integrity sha1-r9+UiPsezvyDSPb7IvRk4ypYs2s=
  dependencies:
    acorn "^3.0.4"

acorn@^3.0.4:
  version "3.3.0"
  resolved "https://storage.googleapis.com/cockroach-npm-deps/acorn/-/acorn-3.3.0.tgz#45e37fb39e8da3f25baee3ff5369e2bb5f22017a"
  integrity sha1-ReN/s56No/JbruP/U2niu18iAXo=

acorn@^5.5.0:
  version "5.7.4"
  resolved "https://storage.googleapis.com/cockroach-npm-deps/acorn/-/acorn-5.7.4.tgz#3e8d8a9947d0599a1796d10225d7432f4a4acf5e"
  integrity sha512-1D++VG7BhrtvQpNbBzovKNc1FLGGEE/oGe7b9xJm/RFHMBeUaUGpluV9RLjZa47YFdPcDAenEYuq9pQPcMdLJg==

align-text@^0.1.1:
  version "0.1.4"
  resolved "https://storage.googleapis.com/cockroach-npm-deps/align-text/-/align-text-0.1.4.tgz#0cd90a561093f35d0a99256c22b7069433fad117"
  integrity sha1-DNkKVhCT810KmSVsIrcGlDP60Rc=
  dependencies:
    kind-of "^3.0.2"
    longest "^1.0.1"
    repeat-string "^1.5.2"

align-text@^0.1.3:
  version "0.1.4"
  resolved "https://storage.googleapis.com/cockroach-npm-deps/align-text/-/align-text-0.1.4.tgz#0cd90a561093f35d0a99256c22b7069433fad117"
  integrity sha1-DNkKVhCT810KmSVsIrcGlDP60Rc=
  dependencies:
    kind-of "^3.0.2"
    longest "^1.0.1"
    repeat-string "^1.5.2"

ansi-regex@^2.0.0:
  version "2.1.1"
  resolved "https://storage.googleapis.com/cockroach-npm-deps/ansi-regex/-/ansi-regex-2.1.1.tgz#c3b33ab5ee360d86e0e628f0468ae7ef27d654df"
  integrity sha1-w7M6te42DYbg5ijwRorn7yfWVN8=

ansi-styles@^2.2.1:
  version "2.2.1"
  resolved "https://storage.googleapis.com/cockroach-npm-deps/ansi-styles/-/ansi-styles-2.2.1.tgz#b432dd3358b634cf75e1e4664368240533c1ddbe"
  integrity sha1-tDLdM1i2NM914eRmQ2gkBTPB3b4=

argparse@^1.0.7:
  version "1.0.10"
  resolved "https://storage.googleapis.com/cockroach-npm-deps/argparse/-/argparse-1.0.10.tgz#bcd6791ea5ae09725e17e5ad988134cd40b3d911"
  integrity sha512-o5Roy6tNG4SL/FOkCAN6RzjiakZS25RLYFrcMttJqbdd8BWrnA+fGz57iN5Pb06pvBGvl5gQ0B48dJlslXvoTg==
  dependencies:
    sprintf-js "~1.0.2"

balanced-match@^1.0.0:
  version "1.0.2"
  resolved "https://storage.googleapis.com/cockroach-npm-deps/balanced-match/-/balanced-match-1.0.2.tgz#e83e3a7e3f300b34cb9d87f615fa0cbf357690ee"
  integrity sha512-3oSeUO0TMV67hN1AmbXsK4yaqU7tjiHlbxRDZOpH0KW9+CeX4bRAaX0Anxt0tx2MrpRpWwQaPwIlISEJhYU5Pw==

bluebird@^3.7.2:
  version "3.7.2"
  resolved "https://storage.googleapis.com/cockroach-npm-deps/bluebird/-/bluebird-3.7.2.tgz#9f229c15be272454ffa973ace0dbee79a1b0c36f"
  integrity sha512-XpNj6GDQzdfW+r2Wnn7xiSAd7TM3jzkxGXBGTtWKuSXv1xUV+azxAm8jdWZN06QTQk+2N2XB9jRDkvbmQmcRtg==

brace-expansion@^1.1.7:
  version "1.1.11"
  resolved "https://storage.googleapis.com/cockroach-npm-deps/brace-expansion/-/brace-expansion-1.1.11.tgz#3c7fcbf529d87226f3d2f52b966ff5271eb441dd"
  integrity sha512-iCuPHDFgrHX7H2vEI/5xpz07zSHB00TpugqhmYtVmMO6518mCuRMoOYFldEBl0g187ufozdaHgWKcYFb61qGiA==
  dependencies:
    balanced-match "^1.0.0"
    concat-map "0.0.1"

camelcase@^1.0.2:
  version "1.2.1"
  resolved "https://storage.googleapis.com/cockroach-npm-deps/camelcase/-/camelcase-1.2.1.tgz#9bb5304d2e0b56698b2c758b08a3eaa9daa58a39"
  integrity sha1-m7UwTS4LVmmLLHWLCKPqqdqlijk=

catharsis@^0.9.0:
  version "0.9.0"
  resolved "https://storage.googleapis.com/cockroach-npm-deps/catharsis/-/catharsis-0.9.0.tgz#40382a168be0e6da308c277d3a2b3eb40c7d2121"
  integrity sha512-prMTQVpcns/tzFgFVkVp6ak6RykZyWb3gu8ckUpd6YkTlacOd3DXGJjIpD4Q6zJirizvaiAjSSHlOsA+6sNh2A==
  dependencies:
    lodash "^4.17.15"

center-align@^0.1.1:
  version "0.1.3"
  resolved "https://storage.googleapis.com/cockroach-npm-deps/center-align/-/center-align-0.1.3.tgz#aa0d32629b6ee972200411cbd4461c907bc2b7ad"
  integrity sha1-qg0yYptu6XIgBBHL1EYckHvCt60=
  dependencies:
    align-text "^0.1.3"
    lazy-cache "^1.0.3"

chalk@^1.1.3:
  version "1.1.3"
  resolved "https://storage.googleapis.com/cockroach-npm-deps/chalk/-/chalk-1.1.3.tgz#a8115c55e4a702fe4d150abd3872822a7e09fc98"
  integrity sha1-qBFcVeSnAv5NFQq9OHKCKn4J/Jg=
  dependencies:
    ansi-styles "^2.2.1"
    escape-string-regexp "^1.0.2"
    has-ansi "^2.0.0"
    strip-ansi "^3.0.0"
    supports-color "^2.0.0"

cliui@^2.1.0:
  version "2.1.0"
  resolved "https://storage.googleapis.com/cockroach-npm-deps/cliui/-/cliui-2.1.0.tgz#4b475760ff80264c762c3a1719032e91c7fea0d1"
  integrity sha1-S0dXYP+AJkx2LDoXGQMukcf+oNE=
  dependencies:
    center-align "^0.1.1"
    right-align "^0.1.1"
    wordwrap "0.0.2"

concat-map@0.0.1:
  version "0.0.1"
  resolved "https://storage.googleapis.com/cockroach-npm-deps/concat-map/-/concat-map-0.0.1.tgz#d8a96bd77fd68df7793a73036a3ba0d5405d477b"
  integrity sha1-2Klr13/Wjfd5OnMDajug1UBdR3s=

decamelize@^1.0.0:
  version "1.2.0"
  resolved "https://storage.googleapis.com/cockroach-npm-deps/decamelize/-/decamelize-1.2.0.tgz#f6534d15148269b20352e7bee26f501f9a191290"
  integrity sha1-9lNNFRSCabIDUue+4m9QH5oZEpA=

deep-is@~0.1.3:
  version "0.1.3"
  resolved "https://storage.googleapis.com/cockroach-npm-deps/deep-is/-/deep-is-0.1.3.tgz#b369d6fb5dbc13eecf524f91b070feedc357cf34"
  integrity sha1-s2nW+128E+7PUk+RsHD+7cNXzzQ=

entities@~2.0.0:
  version "2.0.3"
  resolved "https://storage.googleapis.com/cockroach-npm-deps/entities/-/entities-2.0.3.tgz#5c487e5742ab93c15abb5da22759b8590ec03b7f"
  integrity sha512-MyoZ0jgnLvB2X3Lg5HqpFmn1kybDiIfEQmKzTb5apr51Rb+T3KdmMiqa70T+bhGnyv7bQ6WMj2QMHpGMmlrUYQ==

escape-string-regexp@^1.0.2:
  version "1.0.5"
  resolved "https://storage.googleapis.com/cockroach-npm-deps/escape-string-regexp/-/escape-string-regexp-1.0.5.tgz#1b61c0562190a8dff6ae3bb2cf0200ca130b86d4"
  integrity sha1-G2HAViGQqN/2rjuyzwIAyhMLhtQ=

escape-string-regexp@^2.0.0:
  version "2.0.0"
  resolved "https://storage.googleapis.com/cockroach-npm-deps/escape-string-regexp/-/escape-string-regexp-2.0.0.tgz#a30304e99daa32e23b2fd20f51babd07cffca344"
  integrity sha512-UpzcLCXolUWcNu5HtVMHYdXJjArjsF9C0aNnquZYY4uW/Vu0miy5YoWvbV345HauVvcAUnpRuhMMcqTcGOY2+w==

escodegen@^1.8.1:
  version "1.14.3"
  resolved "https://storage.googleapis.com/cockroach-npm-deps/escodegen/-/escodegen-1.14.3.tgz#4e7b81fba61581dc97582ed78cab7f0e8d63f503"
  integrity sha512-qFcX0XJkdg+PB3xjZZG/wKSuT1PnQWx57+TVSjIMmILd2yC/6ByYElPwJnslDsuWuSAp4AwJGumarAAmJch5Kw==
  dependencies:
    esprima "^4.0.1"
    estraverse "^4.2.0"
    esutils "^2.0.2"
    optionator "^0.8.1"

espree@^3.1.3:
  version "3.5.4"
  resolved "https://storage.googleapis.com/cockroach-npm-deps/espree/-/espree-3.5.4.tgz#b0f447187c8a8bed944b815a660bddf5deb5d1a7"
  integrity sha512-yAcIQxtmMiB/jL32dzEp2enBeidsB7xWPLNiw3IIkpVds1P+h7qF9YwJq1yUNzp2OKXgAprs4F61ih66UsoD1A==
  dependencies:
    acorn "^5.5.0"
    acorn-jsx "^3.0.0"

esprima@^4.0.1:
  version "4.0.1"
  resolved "https://storage.googleapis.com/cockroach-npm-deps/esprima/-/esprima-4.0.1.tgz#13b04cdb3e6c5d19df91ab6987a8695619b0aa71"
  integrity sha512-eGuFFw7Upda+g4p+QHvnW0RyTX/SVeJBDM/gCtMARO0cLuT2HcEKnTPvhjV6aGeqrCB/sbNop0Kszm0jsaWU4A==

estraverse@^4.2.0:
  version "4.3.0"
  resolved "https://storage.googleapis.com/cockroach-npm-deps/estraverse/-/estraverse-4.3.0.tgz#398ad3f3c5a24948be7725e83d11a7de28cdbd1d"
  integrity sha512-39nnKffWz8xN1BU/2c79n9nB9HDzo0niYUqx6xyqUnyoAnQyyWpOTdZEeiCch8BBu515t4wp9ZmgVfVhn9EBpw==

esutils@^2.0.2:
  version "2.0.3"
  resolved "https://storage.googleapis.com/cockroach-npm-deps/esutils/-/esutils-2.0.3.tgz#74d2eb4de0b8da1293711910d50775b9b710ef64"
  integrity sha512-kVscqXk4OCp68SZ0dkgEKVi6/8ij300KBWTJq32P/dYeWTSwK41WyTxalN1eRmA5Z9UU/LX9D7FWSmV9SAYx6g==

fast-levenshtein@~2.0.6:
  version "2.0.6"
  resolved "https://storage.googleapis.com/cockroach-npm-deps/fast-levenshtein/-/fast-levenshtein-2.0.6.tgz#3d8a5c66883a16a30ca8643e851f19baa7797917"
  integrity sha1-PYpcZog6FqMMqGQ+hR8Zuqd5eRc=

fs.realpath@^1.0.0:
  version "1.0.0"
  resolved "https://storage.googleapis.com/cockroach-npm-deps/fs.realpath/-/fs.realpath-1.0.0.tgz#1504ad2523158caa40db4a2787cb01411994ea4f"
  integrity sha1-FQStJSMVjKpA20onh8sBQRmU6k8=

glob@^7.1.1:
  version "7.1.7"
  resolved "https://storage.googleapis.com/cockroach-npm-deps/glob/-/glob-7.1.7.tgz#3b193e9233f01d42d0b3f78294bbeeb418f94a90"
  integrity sha512-OvD9ENzPLbegENnYP5UUfJIirTg4+XwMWGaQfQTY0JenxNvvIKP3U3/tAQSPIu/lHxXYSZmpXlUHeqAIdKzBLQ==
  dependencies:
    fs.realpath "^1.0.0"
    inflight "^1.0.4"
    inherits "2"
    minimatch "^3.0.4"
    once "^1.3.0"
    path-is-absolute "^1.0.0"

graceful-fs@^4.1.9:
  version "4.2.6"
  resolved "https://storage.googleapis.com/cockroach-npm-deps/graceful-fs/-/graceful-fs-4.2.6.tgz#ff040b2b0853b23c3d31027523706f1885d76bee"
  integrity sha512-nTnJ528pbqxYanhpDYsi4Rd8MAeaBA67+RZ10CM1m3bTAVFEDcd5AuA4a6W5YkGZ1iNXHzZz8T6TBKLeBuNriQ==

has-ansi@^2.0.0:
  version "2.0.0"
  resolved "https://storage.googleapis.com/cockroach-npm-deps/has-ansi/-/has-ansi-2.0.0.tgz#34f5049ce1ecdf2b0649af3ef24e45ed35416d91"
  integrity sha1-NPUEnOHs3ysGSa8+8k5F7TVBbZE=
  dependencies:
    ansi-regex "^2.0.0"

inflight@^1.0.4:
  version "1.0.6"
  resolved "https://storage.googleapis.com/cockroach-npm-deps/inflight/-/inflight-1.0.6.tgz#49bd6331d7d02d0c09bc910a1075ba8165b56df9"
  integrity sha1-Sb1jMdfQLQwJvJEKEHW6gWW1bfk=
  dependencies:
    once "^1.3.0"
    wrappy "1"

inherits@2:
  version "2.0.4"
  resolved "https://storage.googleapis.com/cockroach-npm-deps/inherits/-/inherits-2.0.4.tgz#0fa2c64f932917c3433a0ded55363aae37416b7c"
  integrity sha512-k/vGaX4/Yla3WzyMCvTQOXYeIHvqOKtnqBduzTHpzpQZzAskKMhZ2K+EnBiSM9zGSoIFeMpXKxa4dYeZIQqewQ==

is-buffer@^1.1.5:
  version "1.1.6"
  resolved "https://storage.googleapis.com/cockroach-npm-deps/is-buffer/-/is-buffer-1.1.6.tgz#efaa2ea9daa0d7ab2ea13a97b2b8ad51fefbe8be"
  integrity sha512-NcdALwpXkTm5Zvvbk7owOUSvVvBKDgKP5/ewfXEznmQFfs4ZRmanOeKBTjRVjka3QFoN6XJ+9F3USqfHqTaU5w==

js2xmlparser@^4.0.1:
  version "4.0.1"
  resolved "https://storage.googleapis.com/cockroach-npm-deps/js2xmlparser/-/js2xmlparser-4.0.1.tgz#670ef71bc5661f089cc90481b99a05a1227ae3bd"
  integrity sha512-KrPTolcw6RocpYjdC7pL7v62e55q7qOMHvLX1UCLc5AAS8qeJ6nukarEJAF2KL2PZxlbGueEbINqZR2bDe/gUw==
  dependencies:
    xmlcreate "^2.0.3"

jsdoc@^3.4.2:
  version "3.6.7"
  resolved "https://storage.googleapis.com/cockroach-npm-deps/jsdoc/-/jsdoc-3.6.7.tgz#00431e376bed7f9de4716c6f15caa80e64492b89"
  integrity sha512-sxKt7h0vzCd+3Y81Ey2qinupL6DpRSZJclS04ugHDNmRUXGzqicMJ6iwayhSA0S0DwwX30c5ozyUthr1QKF6uw==
  dependencies:
    "@babel/parser" "^7.9.4"
    bluebird "^3.7.2"
    catharsis "^0.9.0"
    escape-string-regexp "^2.0.0"
    js2xmlparser "^4.0.1"
    klaw "^3.0.0"
    markdown-it "^10.0.0"
    markdown-it-anchor "^5.2.7"
    marked "^2.0.3"
    mkdirp "^1.0.4"
    requizzle "^0.2.3"
    strip-json-comments "^3.1.0"
    taffydb "2.6.2"
    underscore "~1.13.1"

kind-of@^3.0.2:
  version "3.2.2"
  resolved "https://storage.googleapis.com/cockroach-npm-deps/kind-of/-/kind-of-3.2.2.tgz#31ea21a734bab9bbb0f32466d893aea51e4a3c64"
  integrity sha1-MeohpzS6ubuw8yRm2JOupR5KPGQ=
  dependencies:
    is-buffer "^1.1.5"

klaw@^3.0.0:
  version "3.0.0"
  resolved "https://storage.googleapis.com/cockroach-npm-deps/klaw/-/klaw-3.0.0.tgz#b11bec9cf2492f06756d6e809ab73a2910259146"
  integrity sha512-0Fo5oir+O9jnXu5EefYbVK+mHMBeEVEy2cmctR1O1NECcCkPRreJKrS6Qt/j3KC2C148Dfo9i3pCmCMsdqGr0g==
  dependencies:
    graceful-fs "^4.1.9"

lazy-cache@^1.0.3:
  version "1.0.4"
  resolved "https://storage.googleapis.com/cockroach-npm-deps/lazy-cache/-/lazy-cache-1.0.4.tgz#a1d78fc3a50474cb80845d3b3b6e1da49a446e8e"
  integrity sha1-odePw6UEdMuAhF07O24dpJpEbo4=

levn@~0.3.0:
  version "0.3.0"
  resolved "https://storage.googleapis.com/cockroach-npm-deps/levn/-/levn-0.3.0.tgz#3b09924edf9f083c0490fdd4c0bc4421e04764ee"
  integrity sha1-OwmSTt+fCDwEkP3UwLxEIeBHZO4=
  dependencies:
    prelude-ls "~1.1.2"
    type-check "~0.3.2"

linkify-it@^2.0.0:
  version "2.2.0"
  resolved "https://storage.googleapis.com/cockroach-npm-deps/linkify-it/-/linkify-it-2.2.0.tgz#e3b54697e78bf915c70a38acd78fd09e0058b1cf"
  integrity sha512-GnAl/knGn+i1U/wjBz3akz2stz+HrHLsxMwHQGofCDfPvlf+gDKN58UtfmUquTY4/MXeE2x7k19KQmeoZi94Iw==
  dependencies:
    uc.micro "^1.0.1"

lodash@^4.17.14:
  version "4.17.21"
  resolved "https://storage.googleapis.com/cockroach-npm-deps/lodash/-/lodash-4.17.21.tgz#679591c564c3bffaae8454cf0b3df370c3d6911c"
  integrity sha512-v2kDEe57lecTulaDIuNTPy3Ry4gLGJ6Z1O3vE1krgXZNrsQ+LFTGHVxVjcXPs17LhbZVGedAJv8XZ1tvj5FvSg==

lodash@^4.17.15:
  version "4.17.21"
  resolved "https://storage.googleapis.com/cockroach-npm-deps/lodash/-/lodash-4.17.21.tgz#679591c564c3bffaae8454cf0b3df370c3d6911c"
  integrity sha512-v2kDEe57lecTulaDIuNTPy3Ry4gLGJ6Z1O3vE1krgXZNrsQ+LFTGHVxVjcXPs17LhbZVGedAJv8XZ1tvj5FvSg==

long@^4.0.0:
  version "4.0.0"
  resolved "https://storage.googleapis.com/cockroach-npm-deps/long/-/long-4.0.0.tgz#9a7b71cfb7d361a194ea555241c92f7468d5bf28"
  integrity sha512-XsP+KhQif4bjX1kbuSiySJFNAehNxgLb6hPRGJ9QsUr8ajHkuXGdrHmFUTUUXhDwVX2R5bY4JNZEwbUiMhV+MA==

longest@^1.0.1:
  version "1.0.1"
  resolved "https://storage.googleapis.com/cockroach-npm-deps/longest/-/longest-1.0.1.tgz#30a0b2da38f73770e8294a0d22e6625ed77d0097"
  integrity sha1-MKCy2jj3N3DoKUoNIuZiXtd9AJc=

markdown-it-anchor@^5.2.7:
  version "5.3.0"
  resolved "https://storage.googleapis.com/cockroach-npm-deps/markdown-it-anchor/-/markdown-it-anchor-5.3.0.tgz#d549acd64856a8ecd1bea58365ef385effbac744"
  integrity sha512-/V1MnLL/rgJ3jkMWo84UR+K+jF1cxNG1a+KwqeXqTIJ+jtA8aWSHuigx8lTzauiIjBDbwF3NcWQMotd0Dm39jA==

markdown-it@^10.0.0:
  version "10.0.0"
  resolved "https://storage.googleapis.com/cockroach-npm-deps/markdown-it/-/markdown-it-10.0.0.tgz#abfc64f141b1722d663402044e43927f1f50a8dc"
  integrity sha512-YWOP1j7UbDNz+TumYP1kpwnP0aEa711cJjrAQrzd0UXlbJfc5aAq0F/PZHjiioqDC1NKgvIMX+o+9Bk7yuM2dg==
  dependencies:
    argparse "^1.0.7"
    entities "~2.0.0"
    linkify-it "^2.0.0"
    mdurl "^1.0.1"
    uc.micro "^1.0.5"

marked@^2.0.3:
  version "2.1.3"
  resolved "https://storage.googleapis.com/cockroach-npm-deps/marked/-/marked-2.1.3.tgz#bd017cef6431724fd4b27e0657f5ceb14bff3753"
  integrity sha512-/Q+7MGzaETqifOMWYEA7HVMaZb4XbcRfaOzcSsHZEith83KGlvaSG33u0SKu89Mj5h+T8V2hM+8O45Qc5XTgwA==

mdurl@^1.0.1:
  version "1.0.1"
  resolved "https://storage.googleapis.com/cockroach-npm-deps/mdurl/-/mdurl-1.0.1.tgz#fe85b2ec75a59037f2adfec100fd6c601761152e"
  integrity sha1-/oWy7HWlkDfyrf7BAP1sYBdhFS4=

minimatch@^3.0.4:
  version "3.0.4"
  resolved "https://storage.googleapis.com/cockroach-npm-deps/minimatch/-/minimatch-3.0.4.tgz#5166e286457f03306064be5497e8dbb0c3d32083"
  integrity sha512-yJHVQEhyqPLUTgt9B83PXu6W3rx4MvvHvSUvToogpwoGDOUQ+yDrR0HRot+yOCdCO7u4hX3pWft6kWBBcqh0UA==
  dependencies:
    brace-expansion "^1.1.7"

minimist@^1.2.0:
  version "1.2.5"
  resolved "https://storage.googleapis.com/cockroach-npm-deps/minimist/-/minimist-1.2.5.tgz#67d66014b66a6a8aaa0c083c5fd58df4e4e97602"
  integrity sha512-FM9nNUYrRBAELZQT3xeZQ7fmMOBg6nWNmJKTcgsJeaLstP/UODVpGsr5OhXhhXg6f+qtJ8uiZ+PUxkDWcgIXLw==

mkdirp@^1.0.4:
  version "1.0.4"
  resolved "https://storage.googleapis.com/cockroach-npm-deps/mkdirp/-/mkdirp-1.0.4.tgz#3eb5ed62622756d79a5f0e2a221dfebad75c2f7e"
  integrity sha512-vVqVZQyf3WLx2Shd0qJ9xuvqgAyKPLAiqITEtqW0oIUjzo3PePDd6fW9iFz30ef7Ysp/oiWqbhszeGWW2T6Gzw==

once@^1.3.0:
  version "1.4.0"
  resolved "https://storage.googleapis.com/cockroach-npm-deps/once/-/once-1.4.0.tgz#583b1aa775961d4b113ac17d9c50baef9dd76bd1"
  integrity sha1-WDsap3WWHUsROsF9nFC6753Xa9E=
  dependencies:
    wrappy "1"

optionator@^0.8.1:
  version "0.8.3"
  resolved "https://storage.googleapis.com/cockroach-npm-deps/optionator/-/optionator-0.8.3.tgz#84fa1d036fe9d3c7e21d99884b601167ec8fb495"
  integrity sha512-+IW9pACdk3XWmmTXG8m3upGUJst5XRGzxMRjXzAuJ1XnIFNvfhjjIuYkDvysnPQ7qzqVzLt78BCruntqRhWQbA==
  dependencies:
    deep-is "~0.1.3"
    fast-levenshtein "~2.0.6"
    levn "~0.3.0"
    prelude-ls "~1.1.2"
    type-check "~0.3.2"
    word-wrap "~1.2.3"

os-tmpdir@~1.0.2:
  version "1.0.2"
  resolved "https://storage.googleapis.com/cockroach-npm-deps/os-tmpdir/-/os-tmpdir-1.0.2.tgz#bbe67406c79aa85c5cfec766fe5734555dfa1274"
  integrity sha1-u+Z0BseaqFxc/sdm/lc0VV36EnQ=

path-is-absolute@^1.0.0:
  version "1.0.1"
  resolved "https://storage.googleapis.com/cockroach-npm-deps/path-is-absolute/-/path-is-absolute-1.0.1.tgz#174b9268735534ffbc7ace6bf53a5a9e1b5c5f5f"
  integrity sha1-F0uSaHNVNP+8es5r9TpanhtcX18=

prelude-ls@~1.1.2:
  version "1.1.2"
  resolved "https://storage.googleapis.com/cockroach-npm-deps/prelude-ls/-/prelude-ls-1.1.2.tgz#21932a549f5e52ffd9a827f570e04be62a97da54"
  integrity sha1-IZMqVJ9eUv/ZqCf1cOBL5iqX2lQ=

protobufjs@6.8.6:
  version "6.8.6"
  resolved "https://storage.googleapis.com/cockroach-npm-deps/protobufjs/-/protobufjs-6.8.6.tgz#ce3cf4fff9625b62966c455fc4c15e4331a11ca2"
  integrity sha512-eH2OTP9s55vojr3b7NBaF9i4WhWPkv/nq55nznWNp/FomKrLViprUcqnBjHph2tFQ+7KciGPTPsVWGz0SOhL0Q==
  dependencies:
    "@protobufjs/aspromise" "^1.1.2"
    "@protobufjs/base64" "^1.1.2"
    "@protobufjs/codegen" "^2.0.4"
    "@protobufjs/eventemitter" "^1.1.0"
    "@protobufjs/fetch" "^1.1.0"
    "@protobufjs/float" "^1.0.2"
    "@protobufjs/inquire" "^1.1.0"
    "@protobufjs/path" "^1.1.2"
    "@protobufjs/pool" "^1.1.0"
    "@protobufjs/utf8" "^1.1.0"
    "@types/long" "^3.0.32"
    "@types/node" "^8.9.4"
    long "^4.0.0"

repeat-string@^1.5.2:
  version "1.6.1"
  resolved "https://storage.googleapis.com/cockroach-npm-deps/repeat-string/-/repeat-string-1.6.1.tgz#8dcae470e1c88abc2d600fff4a776286da75e637"
  integrity sha1-jcrkcOHIirwtYA//Sndihtp15jc=

requizzle@^0.2.3:
  version "0.2.3"
  resolved "https://storage.googleapis.com/cockroach-npm-deps/requizzle/-/requizzle-0.2.3.tgz#4675c90aacafb2c036bd39ba2daa4a1cb777fded"
  integrity sha512-YanoyJjykPxGHii0fZP0uUPEXpvqfBDxWV7s6GKAiiOsiqhX6vHNyW3Qzdmqp/iq/ExbhaGbVrjB4ruEVSM4GQ==
  dependencies:
    lodash "^4.17.14"

right-align@^0.1.1:
  version "0.1.3"
  resolved "https://storage.googleapis.com/cockroach-npm-deps/right-align/-/right-align-0.1.3.tgz#61339b722fe6a3515689210d24e14c96148613ef"
  integrity sha1-YTObci/mo1FWiSENJOFMlhSGE+8=
  dependencies:
    align-text "^0.1.1"

semver@^5.3.0:
  version "5.7.1"
  resolved "https://storage.googleapis.com/cockroach-npm-deps/semver/-/semver-5.7.1.tgz#a954f931aeba508d307bbf069eff0c01c96116f7"
  integrity sha512-sauaDf/PZdVgrLTNYHRtpXa1iRiKcaebiKQ1BJdpQlWH2lCvexQdX55snPFyK7QzpudqbCI0qXFfOasHdyNDGQ==

source-map@~0.5.1:
  version "0.5.7"
  resolved "https://storage.googleapis.com/cockroach-npm-deps/source-map/-/source-map-0.5.7.tgz#8a039d2d1021d22d1ea14c80d8ea468ba2ef3fcc"
  integrity sha1-igOdLRAh0i0eoUyA2OpGi6LvP8w=

source-map@~0.6.1:
  version "0.6.1"
  resolved "https://storage.googleapis.com/cockroach-npm-deps/source-map/-/source-map-0.6.1.tgz#74722af32e9614e9c287a8d0bbde48b5e2f1a263"
  integrity sha512-UjgapumWlbMhkBgzT7Ykc5YXUT46F0iKu8SGXq0bcwP5dz/h0Plj6enJqjz1Zbq2l5WaqYnrVbwWOWMyF3F47g==

sprintf-js@~1.0.2:
  version "1.0.3"
  resolved "https://storage.googleapis.com/cockroach-npm-deps/sprintf-js/-/sprintf-js-1.0.3.tgz#04e6926f662895354f3dd015203633b857297e2c"
  integrity sha1-BOaSb2YolTVPPdAVIDYzuFcpfiw=

strip-ansi@^3.0.0:
  version "3.0.1"
  resolved "https://storage.googleapis.com/cockroach-npm-deps/strip-ansi/-/strip-ansi-3.0.1.tgz#6a385fb8853d952d5ff05d0e8aaf94278dc63dcf"
  integrity sha1-ajhfuIU9lS1f8F0Oiq+UJ43GPc8=
  dependencies:
    ansi-regex "^2.0.0"

strip-json-comments@^3.1.0:
  version "3.1.1"
  resolved "https://storage.googleapis.com/cockroach-npm-deps/strip-json-comments/-/strip-json-comments-3.1.1.tgz#31f1281b3832630434831c310c01cccda8cbe006"
  integrity sha512-6fPc+R4ihwqP6N/aIv2f1gMH8lOVtWQHoqC4yK6oSDVVocumAsfCqjkXnqiYMhmMwS/mEHLp7Vehlt3ql6lEig==

supports-color@^2.0.0:
  version "2.0.0"
  resolved "https://storage.googleapis.com/cockroach-npm-deps/supports-color/-/supports-color-2.0.0.tgz#535d045ce6b6363fa40117084629995e9df324c7"
  integrity sha1-U10EXOa2Nj+kARcIRimZXp3zJMc=

taffydb@2.6.2:
  version "2.6.2"
  resolved "https://storage.googleapis.com/cockroach-npm-deps/taffydb/-/taffydb-2.6.2.tgz#7cbcb64b5a141b6a2efc2c5d2c67b4e150b2a268"
  integrity sha1-fLy2S1oUG2ou/CxdLGe04VCyomg=

tmp@0.0.33:
  version "0.0.33"
  resolved "https://storage.googleapis.com/cockroach-npm-deps/tmp/-/tmp-0.0.33.tgz#6d34335889768d21b2bcda0aa277ced3b1bfadf9"
  integrity sha512-jRCJlojKnZ3addtTOjdIqoRuPEKBvNXcGYqzO6zWZX8KfKEpnGY5jfggJQ3EjKuu8D4bJRr0y+cYJFmYbImXGw==
  dependencies:
    os-tmpdir "~1.0.2"

type-check@~0.3.2:
  version "0.3.2"
  resolved "https://storage.googleapis.com/cockroach-npm-deps/type-check/-/type-check-0.3.2.tgz#5884cab512cf1d355e3fb784f30804b2b520db72"
  integrity sha1-WITKtRLPHTVeP7eE8wgEsrUg23I=
  dependencies:
    prelude-ls "~1.1.2"

uc.micro@^1.0.1:
  version "1.0.6"
  resolved "https://storage.googleapis.com/cockroach-npm-deps/uc.micro/-/uc.micro-1.0.6.tgz#9c411a802a409a91fc6cf74081baba34b24499ac"
  integrity sha512-8Y75pvTYkLJW2hWQHXxoqRgV7qb9B+9vFEtidML+7koHUFapnVJAZ6cKs+Qjz5Aw3aZWHMC6u0wJE3At+nSGwA==

uc.micro@^1.0.5:
  version "1.0.6"
  resolved "https://storage.googleapis.com/cockroach-npm-deps/uc.micro/-/uc.micro-1.0.6.tgz#9c411a802a409a91fc6cf74081baba34b24499ac"
  integrity sha512-8Y75pvTYkLJW2hWQHXxoqRgV7qb9B+9vFEtidML+7koHUFapnVJAZ6cKs+Qjz5Aw3aZWHMC6u0wJE3At+nSGwA==

uglify-js@^2.8.15:
  version "2.8.29"
  resolved "https://storage.googleapis.com/cockroach-npm-deps/uglify-js/-/uglify-js-2.8.29.tgz#29c5733148057bb4e1f75df35b7a9cb72e6a59dd"
  integrity sha1-KcVzMUgFe7Th913zW3qcty5qWd0=
  dependencies:
    source-map "~0.5.1"
    yargs "~3.10.0"

uglify-to-browserify@~1.0.0:
  version "1.0.2"
  resolved "https://storage.googleapis.com/cockroach-npm-deps/uglify-to-browserify/-/uglify-to-browserify-1.0.2.tgz#6e0924d6bda6b5afe349e39a6d632850a0f882b7"
  integrity sha1-bgkk1r2mta/jSeOabWMoUKD4grc=

underscore@~1.13.1:
  version "1.13.1"
  resolved "https://storage.googleapis.com/cockroach-npm-deps/underscore/-/underscore-1.13.1.tgz#0c1c6bd2df54b6b69f2314066d65b6cde6fcf9d1"
  integrity sha512-hzSoAVtJF+3ZtiFX0VgfFPHEDRm7Y/QPjGyNo4TVdnDTdft3tr8hEkD25a1jC+TjTuE7tkHGKkhwCgs9dgBB2g==

window-size@0.1.0:
  version "0.1.0"
  resolved "https://storage.googleapis.com/cockroach-npm-deps/window-size/-/window-size-0.1.0.tgz#5438cd2ea93b202efa3a19fe8887aee7c94f9c9d"
  integrity sha1-VDjNLqk7IC76Ohn+iIeu58lPnJ0=

word-wrap@~1.2.3:
  version "1.2.3"
  resolved "https://storage.googleapis.com/cockroach-npm-deps/word-wrap/-/word-wrap-1.2.3.tgz#610636f6b1f703891bd34771ccb17fb93b47079c"
  integrity sha512-Hz/mrNwitNRh/HUAtM/VT/5VH+ygD6DV7mYKZAtHOrbs8U7lvPS6xf7EJKMF0uW1KJCl0H701g3ZGus+muE5vQ==

wordwrap@0.0.2:
  version "0.0.2"
  resolved "https://storage.googleapis.com/cockroach-npm-deps/wordwrap/-/wordwrap-0.0.2.tgz#b79669bb42ecb409f83d583cad52ca17eaa1643f"
  integrity sha1-t5Zpu0LstAn4PVg8rVLKF+qhZD8=

wrappy@1:
  version "1.0.2"
  resolved "https://storage.googleapis.com/cockroach-npm-deps/wrappy/-/wrappy-1.0.2.tgz#b5243d8f3ec1aa35f1364605bc0d1036e30ab69f"
  integrity sha1-tSQ9jz7BqjXxNkYFvA0QNuMKtp8=

xmlcreate@^2.0.3:
  version "2.0.3"
  resolved "https://storage.googleapis.com/cockroach-npm-deps/xmlcreate/-/xmlcreate-2.0.3.tgz#df9ecd518fd3890ab3548e1b811d040614993497"
  integrity sha512-HgS+X6zAztGa9zIK3Y3LXuJes33Lz9x+YyTxgrkIdabu2vqcGOWwdfCpf1hWLRrd553wd4QCDf6BBO6FfdsRiQ==

yargs@~3.10.0:
  version "3.10.0"
  resolved "https://storage.googleapis.com/cockroach-npm-deps/yargs/-/yargs-3.10.0.tgz#f7ee7bd857dd7c1d2d38c0e74efbd681d1431fd1"
  integrity sha1-9+572FfdfB0tOMDnTvvWgdFDH9E=
  dependencies:
    camelcase "^1.0.2"
    cliui "^2.1.0"
    decamelize "^1.0.0"
    window-size "0.1.0"

