{
  "dependencies": {
    "abab": {
      "version": "1.0.3"
    },
    "abbrev": {
      "version": "1.0.7"
    },
    "acorn": {
      "version": "2.7.0"
    },
    "acorn-globals": {
      "version": "1.0.9"
    },
    "agent-base": {
      "version": "2.0.1",
      "dependencies": {
        "semver": {
          "version": "5.0.3"
        }
      }
    },
    "align-text": {
      "version": "0.1.4"
    },
    "amdefine": {
      "version": "1.0.0"
    },
    "ansi-regex": {
      "version": "2.0.0"
    },
    "ansi-styles": {
      "version": "2.2.1"
    },
    "any-promise": {
      "version": "1.2.0"
    },
    "anymatch": {
      "version": "1.3.0"
    },
    "archy": {
      "version": "1.0.0"
    },
    "arr-diff": {
      "version": "2.0.0"
    },
    "arr-flatten": {
      "version": "1.0.1"
    },
    "array-uniq": {
      "version": "1.0.2"
    },
    "array-unique": {
      "version": "0.2.1"
    },
    "arrify": {
      "version": "1.0.1"
    },
    "asap": {
      "version": "2.0.3"
    },
    "ascli": {
      "version": "1.0.0"
    },
    "asn1": {
      "version": "0.2.3"
    },
    "assert-plus": {
      "version": "0.2.0"
    },
    "assertion-error": {
      "version": "1.0.1"
    },
    "async": {
      "version": "1.5.2"
    },
    "async-each": {
      "version": "0.1.6"
    },
    "aws-sign2": {
      "version": "0.6.0"
    },
    "aws4": {
      "version": "1.3.2"
    },
    "babel-code-frame": {
      "version": "6.8.0"
    },
    "babel-core": {
      "version": "6.8.0",
      "dependencies": {
        "lodash": {
          "version": "3.10.1"
        },
        "minimatch": {
          "version": "2.0.10"
        },
        "source-map": {
          "version": "0.5.6"
        }
      }
    },
    "babel-generator": {
      "version": "6.8.0",
      "dependencies": {
        "lodash": {
          "version": "3.10.1"
        },
        "source-map": {
          "version": "0.5.6"
        }
      }
    },
    "babel-helper-hoist-variables": {
      "version": "6.8.0"
    },
    "babel-helpers": {
      "version": "6.8.0"
    },
    "babel-messages": {
      "version": "6.8.0"
    },
    "babel-plugin-syntax-flow": {
      "version": "6.8.0"
    },
    "babel-plugin-transform-es2015-modules-systemjs": {
      "version": "6.8.0"
    },
    "babel-plugin-transform-strict-mode": {
      "version": "6.8.0"
    },
    "babel-register": {
      "version": "6.8.0",
      "dependencies": {
        "core-js": {
          "version": "2.3.0"
        },
        "lodash": {
          "version": "3.10.1"
        }
      }
    },
    "babel-runtime": {
      "version": "6.6.1",
      "dependencies": {
        "core-js": {
          "version": "2.3.0"
        }
      }
    },
    "babel-template": {
      "version": "6.8.0",
      "dependencies": {
        "lodash": {
          "version": "3.10.1"
        }
      }
    },
    "babel-traverse": {
      "version": "6.8.0",
      "dependencies": {
        "lodash": {
          "version": "3.10.1"
        }
      }
    },
    "babel-types": {
      "version": "6.8.1",
      "dependencies": {
        "lodash": {
          "version": "3.10.1"
        }
      }
    },
    "babylon": {
      "version": "6.8.0"
    },
    "balanced-match": {
      "version": "0.4.1"
    },
    "binary-extensions": {
      "version": "1.4.0"
    },
    "bl": {
      "version": "1.1.2",
      "dependencies": {
        "isarray": {
          "version": "1.0.0"
        },
        "readable-stream": {
          "version": "2.0.6"
        }
      }
    },
    "block-stream": {
      "version": "0.0.9"
    },
    "bluebird": {
      "version": "2.10.2"
    },
    "boolbase": {
      "version": "1.0.0"
    },
    "boom": {
      "version": "2.10.1"
    },
    "boxen": {
      "version": "0.3.1",
      "dependencies": {
        "repeating": {
          "version": "2.0.1"
        }
      }
    },
    "brace-expansion": {
      "version": "1.1.4"
    },
    "braces": {
      "version": "1.8.4"
    },
    "bytebuffer": {
      "version": "5.0.1"
    },
    "camelcase": {
      "version": "1.2.1"
    },
    "capture-stack-trace": {
      "version": "1.0.0"
    },
    "caseless": {
      "version": "0.11.0"
    },
    "center-align": {
      "version": "0.1.3"
    },
    "chalk": {
      "version": "1.1.3"
    },
    "cheerio": {
      "version": "0.20.0"
    },
    "chokidar": {
      "version": "1.0.6"
    },
    "cli": {
      "version": "0.6.6",
      "dependencies": {
        "glob": {
          "version": "3.2.11"
        },
        "lru-cache": {
          "version": "2.7.3"
        },
        "minimatch": {
          "version": "0.3.0"
        }
      }
    },
    "cliui": {
      "version": "2.1.0",
      "dependencies": {
        "wordwrap": {
          "version": "0.0.2"
        }
      }
    },
    "clone": {
      "version": "1.0.2"
    },
    "code-point-at": {
      "version": "1.0.0"
    },
    "colors": {
      "version": "1.1.2"
    },
    "colour": {
      "version": "0.7.1"
    },
    "columnify": {
      "version": "1.5.4"
    },
    "combined-stream": {
      "version": "1.0.5"
    },
    "commander": {
      "version": "2.9.0"
    },
    "concat-map": {
      "version": "0.0.1"
    },
    "concat-stream": {
      "version": "1.5.1",
      "dependencies": {
        "isarray": {
          "version": "1.0.0"
        },
        "readable-stream": {
          "version": "2.0.6"
        }
      }
    },
    "configstore": {
      "version": "2.0.0"
    },
    "convert-source-map": {
      "version": "1.2.0"
    },
    "core-js": {
      "version": "1.2.6"
    },
    "core-util-is": {
      "version": "1.0.2"
    },
    "create-error-class": {
      "version": "3.0.2"
    },
    "cryptiles": {
      "version": "2.0.5"
    },
    "css-select": {
      "version": "1.2.0"
    },
    "css-what": {
      "version": "2.1.0"
    },
    "cssom": {
      "version": "0.3.1"
    },
    "cssstyle": {
      "version": "0.2.34"
    },
    "ctype": {
      "version": "0.5.3"
    },
    "d": {
      "version": "0.1.1"
    },
    "dashdash": {
      "version": "1.13.1",
      "dependencies": {
        "assert-plus": {
          "version": "1.0.0"
        }
      }
    },
    "debug": {
      "version": "2.2.0"
    },
    "decamelize": {
      "version": "1.2.0"
    },
    "deep-eql": {
      "version": "0.1.3",
      "dependencies": {
        "type-detect": {
          "version": "0.1.1"
        }
      }
    },
    "deep-extend": {
      "version": "0.4.1"
    },
    "deep-is": {
      "version": "0.1.3"
    },
    "defaults": {
      "version": "1.0.3"
    },
    "define-properties": {
      "version": "1.1.2"
    },
    "delayed-stream": {
      "version": "1.0.0"
    },
    "detect-indent": {
      "version": "3.0.1",
      "dependencies": {
        "minimist": {
          "version": "1.2.0"
        }
      }
    },
    "diff": {
      "version": "1.4.0"
    },
    "dom-serializer": {
      "version": "0.1.0",
      "dependencies": {
        "domelementtype": {
          "version": "1.1.3"
        }
      }
    },
    "domelementtype": {
      "version": "1.3.0"
    },
    "domhandler": {
      "version": "2.3.0"
    },
    "domutils": {
      "version": "1.5.1"
    },
    "dot-prop": {
      "version": "2.4.0"
    },
    "duplexer2": {
      "version": "0.1.4",
      "dependencies": {
        "isarray": {
          "version": "1.0.0"
        },
        "readable-stream": {
          "version": "2.1.2"
        }
      }
    },
    "dustjs-helpers": {
      "version": "1.7.3"
    },
    "dustjs-linkedin": {
      "version": "2.7.2"
    },
    "ecc-jsbn": {
      "version": "0.1.1"
    },
    "encoding": {
      "version": "0.1.12"
    },
    "entities": {
      "version": "1.1.1"
    },
    "err-code": {
      "version": "1.1.1"
    },
    "error-ex": {
      "version": "1.3.0"
    },
    "es-abstract": {
      "version": "1.5.0"
    },
    "es-to-primitive": {
      "version": "1.1.1"
    },
    "es5-ext": {
      "version": "0.10.11"
    },
    "es6-iterator": {
      "version": "2.0.0"
    },
    "es6-symbol": {
      "version": "3.0.2"
    },
    "es6-template-strings": {
      "version": "2.0.0"
    },
    "escape-string-regexp": {
      "version": "1.0.5"
    },
    "escodegen": {
      "version": "1.8.0"
    },
    "esniff": {
      "version": "1.0.0"
    },
    "esprima": {
      "version": "2.7.2"
    },
    "estraverse": {
      "version": "1.9.3"
    },
    "esutils": {
      "version": "2.0.2"
    },
    "exit": {
      "version": "0.1.2"
    },
    "expand-brackets": {
      "version": "0.1.5"
    },
    "expand-range": {
      "version": "1.8.1"
    },
    "expand-tilde": {
      "version": "1.2.1"
    },
    "extend": {
      "version": "3.0.0"
    },
    "extglob": {
      "version": "0.3.2"
    },
    "extsprintf": {
      "version": "1.0.2"
    },
    "fast-levenshtein": {
      "version": "1.1.3"
    },
    "fbjs": {
      "version": "0.8.1"
    },
    "fd-slicer": {
      "version": "1.0.1"
    },
    "filename-regex": {
      "version": "2.0.0"
    },
    "fill-range": {
      "version": "2.2.3"
    },
    "filled-array": {
      "version": "1.1.0"
    },
    "findup-sync": {
      "version": "0.3.0",
      "dependencies": {
        "glob": {
          "version": "5.0.15"
        }
      }
    },
    "flagged-respawn": {
      "version": "0.3.2"
    },
    "for-in": {
      "version": "0.1.5"
    },
    "for-own": {
      "version": "0.1.4"
    },
    "foreach": {
      "version": "2.0.5"
    },
    "forever-agent": {
      "version": "0.6.1"
    },
    "form-data": {
      "version": "1.0.0-rc4"
    },
    "formatio": {
      "version": "1.1.1"
    },
    "fsevents": {
      "version": "0.3.8"
    },
    "fstream": {
      "version": "1.0.8"
    },
    "function-bind": {
      "version": "1.1.0"
    },
    "generate-function": {
      "version": "2.0.0"
    },
    "generate-object-property": {
      "version": "1.2.0"
    },
    "get-stdin": {
      "version": "4.0.1"
    },
    "getpass": {
      "version": "0.1.6",
      "dependencies": {
        "assert-plus": {
          "version": "1.0.0"
        }
      }
    },
    "glob": {
      "version": "6.0.4"
    },
    "glob-base": {
      "version": "0.3.0",
      "dependencies": {
        "glob-parent": {
          "version": "2.0.0"
        },
        "is-glob": {
          "version": "2.0.1"
        }
      }
    },
    "glob-parent": {
      "version": "1.3.0",
      "dependencies": {
        "is-glob": {
          "version": "2.0.1"
        }
      }
    },
    "globals": {
      "version": "8.18.0"
    },
    "got": {
      "version": "5.6.0",
      "dependencies": {
        "isarray": {
          "version": "1.0.0"
        },
        "readable-stream": {
          "version": "2.1.2"
        }
      }
    },
    "graceful-fs": {
      "version": "4.1.3"
    },
    "graceful-readlink": {
      "version": "1.0.1"
    },
    "growl": {
      "version": "1.8.1"
    },
    "har-validator": {
      "version": "2.0.6"
    },
    "has": {
      "version": "1.0.1"
    },
    "has-ansi": {
      "version": "2.0.0"
    },
    "hawk": {
      "version": "3.1.3"
    },
    "hoek": {
      "version": "2.16.3"
    },
    "home-or-tmp": {
      "version": "1.0.0"
    },
    "htmlparser2": {
      "version": "3.8.3",
      "dependencies": {
        "entities": {
          "version": "1.0.0"
        }
      }
    },
    "http-proxy-agent": {
      "version": "1.0.0"
    },
    "http-signature": {
      "version": "1.1.1"
    },
    "https-proxy-agent": {
      "version": "1.0.0"
    },
    "iconv-lite": {
      "version": "0.4.13"
    },
    "imurmurhash": {
      "version": "0.1.4"
    },
    "inflight": {
      "version": "1.0.4"
    },
    "inherits": {
      "version": "2.0.1"
    },
    "ini": {
      "version": "1.3.4"
    },
    "invariant": {
      "version": "2.2.1"
    },
    "is": {
      "version": "0.2.7"
    },
    "is-absolute": {
      "version": "0.1.7"
    },
    "is-arrayish": {
      "version": "0.2.1"
    },
    "is-binary-path": {
      "version": "1.0.1"
    },
    "is-buffer": {
      "version": "1.1.3"
    },
    "is-callable": {
      "version": "1.1.3"
    },
    "is-date-object": {
      "version": "1.0.1"
    },
    "is-dotfile": {
      "version": "1.0.2"
    },
    "is-equal-shallow": {
      "version": "0.1.3"
    },
    "is-extendable": {
      "version": "0.1.1"
    },
    "is-extglob": {
      "version": "1.0.0"
    },
    "is-finite": {
      "version": "1.0.1"
    },
    "is-fullwidth-code-point": {
      "version": "1.0.0"
    },
    "is-glob": {
      "version": "1.1.3"
    },
    "is-integer": {
      "version": "1.0.6"
    },
    "is-my-json-valid": {
      "version": "2.13.1"
    },
    "is-npm": {
      "version": "1.0.0"
    },
    "is-number": {
      "version": "2.1.0"
    },
    "is-obj": {
      "version": "1.0.1"
    },
    "is-plain-obj": {
      "version": "1.1.0"
    },
    "is-posix-bracket": {
      "version": "0.1.1"
    },
    "is-primitive": {
      "version": "2.0.0"
    },
    "is-property": {
      "version": "1.0.2"
    },
    "is-redirect": {
      "version": "1.0.0"
    },
    "is-regex": {
      "version": "1.0.3"
    },
    "is-relative": {
      "version": "0.1.3"
    },
    "is-retry-allowed": {
      "version": "1.0.0"
    },
    "is-stream": {
      "version": "1.1.0"
    },
    "is-subset": {
      "version": "0.1.1"
    },
    "is-symbol": {
      "version": "1.0.1"
    },
    "is-typedarray": {
      "version": "1.0.0"
    },
    "is-unc-path": {
      "version": "0.1.1"
    },
    "is-utf8": {
      "version": "0.2.1"
    },
    "is-windows": {
      "version": "0.1.1"
    },
    "isarray": {
      "version": "0.0.1"
    },
    "isexe": {
      "version": "1.1.2"
    },
    "isobject": {
      "version": "2.1.0",
      "dependencies": {
        "isarray": {
          "version": "1.0.0"
        }
      }
    },
    "isomorphic-fetch": {
      "version": "2.2.1"
    },
    "isstream": {
      "version": "0.1.2"
    },
    "jade": {
      "version": "0.26.3",
      "dependencies": {
        "commander": {
          "version": "0.6.1"
        },
        "mkdirp": {
          "version": "0.3.0"
        }
      }
    },
    "jodid25519": {
      "version": "1.0.2"
    },
    "js-tokens": {
      "version": "1.0.3"
    },
    "jsbn": {
      "version": "0.1.0"
    },
    "jsdom": {
      "version": "7.2.2"
    },
    "json-schema": {
      "version": "0.2.2"
    },
    "json-stringify-safe": {
      "version": "5.0.1"
    },
    "json5": {
      "version": "0.4.0"
    },
    "jsonpointer": {
      "version": "2.0.0"
    },
    "jspm-github": {
      "version": "0.13.12",
      "dependencies": {
        "asn1": {
          "version": "0.1.11"
        },
        "assert-plus": {
          "version": "0.1.5"
        },
        "async": {
          "version": "0.9.2"
        },
        "aws-sign2": {
          "version": "0.5.0"
        },
        "bl": {
          "version": "0.9.5"
        },
        "caseless": {
          "version": "0.9.0"
        },
        "combined-stream": {
          "version": "0.0.7"
        },
        "delayed-stream": {
          "version": "0.0.5"
        },
        "forever-agent": {
          "version": "0.5.2"
        },
        "form-data": {
          "version": "0.2.0"
        },
        "glob": {
          "version": "4.5.3"
        },
        "hawk": {
          "version": "2.3.1"
        },
        "http-signature": {
          "version": "0.10.1"
        },
        "mime-db": {
          "version": "1.12.0"
        },
        "mime-types": {
          "version": "2.0.14"
        },
        "minimatch": {
          "version": "2.0.10"
        },
        "oauth-sign": {
          "version": "0.6.0"
        },
        "qs": {
          "version": "2.3.3"
        },
        "readable-stream": {
          "version": "1.0.34"
        },
        "request": {
          "version": "2.53.0"
        },
        "rimraf": {
          "version": "2.3.4"
        }
      }
    },
    "jspm-npm": {
      "version": "0.26.8",
      "dependencies": {
        "asn1": {
          "version": "0.1.11"
        },
        "assert-plus": {
          "version": "0.1.5"
        },
        "aws-sign2": {
          "version": "0.5.0"
        },
        "bl": {
          "version": "0.9.5"
        },
        "caseless": {
          "version": "0.10.0"
        },
        "extend": {
          "version": "2.0.1"
        },
        "glob": {
          "version": "5.0.15"
        },
        "har-validator": {
          "version": "1.8.0"
        },
        "hawk": {
          "version": "2.3.1"
        },
        "http-signature": {
          "version": "0.11.0"
        },
        "mime-db": {
          "version": "1.12.0"
        },
        "mime-types": {
          "version": "2.0.14"
        },
        "qs": {
          "version": "3.1.0"
        },
        "readable-stream": {
          "version": "1.0.34"
        },
        "request": {
          "version": "2.58.0"
        },
        "tar": {
          "version": "1.0.3"
        }
      }
    },
    "jspm-registry": {
      "version": "0.4.1",
      "dependencies": {
        "semver": {
          "version": "4.3.6"
        }
      }
    },
    "jsprim": {
      "version": "1.2.2"
    },
    "kind-of": {
      "version": "3.0.3"
    },
    "latest-version": {
      "version": "2.0.0"
    },
    "lazy-cache": {
      "version": "1.0.4"
    },
    "levn": {
      "version": "0.3.0"
    },
    "liftoff": {
      "version": "2.2.1",
      "dependencies": {
        "extend": {
          "version": "2.0.1"
        }
      }
    },
    "listify": {
      "version": "1.0.0"
    },
    "lockfile": {
      "version": "1.0.1"
    },
    "lodash": {
      "version": "4.11.2"
    },
    "lolex": {
      "version": "1.3.2"
    },
    "long": {
      "version": "3.1.0"
    },
    "longest": {
      "version": "1.0.1"
    },
    "loose-envify": {
      "version": "1.1.0"
    },
    "lowercase-keys": {
      "version": "1.0.0"
    },
    "lru-cache": {
      "version": "4.0.1"
    },
    "make-error": {
      "version": "1.1.1"
    },
    "make-error-cause": {
      "version": "1.1.0"
    },
    "methods": {
      "version": "1.1.2"
    },
    "micromatch": {
      "version": "2.3.8",
      "dependencies": {
        "is-glob": {
          "version": "2.0.1"
        }
      }
    },
    "mime-db": {
      "version": "1.23.0"
    },
    "mime-types": {
      "version": "2.1.11"
    },
    "minimatch": {
      "version": "3.0.0"
    },
    "minimist": {
      "version": "0.0.8"
    },
    "mkdirp": {
      "version": "0.5.1"
    },
    "ms": {
      "version": "0.7.1"
    },
    "nan": {
      "version": "2.3.3"
    },
    "ncp": {
      "version": "2.0.0"
    },
    "netrc": {
      "version": "0.1.4"
    },
    "node-fetch": {
      "version": "1.5.1"
    },
    "node-status-codes": {
      "version": "1.0.0"
    },
    "node-uuid": {
      "version": "1.4.7"
    },
    "node.extend": {
      "version": "1.0.8",
      "dependencies": {
        "object-keys": {
          "version": "0.4.0"
        }
      }
    },
    "node.flow": {
      "version": "1.2.3"
    },
    "nopt": {
      "version": "1.0.10"
    },
    "normalize-path": {
      "version": "2.0.1"
    },
    "nth-check": {
      "version": "1.0.1"
    },
    "number-is-nan": {
      "version": "1.0.0"
    },
    "nwmatcher": {
      "version": "1.3.7"
    },
    "oauth-sign": {
      "version": "0.8.1"
    },
    "object-assign": {
      "version": "4.1.0"
    },
    "object-keys": {
      "version": "1.0.9"
    },
    "object.assign": {
      "version": "4.0.3"
    },
    "object.omit": {
      "version": "2.0.0"
    },
    "object.pick": {
      "version": "1.1.2"
    },
    "object.values": {
      "version": "1.0.3"
    },
    "once": {
      "version": "1.3.3"
    },
    "optimist": {
      "version": "0.6.1",
      "dependencies": {
        "wordwrap": {
          "version": "0.0.3"
        }
      }
    },
    "optionator": {
      "version": "0.8.1"
    },
    "optjs": {
      "version": "3.2.2"
    },
    "os-homedir": {
      "version": "1.0.1"
    },
    "os-tmpdir": {
      "version": "1.0.1"
    },
    "osenv": {
      "version": "0.1.3"
    },
    "package-json": {
      "version": "2.3.2"
    },
    "parse-glob": {
      "version": "3.0.4",
      "dependencies": {
        "is-glob": {
          "version": "2.0.1"
        }
      }
    },
    "parse-json": {
      "version": "2.2.0"
    },
    "parse5": {
      "version": "1.5.1"
    },
    "path-exists": {
      "version": "1.0.0"
    },
    "path-is-absolute": {
      "version": "1.0.0"
    },
    "pend": {
      "version": "1.2.0"
    },
    "pinkie": {
      "version": "2.0.4"
    },
    "pinkie-promise": {
      "version": "2.0.1"
    },
    "popsicle": {
      "version": "5.0.1",
      "dependencies": {
        "async": {
          "version": "0.9.2"
        },
        "combined-stream": {
          "version": "0.0.7"
        },
        "delayed-stream": {
          "version": "0.0.5"
        },
        "form-data": {
          "version": "0.2.0"
        },
        "mime-db": {
          "version": "1.12.0"
        },
        "mime-types": {
          "version": "2.0.14"
        }
      }
    },
    "popsicle-proxy-agent": {
      "version": "1.0.0"
    },
    "popsicle-retry": {
      "version": "2.0.0"
    },
    "popsicle-status": {
      "version": "1.0.2"
    },
    "prelude-ls": {
      "version": "1.1.2"
    },
    "prepend-http": {
      "version": "1.0.3"
    },
    "preserve": {
      "version": "0.2.0"
    },
    "private": {
      "version": "0.1.6"
    },
    "process-nextick-args": {
      "version": "1.0.6"
    },
    "promise": {
      "version": "7.1.1"
    },
    "promise-finally": {
      "version": "2.1.0"
    },
    "proper-lockfile": {
      "version": "1.1.2"
    },
    "pseudomap": {
      "version": "1.0.2"
    },
    "qs": {
      "version": "6.1.0"
    },
    "randomatic": {
      "version": "1.1.5"
    },
    "rc": {
      "version": "1.1.6",
      "dependencies": {
        "minimist": {
          "version": "1.2.0"
        }
      }
    },
    "read-all-stream": {
      "version": "3.1.0",
      "dependencies": {
        "isarray": {
          "version": "1.0.0"
        },
        "readable-stream": {
          "version": "2.1.2"
        }
      }
    },
    "readable-stream": {
      "version": "1.1.14"
    },
    "readdirp": {
      "version": "1.4.0",
      "dependencies": {
        "lru-cache": {
          "version": "2.7.3"
        },
        "minimatch": {
          "version": "0.2.14"
        },
        "readable-stream": {
          "version": "1.0.34"
        }
      }
    },
    "rechoir": {
      "version": "0.6.2"
    },
    "regex-cache": {
      "version": "0.4.3"
    },
    "registry-url": {
      "version": "3.1.0"
    },
    "repeat-element": {
      "version": "1.1.2"
    },
    "repeat-string": {
      "version": "1.5.4"
    },
    "repeating": {
      "version": "1.1.3"
    },
    "request": {
      "version": "2.72.0"
    },
    "resolve": {
      "version": "1.1.7"
    },
    "retry": {
      "version": "0.9.0"
    },
    "right-align": {
      "version": "0.1.3"
    },
    "rimraf": {
      "version": "2.5.2",
      "dependencies": {
        "glob": {
          "version": "7.0.3"
        }
      }
    },
    "rmdir": {
      "version": "1.1.0"
    },
    "rollup": {
      "version": "0.25.8",
      "dependencies": {
        "minimist": {
          "version": "1.2.0"
        },
        "source-map": {
          "version": "0.1.32"
        },
        "source-map-support": {
          "version": "0.3.3"
        }
      }
    },
    "rsvp": {
      "version": "3.2.1"
    },
    "samsam": {
      "version": "1.1.2"
    },
    "sax": {
      "version": "1.2.1"
    },
    "semver": {
      "version": "5.1.0"
    },
    "semver-diff": {
      "version": "2.1.0"
    },
    "shebang-regex": {
      "version": "1.0.0"
    },
    "sigmund": {
      "version": "1.0.1"
    },
    "slash": {
      "version": "1.0.0"
    },
    "slide": {
      "version": "1.1.6"
    },
    "sntp": {
      "version": "1.0.9"
    },
    "sort-keys": {
      "version": "1.1.1"
    },
    "source-map": {
      "version": "0.2.0"
    },
    "source-map-support": {
      "version": "0.2.10",
      "dependencies": {
        "source-map": {
          "version": "0.1.32"
        }
      }
    },
    "sshpk": {
      "version": "1.8.3",
      "dependencies": {
        "assert-plus": {
          "version": "1.0.0"
        }
      }
    },
    "string_decoder": {
      "version": "0.10.31"
    },
    "string-template": {
      "version": "1.0.0"
    },
    "string-width": {
      "version": "1.0.1"
    },
    "stringstream": {
      "version": "0.0.5"
    },
    "strip-ansi": {
      "version": "3.0.1"
    },
    "strip-bom": {
      "version": "2.0.0"
    },
    "strip-json-comments": {
      "version": "1.0.4"
    },
    "supports-color": {
      "version": "2.0.0"
    },
    "symbol-tree": {
      "version": "3.1.4"
    },
    "systemjs": {
      "version": "0.19.27"
    },
    "systemjs-builder": {
      "version": "0.15.16",
      "dependencies": {
        "bluebird": {
          "version": "3.3.5"
        },
        "glob": {
          "version": "7.0.3"
        },
        "source-map": {
          "version": "0.5.6"
        }
      }
    },
    "tar": {
      "version": "2.2.1"
    },
    "thenify": {
      "version": "3.2.0"
    },
    "throat": {
      "version": "2.0.2"
    },
    "timed-out": {
      "version": "2.0.0"
    },
    "to-fast-properties": {
      "version": "1.0.2"
    },
    "touch": {
      "version": "1.0.0"
    },
    "tough-cookie": {
      "version": "2.2.2"
    },
    "tr46": {
      "version": "0.0.3"
    },
    "traceur": {
      "version": "0.0.105",
      "dependencies": {
        "glob": {
          "version": "5.0.15"
        },
        "semver": {
          "version": "4.3.6"
        }
      }
    },
    "trim-right": {
      "version": "1.0.1"
    },
    "tunnel-agent": {
      "version": "0.4.2"
    },
    "tweetnacl": {
      "version": "0.13.3"
    },
    "type-check": {
      "version": "0.3.2"
    },
    "type-detect": {
      "version": "1.0.0"
    },
    "typedarray": {
      "version": "0.0.6"
    },
    "typescript": {
      "version": "1.8.10"
    },
    "typings-core": {
      "version": "0.3.1",
      "dependencies": {
        "detect-indent": {
          "version": "4.0.0"
        },
        "is-absolute": {
          "version": "0.2.5"
        },
        "is-relative": {
          "version": "0.2.1"
        },
        "repeating": {
          "version": "2.0.1"
        }
      }
    },
    "ua-parser-js": {
      "version": "0.7.10"
    },
    "uglify-js": {
      "version": "2.6.2",
      "dependencies": {
        "async": {
          "version": "0.2.10"
        },
        "source-map": {
          "version": "0.5.6"
        }
      }
    },
    "uglify-to-browserify": {
      "version": "1.0.2"
    },
    "unc-path-regex": {
      "version": "0.1.2"
    },
    "underscore.string": {
      "version": "3.1.1"
    },
    "unzip-response": {
      "version": "1.0.0"
    },
    "update-notifier": {
      "version": "0.6.3"
    },
    "url-parse-lax": {
      "version": "1.0.0"
    },
    "user-home": {
      "version": "1.1.1"
    },
    "util": {
      "version": "0.10.3"
    },
    "util-deprecate": {
      "version": "1.0.2"
    },
    "uuid": {
      "version": "2.0.2"
    },
    "verror": {
      "version": "1.3.6"
    },
    "wcwidth": {
      "version": "1.0.0"
    },
    "webidl-conversions": {
      "version": "2.0.1"
    },
    "whatwg-fetch": {
      "version": "1.0.0"
    },
    "whatwg-url-compat": {
      "version": "0.6.5"
    },
    "when": {
      "version": "3.7.7"
    },
    "which": {
      "version": "1.2.4"
    },
    "widest-line": {
      "version": "1.0.0"
    },
    "window-size": {
      "version": "0.1.0"
    },
    "wordwrap": {
      "version": "1.0.0"
    },
    "wrappy": {
      "version": "1.0.1"
    },
    "write-file-atomic": {
      "version": "1.1.4"
    },
    "xdg-basedir": {
      "version": "2.0.0"
    },
    "xml-name-validator": {
      "version": "2.0.1"
    },
    "xtend": {
      "version": "4.0.1"
    },
    "yallist": {
      "version": "2.0.0"
    },
    "yargs": {
      "version": "3.10.0"
    },
    "yauzl": {
      "version": "2.4.1"
    },
    "zip-object": {
      "version": "0.1.0"
    }
  }
}