{
  "name": "cockroach-ui",
  "version": "0.1.0",
  "dependencies": {
    "abbrev": {
      "version": "1.0.7"
    },
    "amdefine": {
      "version": "1.0.0"
    },
    "ansi-escapes": {
      "version": "1.1.0"
    },
    "ansi-regex": {
      "version": "2.0.0"
    },
    "ansi-styles": {
      "version": "2.1.0"
    },
    "ansicolors": {
      "version": "0.2.1"
    },
    "archy": {
      "version": "1.0.0"
    },
    "argparse": {
      "version": "1.0.2"
    },
    "array-filter": {
      "version": "0.0.1"
    },
    "array-map": {
      "version": "0.0.0"
    },
    "array-reduce": {
      "version": "0.0.0"
    },
    "asn1": {
      "version": "0.1.11"
    },
    "assert-plus": {
      "version": "0.1.5"
    },
    "assertion-error": {
      "version": "1.0.0"
    },
    "async": {
      "version": "0.2.10"
    },
    "aws-sign2": {
      "version": "0.5.0"
    },
    "balanced-match": {
      "version": "0.2.0"
    },
    "binary": {
      "version": "0.3.0"
    },
    "bl": {
      "version": "0.9.4"
    },
    "bluebird": {
      "version": "1.2.4"
    },
    "boom": {
      "version": "0.4.2"
    },
    "bower": {
      "version": "1.5.3"
    },
    "bower-config": {
      "version": "0.6.1",
      "dependencies": {
        "graceful-fs": {
          "version": "2.0.3"
        },
        "mout": {
          "version": "0.9.1"
        }
      }
    },
    "bower-endpoint-parser": {
      "version": "0.2.2"
    },
    "bower-json": {
      "version": "0.4.0",
      "dependencies": {
        "graceful-fs": {
          "version": "2.0.3"
        }
      }
    },
    "bower-logger": {
      "version": "0.2.2"
    },
    "bower-registry-client": {
      "version": "0.3.0",
      "dependencies": {
        "graceful-fs": {
          "version": "2.0.3"
        },
        "lru-cache": {
          "version": "2.3.1"
        },
        "mkdirp": {
          "version": "0.3.5"
        },
        "request": {
          "version": "2.51.0"
        },
        "rimraf": {
          "version": "2.2.8"
        }
      }
    },
    "brace-expansion": {
      "version": "1.1.1"
    },
    "buffers": {
      "version": "0.1.1"
    },
    "cardinal": {
      "version": "0.4.4"
    },
    "caseless": {
      "version": "0.8.0"
    },
    "chainsaw": {
      "version": "0.1.0"
    },
    "chalk": {
      "version": "1.1.1"
    },
    "chmodr": {
      "version": "0.1.0"
    },
    "cli-color": {
      "version": "0.3.3"
    },
    "cli-cursor": {
      "version": "1.0.2"
    },
    "cli-width": {
      "version": "1.0.1"
    },
    "code-point-at": {
      "version": "1.0.0"
    },
    "colors": {
      "version": "1.1.2"
    },
    "combined-stream": {
      "version": "0.0.7"
    },
    "concat-map": {
      "version": "0.0.1"
    },
    "configstore": {
      "version": "0.3.2",
      "dependencies": {
        "osenv": {
          "version": "0.1.3"
        }
      }
    },
    "core-util-is": {
      "version": "1.0.1"
    },
    "cryptiles": {
      "version": "0.2.2"
    },
    "css-parse": {
      "version": "1.7.0"
    },
    "ctype": {
      "version": "0.5.3"
    },
    "d": {
      "version": "0.1.1"
    },
    "debug": {
      "version": "2.2.0"
    },
    "decompress-zip": {
      "version": "0.1.0",
      "dependencies": {
        "readable-stream": {
          "version": "1.1.13"
        }
      }
    },
    "deep-extend": {
      "version": "0.2.11"
    },
    "deep-freeze": {
      "version": "0.0.1"
    },
    "definition-header": {
      "version": "0.1.0"
    },
    "delayed-stream": {
      "version": "0.0.5"
    },
    "detect-indent": {
      "version": "0.2.0",
      "dependencies": {
        "minimist": {
          "version": "0.1.0"
        }
      }
    },
    "diff": {
      "version": "1.4.0"
    },
    "duplexer": {
      "version": "0.1.1"
    },
    "duplexify": {
      "version": "3.4.2",
      "dependencies": {
        "end-of-stream": {
          "version": "1.0.0"
        },
        "readable-stream": {
          "version": "2.0.2"
        }
      }
    },
    "end-of-stream": {
      "version": "1.1.0"
    },
    "es5-ext": {
      "version": "0.10.7"
    },
    "es6-iterator": {
      "version": "0.1.3"
    },
    "es6-symbol": {
      "version": "2.0.1"
    },
    "es6-weak-map": {
      "version": "0.1.4"
    },
    "escape-string-regexp": {
      "version": "1.0.3"
    },
    "esprima": {
      "version": "1.0.4"
    },
    "event-emitter": {
      "version": "0.3.3"
    },
    "event-stream": {
      "version": "3.1.7"
    },
    "exit": {
      "version": "0.1.2"
    },
    "exit-hook": {
      "version": "1.1.1"
    },
    "extsprintf": {
      "version": "1.0.3"
    },
    "figures": {
      "version": "1.4.0"
    },
    "findup-sync": {
      "version": "0.2.1",
      "dependencies": {
        "glob": {
          "version": "4.3.5"
        },
        "minimatch": {
          "version": "2.0.10"
        }
      }
    },
    "foreach": {
      "version": "2.0.5"
    },
    "forever-agent": {
      "version": "0.5.2"
    },
    "form-data": {
      "version": "0.2.0",
      "dependencies": {
        "async": {
          "version": "0.9.2"
        },
        "mime-types": {
          "version": "2.0.14"
        }
      }
    },
    "from": {
      "version": "0.1.3"
    },
    "fstream": {
      "version": "1.0.8",
      "dependencies": {
        "graceful-fs": {
          "version": "4.1.2"
        }
      }
    },
    "fstream-ignore": {
      "version": "1.0.2",
      "dependencies": {
        "minimatch": {
          "version": "2.0.10"
        }
      }
    },
    "get-stdin": {
      "version": "0.1.0"
    },
    "github": {
      "version": "0.2.4"
    },
    "glob": {
      "version": "4.5.3",
      "dependencies": {
        "minimatch": {
          "version": "2.0.10"
        }
      }
    },
    "got": {
      "version": "3.3.1",
      "dependencies": {
        "object-assign": {
          "version": "3.0.0"
        }
      }
    },
    "graceful-fs": {
      "version": "3.0.8"
    },
    "handlebars": {
      "version": "2.0.0",
      "dependencies": {
        "optimist": {
          "version": "0.3.7"
        }
      }
    },
    "has-ansi": {
      "version": "2.0.0"
    },
    "hawk": {
      "version": "1.1.1"
    },
    "hoek": {
      "version": "0.9.1"
    },
    "http-signature": {
      "version": "0.10.1"
    },
    "infinity-agent": {
      "version": "2.0.3"
    },
    "inflight": {
      "version": "1.0.4"
    },
    "inherits": {
      "version": "2.0.1"
    },
    "ini": {
      "version": "1.3.4"
    },
    "inquirer": {
      "version": "0.8.0",
      "dependencies": {
        "ansi-regex": {
          "version": "1.1.1"
        },
        "ansi-styles": {
          "version": "1.1.0"
        },
        "chalk": {
          "version": "0.5.1"
        },
        "has-ansi": {
          "version": "0.1.0",
          "dependencies": {
            "ansi-regex": {
              "version": "0.2.1"
            }
          }
        },
        "lodash": {
          "version": "2.4.2"
        },
        "strip-ansi": {
          "version": "0.3.0",
          "dependencies": {
            "ansi-regex": {
              "version": "0.2.1"
            }
          }
        },
        "supports-color": {
          "version": "0.2.0"
        }
      }
    },
    "insight": {
      "version": "0.7.0",
      "dependencies": {
        "async": {
          "version": "1.4.2"
        },
        "configstore": {
          "version": "1.2.1",
          "dependencies": {
            "object-assign": {
              "version": "3.0.0"
            }
          }
        },
        "graceful-fs": {
          "version": "4.1.2"
        },
        "inquirer": {
          "version": "0.10.1"
        },
        "mute-stream": {
          "version": "0.0.5"
        },
        "object-assign": {
          "version": "4.0.1"
        },
        "osenv": {
          "version": "0.1.3"
        },
        "readline2": {
          "version": "1.0.1"
        },
        "xdg-basedir": {
          "version": "2.0.0"
        }
      }
    },
    "intersect": {
      "version": "0.0.3"
    },
    "is-absolute": {
      "version": "0.1.7"
    },
    "is-fullwidth-code-point": {
      "version": "1.0.0"
    },
    "is-npm": {
      "version": "1.0.0"
    },
    "is-redirect": {
      "version": "1.0.0"
    },
    "is-relative": {
      "version": "0.1.3"
    },
    "is-root": {
      "version": "1.0.0"
    },
    "is-stream": {
      "version": "1.0.1"
    },
    "isarray": {
      "version": "0.0.1"
    },
    "isemail": {
      "version": "1.2.0"
    },
    "isstream": {
      "version": "0.1.2"
    },
    "joi": {
      "version": "4.9.0",
      "dependencies": {
        "hoek": {
          "version": "2.16.3"
        }
      }
    },
    "joi-assert": {
      "version": "0.0.3"
    },
    "js-yaml": {
      "version": "3.4.2",
      "dependencies": {
        "esprima": {
          "version": "2.2.0"
        }
      }
    },
    "jsesc": {
      "version": "0.5.0"
    },
    "json-pointer": {
      "version": "0.2.2"
    },
    "json-stringify-safe": {
      "version": "5.0.1"
    },
    "jsonify": {
      "version": "0.0.0"
    },
    "junk": {
      "version": "1.0.2"
    },
    "latest-version": {
      "version": "1.0.1"
    },
    "lazy.js": {
      "version": "0.3.2"
    },
    "lockfile": {
      "version": "1.0.1"
    },
    "lodash": {
      "version": "3.10.1"
    },
    "lodash._getnative": {
      "version": "3.9.1"
    },
    "lodash.debounce": {
      "version": "3.1.1"
    },
    "lowercase-keys": {
      "version": "1.0.0"
    },
    "lru-cache": {
      "version": "2.7.0"
    },
    "lru-queue": {
      "version": "0.1.0"
    },
    "map-stream": {
      "version": "0.1.0"
    },
    "md5-hex": {
      "version": "1.1.0"
    },
    "md5-o-matic": {
      "version": "0.1.1"
    },
    "memoizee": {
      "version": "0.3.9"
    },
    "mime": {
      "version": "1.3.4"
    },
    "mime-db": {
      "version": "1.12.0"
    },
    "mime-types": {
      "version": "1.0.2"
    },
    "minichain": {
      "version": "0.0.1"
    },
    "minimatch": {
      "version": "3.0.0"
    },
    "minimist": {
      "version": "0.0.10"
    },
    "ministyle": {
      "version": "0.1.4"
    },
    "minitable": {
      "version": "0.0.4"
    },
    "miniwrite": {
      "version": "0.1.4",
      "dependencies": {
        "mkdirp": {
          "version": "0.3.5"
        }
      }
    },
    "mkdirp": {
      "version": "0.5.0",
      "dependencies": {
        "minimist": {
          "version": "0.0.8"
        }
      }
    },
    "mkpath": {
      "version": "0.1.0"
    },
    "moment": {
      "version": "2.10.6"
    },
    "mout": {
      "version": "0.11.0"
    },
    "ms": {
      "version": "0.7.1"
    },
    "mute-stream": {
      "version": "0.0.4"
    },
    "nested-error-stacks": {
      "version": "1.0.1"
    },
    "next-tick": {
      "version": "0.2.2"
    },
    "node-uuid": {
      "version": "1.4.3"
    },
    "nopt": {
      "version": "3.0.4"
    },
    "npm": {
      "version": "3.3.4",
      "dependencies": {
        "abbrev": {
          "version": "1.0.7"
        },
        "ansi": {
          "version": "0.3.0"
        },
        "ansi-regex": {
          "version": "2.0.0"
        },
        "ansi-styles": {
          "version": "2.1.0"
        },
        "ansicolors": {
          "version": "0.3.2"
        },
        "ansistyles": {
          "version": "0.1.3"
        },
        "aproba": {
          "version": "1.0.1"
        },
        "archy": {
          "version": "1.0.0"
        },
        "are-we-there-yet": {
          "version": "1.0.4"
        },
        "array-index": {
          "version": "0.1.1"
        },
        "asap": {
          "version": "2.0.3"
        },
        "asn1": {
          "version": "0.1.11"
        },
        "assert-plus": {
          "version": "0.1.5"
        },
        "async": {
          "version": "1.4.2"
        },
        "async-some": {
          "version": "1.0.2"
        },
        "aws-sign2": {
          "version": "0.5.0"
        },
        "balanced-match": {
          "version": "0.2.0"
        },
        "bl": {
          "version": "1.0.0",
          "dependencies": {
            "readable-stream": {
              "version": "2.0.2"
            }
          }
        },
        "block-stream": {
          "version": "0.0.8"
        },
        "bluebird": {
          "version": "2.10.0"
        },
        "boom": {
          "version": "2.8.0"
        },
        "brace-expansion": {
          "version": "1.1.0"
        },
        "builtin-modules": {
          "version": "1.1.0"
        },
        "builtins": {
          "version": "0.0.7"
        },
        "caseless": {
          "version": "0.11.0"
        },
        "chalk": {
          "version": "1.1.1"
        },
        "chownr": {
          "version": "1.0.1"
        },
        "clone": {
          "version": "0.1.19"
        },
        "cmd-shim": {
          "version": "2.0.1",
          "dependencies": {
            "graceful-fs": {
              "version": "3.0.8"
            }
          }
        },
        "columnify": {
          "version": "1.5.2"
        },
        "combined-stream": {
          "version": "1.0.5"
        },
        "commander": {
          "version": "2.8.1"
        },
        "concat-map": {
          "version": "0.0.1"
        },
        "concat-stream": {
          "version": "1.5.0",
          "dependencies": {
            "readable-stream": {
              "version": "2.0.2"
            }
          }
        },
        "config-chain": {
          "version": "1.1.9"
        },
        "core-util-is": {
          "version": "1.0.1"
        },
        "cryptiles": {
          "version": "2.0.5"
        },
        "ctype": {
          "version": "0.5.3"
        },
        "debug": {
          "version": "2.2.0"
        },
        "debuglog": {
          "version": "1.0.1"
        },
        "defaults": {
          "version": "1.0.2"
        },
        "delayed-stream": {
          "version": "1.0.0"
        },
        "delegates": {
          "version": "0.1.0"
        },
        "dezalgo": {
          "version": "1.0.3"
        },
        "editor": {
          "version": "1.0.0"
        },
        "escape-string-regexp": {
          "version": "1.0.3"
        },
        "extend": {
          "version": "3.0.0"
        },
        "forever-agent": {
          "version": "0.6.1"
        },
        "form-data": {
          "version": "1.0.0-rc3"
        },
        "fs-vacuum": {
          "version": "1.2.7"
        },
        "fs-write-stream-atomic": {
          "version": "1.0.4"
        },
        "fstream": {
          "version": "1.0.8"
        },
        "fstream-ignore": {
          "version": "1.0.2"
        },
        "fstream-npm": {
          "version": "1.0.5"
        },
        "gauge": {
          "version": "1.2.2"
        },
        "generate-function": {
          "version": "2.0.0"
        },
        "generate-object-property": {
          "version": "1.2.0"
        },
        "glob": {
          "version": "5.0.14"
        },
        "graceful-fs": {
          "version": "4.1.2"
        },
        "graceful-readlink": {
          "version": "1.0.1"
        },
        "har-validator": {
          "version": "1.8.0"
        },
        "has-ansi": {
          "version": "2.0.0"
        },
        "has-unicode": {
          "version": "1.0.0"
        },
        "hawk": {
          "version": "3.1.0"
        },
        "hoek": {
          "version": "2.16.2"
        },
        "hosted-git-info": {
          "version": "2.1.4"
        },
        "http-signature": {
          "version": "0.11.0"
        },
        "iferr": {
          "version": "0.1.5"
        },
        "inflight": {
          "version": "1.0.4"
        },
        "inherits": {
          "version": "2.0.1"
        },
        "ini": {
          "version": "1.3.4"
        },
        "init-package-json": {
          "version": "1.9.1"
        },
        "is-absolute": {
          "version": "0.1.7"
        },
        "is-builtin-module": {
          "version": "1.0.0"
        },
        "is-my-json-valid": {
          "version": "2.12.2"
        },
        "is-property": {
          "version": "1.0.2"
        },
        "is-relative": {
          "version": "0.1.3"
        },
        "isarray": {
          "version": "0.0.1"
        },
        "isstream": {
          "version": "0.1.2"
        },
        "jju": {
          "version": "1.2.1"
        },
        "json-parse-helpfulerror": {
          "version": "1.0.3"
        },
        "json-stringify-safe": {
          "version": "5.0.1"
        },
        "jsonpointer": {
          "version": "2.0.0"
        },
        "lockfile": {
          "version": "1.0.1"
        },
        "lodash._arraycopy": {
          "version": "3.0.0"
        },
        "lodash._arrayeach": {
          "version": "3.0.0"
        },
        "lodash._baseassign": {
          "version": "3.2.0"
        },
        "lodash._basecallback": {
          "version": "3.3.1"
        },
        "lodash._baseclone": {
          "version": "3.3.0"
        },
        "lodash._basecopy": {
          "version": "3.0.1"
        },
        "lodash._basedifference": {
          "version": "3.0.3"
        },
        "lodash._baseflatten": {
          "version": "3.1.4"
        },
        "lodash._basefor": {
          "version": "3.0.2"
        },
        "lodash._baseindexof": {
          "version": "3.1.0"
        },
        "lodash._baseisequal": {
          "version": "3.0.7"
        },
        "lodash._basetostring": {
          "version": "3.0.1"
        },
        "lodash._baseuniq": {
          "version": "3.0.3"
        },
        "lodash._bindcallback": {
          "version": "3.0.1"
        },
        "lodash._cacheindexof": {
          "version": "3.0.2"
        },
        "lodash._createcache": {
          "version": "3.1.2"
        },
        "lodash._createpadding": {
          "version": "3.6.1"
        },
        "lodash._getnative": {
          "version": "3.9.1"
        },
        "lodash._isiterateecall": {
          "version": "3.0.9"
        },
        "lodash.clonedeep": {
          "version": "3.0.2"
        },
        "lodash.isarguments": {
          "version": "3.0.4"
        },
        "lodash.isarray": {
          "version": "3.0.4"
        },
        "lodash.istypedarray": {
          "version": "3.0.2"
        },
        "lodash.keys": {
          "version": "3.1.2"
        },
        "lodash.pad": {
          "version": "3.1.1"
        },
        "lodash.padleft": {
          "version": "3.1.1"
        },
        "lodash.padright": {
          "version": "3.1.1"
        },
        "lodash.pairs": {
          "version": "3.0.1"
        },
        "lodash.repeat": {
          "version": "3.0.1"
        },
        "lodash.restparam": {
          "version": "3.6.1"
        },
        "lodash.union": {
          "version": "3.1.0"
        },
        "lodash.uniq": {
          "version": "3.2.2"
        },
        "lodash.without": {
          "version": "3.2.1"
        },
        "lru-cache": {
          "version": "2.6.5"
        },
        "mime-db": {
          "version": "1.18.0"
        },
        "mime-types": {
          "version": "2.1.6"
        },
        "minimatch": {
          "version": "2.0.10"
        },
        "minimist": {
          "version": "0.0.8"
        },
        "mkdirp": {
          "version": "0.5.1"
        },
        "ms": {
          "version": "0.7.1"
        },
        "mute-stream": {
          "version": "0.0.5"
        },
        "node-gyp": {
          "version": "3.0.3",
          "dependencies": {
            "glob": {
              "version": "4.5.3",
              "dependencies": {
                "minimatch": {
                  "version": "2.0.10"
                }
              }
            },
            "minimatch": {
              "version": "1.0.0"
            },
            "tar": {
              "version": "1.0.3"
            }
          }
        },
        "node-uuid": {
          "version": "1.4.3"
        },
        "nopt": {
          "version": "3.0.4"
        },
        "normalize-git-url": {
          "version": "3.0.1"
        },
        "normalize-package-data": {
          "version": "2.3.4"
        },
        "npm-cache-filename": {
          "version": "1.0.2"
        },
        "npm-install-checks": {
          "version": "2.0.0"
        },
        "npm-package-arg": {
          "version": "4.0.2"
        },
        "npm-registry-client": {
          "version": "7.0.7"
        },
        "npm-user-validate": {
          "version": "0.1.2"
        },
        "npmlog": {
          "version": "1.2.1"
        },
        "oauth-sign": {
          "version": "0.8.0"
        },
        "once": {
          "version": "1.3.2"
        },
        "opener": {
          "version": "1.4.1"
        },
        "os-homedir": {
          "version": "1.0.1"
        },
        "os-tmpdir": {
          "version": "1.0.1"
        },
        "osenv": {
          "version": "0.1.3"
        },
        "path-array": {
          "version": "1.0.0"
        },
        "path-is-absolute": {
          "version": "1.0.0"
        },
        "path-is-inside": {
          "version": "1.0.1"
        },
        "process-nextick-args": {
          "version": "1.0.3"
        },
        "promzard": {
          "version": "0.3.0"
        },
        "proto-list": {
          "version": "1.2.4"
        },
        "qs": {
          "version": "5.1.0"
        },
        "read": {
          "version": "1.0.7"
        },
        "read-cmd-shim": {
          "version": "1.0.1"
        },
        "read-installed": {
          "version": "4.0.3"
        },
        "read-package-json": {
          "version": "2.0.1"
        },
        "read-package-tree": {
          "version": "5.1.0"
        },
        "readable-stream": {
          "version": "1.1.13"
        },
        "readdir-scoped-modules": {
          "version": "1.0.2"
        },
        "realize-package-specifier": {
          "version": "3.0.1"
        },
        "request": {
          "version": "2.62.0"
        },
        "retry": {
          "version": "0.8.0"
        },
        "rimraf": {
          "version": "2.4.3"
        },
        "semver": {
          "version": "5.0.3"
        },
        "sha": {
          "version": "2.0.1",
          "dependencies": {
            "readable-stream": {
              "version": "2.0.2"
            }
          }
        },
        "sigmund": {
          "version": "1.0.1"
        },
        "slide": {
          "version": "1.1.6"
        },
        "sntp": {
          "version": "1.0.9"
        },
        "sorted-object": {
          "version": "1.0.0"
        },
        "spdx-correct": {
          "version": "1.0.1"
        },
        "spdx-exceptions": {
          "version": "1.0.2"
        },
        "spdx-expression-parse": {
          "version": "1.0.0"
        },
        "spdx-license-ids": {
          "version": "1.0.2"
        },
        "string_decoder": {
          "version": "0.10.31"
        },
        "stringstream": {
          "version": "0.0.4"
        },
        "strip-ansi": {
          "version": "3.0.0"
        },
        "supports-color": {
          "version": "2.0.0"
        },
        "tar": {
          "version": "2.2.1"
        },
        "text-table": {
          "version": "0.2.0"
        },
        "tough-cookie": {
          "version": "2.0.0"
        },
        "tunnel-agent": {
          "version": "0.4.1"
        },
        "typedarray": {
          "version": "0.0.6"
        },
        "uid-number": {
          "version": "0.0.6"
        },
        "umask": {
          "version": "1.1.0"
        },
        "unique-filename": {
          "version": "1.0.0"
        },
        "unique-slug": {
          "version": "1.0.0"
        },
        "unpipe": {
          "version": "1.0.0"
        },
        "util-deprecate": {
          "version": "1.0.1"
        },
        "util-extend": {
          "version": "1.0.1"
        },
        "validate-npm-package-license": {
          "version": "3.0.1"
        },
        "validate-npm-package-name": {
          "version": "2.2.2"
        },
        "wcwidth": {
          "version": "1.0.0"
        },
        "which": {
          "version": "1.1.2"
        },
        "wrappy": {
          "version": "1.0.1"
        },
        "write-file-atomic": {
          "version": "1.1.3"
        },
        "xtend": {
          "version": "4.0.0"
        }
      }
    },
    "number-is-nan": {
      "version": "1.0.0"
    },
    "oauth-sign": {
      "version": "0.5.0"
    },
    "object-assign": {
      "version": "2.1.1"
    },
    "once": {
      "version": "1.3.2"
    },
    "onetime": {
      "version": "1.0.0"
    },
    "open": {
      "version": "0.0.5"
    },
    "opn": {
      "version": "1.0.2"
    },
    "optimist": {
      "version": "0.6.1"
    },
    "os-homedir": {
      "version": "1.0.1"
    },
    "os-name": {
      "version": "1.0.3"
    },
    "os-tmpdir": {
      "version": "1.0.1"
    },
    "osenv": {
      "version": "0.0.3"
    },
    "osx-release": {
      "version": "1.1.0",
      "dependencies": {
        "minimist": {
          "version": "1.2.0"
        }
      }
    },
    "p-throttler": {
      "version": "0.1.1",
      "dependencies": {
        "q": {
          "version": "0.9.7"
        }
      }
    },
    "package-json": {
      "version": "1.2.0"
    },
    "parsimmon": {
      "version": "0.5.1"
    },
    "path-is-absolute": {
      "version": "1.0.0"
    },
    "pause-stream": {
      "version": "0.0.11"
    },
    "pinkie": {
      "version": "1.0.0"
    },
    "pinkie-promise": {
      "version": "1.0.0"
    },
    "pjs": {
      "version": "5.1.1"
    },
    "prepend-http": {
      "version": "1.0.3"
    },
    "process-nextick-args": {
      "version": "1.0.3"
    },
    "promptly": {
      "version": "0.2.0"
    },
    "pump": {
      "version": "1.0.0"
    },
    "q": {
      "version": "1.4.1"
    },
    "qs": {
      "version": "2.3.3"
    },
    "rc": {
      "version": "1.1.1",
      "dependencies": {
        "minimist": {
          "version": "1.2.0"
        }
      }
    },
    "read": {
      "version": "1.0.7"
    },
    "read-all-stream": {
      "version": "3.0.1",
      "dependencies": {
        "readable-stream": {
          "version": "2.0.2"
        }
      }
    },
    "readable-stream": {
      "version": "1.0.33"
    },
    "readline2": {
      "version": "0.1.1",
      "dependencies": {
        "ansi-regex": {
          "version": "1.1.1"
        },
        "strip-ansi": {
          "version": "2.0.1"
        }
      }
    },
    "redeyed": {
      "version": "0.4.4"
    },
    "registry-url": {
      "version": "3.0.3"
    },
    "request": {
      "version": "2.53.0",
      "dependencies": {
        "boom": {
          "version": "2.9.0"
        },
        "caseless": {
          "version": "0.9.0"
        },
        "cryptiles": {
          "version": "2.0.5"
        },
        "hawk": {
          "version": "2.3.1"
        },
        "hoek": {
          "version": "2.16.3"
        },
        "mime-types": {
          "version": "2.0.14"
        },
        "oauth-sign": {
          "version": "0.6.0"
        },
        "sntp": {
          "version": "1.0.9"
        }
      }
    },
    "request-progress": {
      "version": "0.3.1"
    },
    "request-replay": {
      "version": "0.2.0"
    },
    "restore-cursor": {
      "version": "1.0.1"
    },
    "retry": {
      "version": "0.6.1"
    },
    "rimraf": {
      "version": "2.4.3",
      "dependencies": {
        "glob": {
          "version": "5.0.15"
        }
      }
    },
    "run-async": {
      "version": "0.1.0"
    },
    "rx": {
      "version": "2.5.3"
    },
    "rx-lite": {
      "version": "3.1.2"
    },
    "sax": {
      "version": "0.5.8"
    },
    "semver": {
      "version": "2.3.2"
    },
    "semver-diff": {
      "version": "2.0.0",
      "dependencies": {
        "semver": {
          "version": "4.3.6"
        }
      }
    },
    "shell-quote": {
      "version": "1.4.3"
    },
    "shonkwrap": {
      "version": "1.1.2"
    },
    "sigmund": {
      "version": "1.0.1"
    },
    "slide": {
      "version": "1.1.6"
    },
    "sntp": {
      "version": "0.2.4"
    },
    "source-map": {
      "version": "0.1.43"
    },
    "split": {
      "version": "0.2.10"
    },
    "sprintf-js": {
      "version": "1.0.3"
    },
    "stream-combiner": {
      "version": "0.0.4"
    },
    "string_decoder": {
      "version": "0.10.31"
    },
    "string-length": {
      "version": "1.0.1"
    },
    "stringify-object": {
      "version": "1.0.1"
    },
    "stringstream": {
      "version": "0.0.4"
    },
    "strip-ansi": {
      "version": "3.0.0"
    },
    "strip-json-comments": {
      "version": "0.1.3"
    },
    "stylus": {
      "version": "0.52.4",
      "dependencies": {
        "glob": {
          "version": "3.2.11"
        },
        "minimatch": {
          "version": "0.3.0"
        }
      }
    },
    "supports-color": {
      "version": "2.0.0"
    },
    "tar-fs": {
      "version": "1.8.1"
    },
    "tar-stream": {
      "version": "1.2.1",
      "dependencies": {
        "bl": {
          "version": "1.0.0"
        },
        "readable-stream": {
          "version": "2.0.2"
        }
      }
    },
    "throttleit": {
      "version": "0.0.2"
    },
    "through": {
      "version": "2.3.8"
    },
    "timed-out": {
      "version": "2.0.0"
    },
    "timers-ext": {
      "version": "0.1.0"
    },
    "tmp": {
      "version": "0.0.24"
    },
    "topo": {
      "version": "1.0.3",
      "dependencies": {
        "hoek": {
          "version": "2.16.3"
        }
      }
    },
    "touch": {
      "version": "0.0.3",
      "dependencies": {
        "nopt": {
          "version": "1.0.10"
        }
      }
    },
    "tough-cookie": {
      "version": "2.0.0"
    },
    "traverse": {
      "version": "0.3.9"
    },
    "tsd": {
      "version": "0.6.4",
      "dependencies": {
        "ansi-regex": {
          "version": "0.2.1"
        },
        "ansi-styles": {
          "version": "1.1.0"
        },
        "has-ansi": {
          "version": "0.1.0"
        },
        "lru-cache": {
          "version": "2.5.2"
        },
        "minimatch": {
          "version": "1.0.0"
        },
        "minimist": {
          "version": "1.2.0"
        },
        "rimraf": {
          "version": "2.2.8"
        },
        "semver": {
          "version": "4.3.6"
        },
        "strip-ansi": {
          "version": "0.3.0"
        },
        "supports-color": {
          "version": "0.2.0"
        },
        "update-notifier": {
          "version": "0.2.2",
          "dependencies": {
            "chalk": {
              "version": "0.5.1"
            }
          }
        }
      }
    },
    "tslint": {
      "version": "2.5.0"
    },
    "tunnel-agent": {
      "version": "0.4.1"
    },
    "type-detect": {
      "version": "0.1.2"
    },
    "typescript": {
      "version": "1.6.2"
    },
    "uglify-js": {
      "version": "2.3.6",
      "dependencies": {
        "optimist": {
          "version": "0.3.7"
        }
      }
    },
    "underscore": {
      "version": "1.8.3"
    },
    "underscore.string": {
      "version": "3.1.1"
    },
    "universal-analytics": {
      "version": "0.3.9"
    },
    "update-notifier": {
      "version": "0.3.2"
    },
    "uri-templates": {
      "version": "0.1.7"
    },
    "user-home": {
      "version": "1.1.1"
    },
    "util-deprecate": {
      "version": "1.0.1"
    },
    "uuid": {
      "version": "2.0.1"
    },
    "verror": {
      "version": "1.4.0"
    },
    "which": {
      "version": "1.1.2"
    },
    "win-release": {
      "version": "1.1.1",
      "dependencies": {
        "semver": {
          "version": "5.0.3"
        }
      }
    },
    "wordwrap": {
      "version": "0.0.3"
    },
    "wrappy": {
      "version": "1.0.1"
    },
    "write-file-atomic": {
      "version": "1.1.3",
      "dependencies": {
        "graceful-fs": {
          "version": "4.1.2"
        }
      }
    },
    "xdg-basedir": {
      "version": "1.0.1"
    },
    "xregexp": {
      "version": "2.0.0"
    },
    "xtend": {
      "version": "4.0.0"
    }
  }
}